# platform: linux-64
# env_hash: 5c37c9dd5a6b8d7d289525fdd4686494778528709717df4be0c40ce1ecec3a26
@EXPLICIT
https://conda.anaconda.org/conda-forge/linux-64/_libgcc_mutex-0.1-conda_forge.tar.bz2#d7c89558ba9fa0495403155b64376d81
https://repo.anaconda.com/pkgs/main/linux-64/_tflow_select-2.1.0-gpu.conda#1b1de4b8b5bab444dc262a42f136a097
https://conda.anaconda.org/conda-forge/linux-64/ca-certificates-2020.12.5-ha878542_0.tar.bz2#7eb5d4ffeee663caa1635cd67071bc1b
https://conda.anaconda.org/conda-forge/linux-64/ld_impl_linux-64-2.35.1-hea4e1c9_1.tar.bz2#cdabe198d509eeae33a9fc8741d7841d
https://conda.anaconda.org/conda-forge/linux-64/libgfortran5-9.3.0-he4bcb1c_17.tar.bz2#0c15349375fc3d0cb2114fcabe2f0aba
https://conda.anaconda.org/conda-forge/linux-64/libstdcxx-ng-9.3.0-h2ae2ef3_17.tar.bz2#342f3c931d0a3a209ab09a522469d20c
https://conda.anaconda.org/conda-forge/linux-64/pandoc-2.11.2-h36c2ea0_0.tar.bz2#a0f3b9a8abf73111682fb0c3124c25ec
https://conda.anaconda.org/conda-forge/noarch/poppler-data-0.4.10-0.tar.bz2#02204e159c8596584135923fd81a2c10
https://conda.anaconda.org/conda-forge/linux-64/libgfortran-ng-9.3.0-he4bcb1c_17.tar.bz2#f92019e2b944dc3e5d33d0efba4a3461
https://conda.anaconda.org/conda-forge/linux-64/libgomp-9.3.0-h5dbcf3e_17.tar.bz2#8fd587013b9da8b52050268d50c12305
https://conda.anaconda.org/conda-forge/linux-64/_openmp_mutex-4.5-1_gnu.tar.bz2#561e277319a41d4f24f5c05a9ef63c04
https://conda.anaconda.org/conda-forge/linux-64/libgcc-ng-9.3.0-h5dbcf3e_17.tar.bz2#fc9f5adabc4d55cd4b491332adc413e0
https://conda.anaconda.org/conda-forge/linux-64/blosc-1.20.1-h9c3ff4c_0.tar.bz2#75111c9e554ad3fdabb020abe8522a3e
https://conda.anaconda.org/conda-forge/linux-64/brotli-1.0.9-he1b5a44_3.tar.bz2#beb60bfce044942381b5b11fec60bc4b
https://conda.anaconda.org/conda-forge/linux-64/bzip2-1.0.8-h7f98852_4.tar.bz2#a1fd65c7ccbf10880423d82bca54eb54
https://conda.anaconda.org/conda-forge/linux-64/c-ares-1.17.1-h36c2ea0_0.tar.bz2#1aa683618a2df66800d568409d6841d1
https://conda.anaconda.org/conda-forge/linux-64/charls-2.1.0-h9c3ff4c_2.tar.bz2#1e10e999ff8f723e493469fae30d1689
https://conda.anaconda.org/conda-forge/linux-64/cudatoolkit-10.1.243-h036e899_6.tar.bz2#38b1fd95cb2a849d2d3bc44009bb1ddf
https://conda.anaconda.org/conda-forge/linux-64/expat-2.2.9-he1b5a44_2.tar.bz2#285f5b5ca3209d492224935affd00aab
https://conda.anaconda.org/conda-forge/linux-64/freexl-1.0.5-h516909a_1002.tar.bz2#c4226170e522c93f336dfe9c88437aeb
https://conda.anaconda.org/conda-forge/linux-64/geos-3.8.1-he1b5a44_0.tar.bz2#7282fbe0c036bacad959c03c05a7eb9a
https://conda.anaconda.org/conda-forge/linux-64/giflib-5.2.1-h36c2ea0_2.tar.bz2#626e68ae9cc5912d6adb79d318cf962d
https://conda.anaconda.org/conda-forge/linux-64/icu-67.1-he1b5a44_0.tar.bz2#7ced6a5e5c94726af797d2b5a2b09228
https://conda.anaconda.org/conda-forge/linux-64/jpeg-9d-h36c2ea0_0.tar.bz2#ea02ce6037dbe81803ae6123e5ba1568
https://conda.anaconda.org/conda-forge/linux-64/json-c-0.13.1-hbfbb72e_1002.tar.bz2#a620e3c958b36503fa21f690178180c6
https://conda.anaconda.org/conda-forge/linux-64/jxrlib-1.1-h7f98852_2.tar.bz2#8e787b08fe19986d99d034b839df2961
https://conda.anaconda.org/conda-forge/linux-64/lerc-2.2-h9c3ff4c_0.tar.bz2#386a61084bf5def678db4f9ba5a95f6f
https://conda.anaconda.org/conda-forge/linux-64/libaec-1.0.4-h9c3ff4c_1.tar.bz2#90dbd3066828b76fa810578e49cef920
https://conda.anaconda.org/conda-forge/linux-64/libev-4.33-h516909a_1.tar.bz2#6f8720dff19e17ce5d48cfe7f3d2f0a3
https://conda.anaconda.org/conda-forge/linux-64/libffi-3.3-h58526e2_2.tar.bz2#665369991d8dd290ac5ee92fce3e6bf5
https://conda.anaconda.org/conda-forge/linux-64/libiconv-1.16-h516909a_0.tar.bz2#5c0f338a513a2943c659ae619fca9211
https://conda.anaconda.org/conda-forge/linux-64/libopenblas-0.3.12-pthreads_h4812303_1.tar.bz2#2c7126a584f05e7bc8885d64dad3d21a
https://conda.anaconda.org/conda-forge/linux-64/libsodium-1.0.18-h36c2ea0_1.tar.bz2#c3788462a6fbddafdb413a9f9053e58d
https://conda.anaconda.org/conda-forge/linux-64/libspatialindex-1.9.3-he1b5a44_3.tar.bz2#b711318d56579be188d641eae1b9ca8e
https://conda.anaconda.org/conda-forge/linux-64/libuuid-2.32.1-h7f98852_1000.tar.bz2#772d69f030955d9646d3d0eaf21d859d
https://conda.anaconda.org/conda-forge/linux-64/libuv-1.40.0-hd18ef5c_0.tar.bz2#1b13a5d453ff9c552252af8fae5e15ff
https://conda.anaconda.org/conda-forge/linux-64/libwebp-base-1.1.0-h36c2ea0_3.tar.bz2#5d2fa0f54b5cc9b500269437a62cba3b
https://conda.anaconda.org/conda-forge/linux-64/libzopfli-1.0.3-h9c3ff4c_0.tar.bz2#c66fe2d123249af7651ebde8984c51c2
https://conda.anaconda.org/conda-forge/linux-64/lz4-c-1.9.2-he1b5a44_3.tar.bz2#b2e54aad8640e7a877d2280d3ebfe85b
https://conda.anaconda.org/conda-forge/linux-64/ncurses-6.2-h58526e2_4.tar.bz2#509f2a21c4a09214cd737a480dfd80c9
https://conda.anaconda.org/conda-forge/linux-64/openssl-1.1.1i-h7f98852_0.tar.bz2#bc63956d32024c8e0853ff2ca7f2bf05
https://conda.anaconda.org/conda-forge/linux-64/pcre-8.44-he1b5a44_0.tar.bz2#e647d89cd5cdf62760cf283a001841ff
https://conda.anaconda.org/conda-forge/linux-64/pixman-0.40.0-h36c2ea0_0.tar.bz2#660e72c82f2e75a6b3fe6a6e75c79f19
https://conda.anaconda.org/conda-forge/linux-64/pthread-stubs-0.4-h36c2ea0_1001.tar.bz2#22dad4df6e8630e8dff2428f6f6a7036
https://conda.anaconda.org/conda-forge/linux-64/snappy-1.1.8-he1b5a44_3.tar.bz2#83f1dc295c711bdbaf97e1f3bedf2f52
https://conda.anaconda.org/conda-forge/linux-64/tzcode-2020d-h7f98852_0.tar.bz2#37920fe3405f5ab4fd981e7067f6ea8c
https://conda.anaconda.org/conda-forge/linux-64/xorg-kbproto-1.0.7-h14c3975_1002.tar.bz2#6dfe5dbe10d55266e4a5e89287eed578
https://conda.anaconda.org/conda-forge/linux-64/xorg-libice-1.0.10-h516909a_0.tar.bz2#4dfda1ccfd0cc90c4fe6786acece9a30
https://conda.anaconda.org/conda-forge/linux-64/xorg-libxau-1.0.9-h14c3975_0.tar.bz2#ffa7c2b7a2c7dc779ed9e38b10a93c3c
https://conda.anaconda.org/conda-forge/linux-64/xorg-libxdmcp-1.1.3-h516909a_0.tar.bz2#e95a160e60b2a327309a6d323a4d780e
https://conda.anaconda.org/conda-forge/linux-64/xorg-renderproto-0.11.1-h14c3975_1002.tar.bz2#fbcb7fa11dee1a5d3df4371cc55bb229
https://conda.anaconda.org/conda-forge/linux-64/xorg-xextproto-7.3.0-h14c3975_1002.tar.bz2#f08999859c405bad87c4bf9b6cdc7bbb
https://conda.anaconda.org/conda-forge/linux-64/xorg-xproto-7.0.31-h7f98852_1007.tar.bz2#b4a4381d54784606820704f7b5f05a15
https://conda.anaconda.org/conda-forge/linux-64/xz-5.2.5-h516909a_1.tar.bz2#33f601066901f3e1a85af3522a8113f9
https://conda.anaconda.org/conda-forge/linux-64/yaml-0.2.5-h516909a_0.tar.bz2#03a530e925414902547cf48da7756db8
https://conda.anaconda.org/conda-forge/linux-64/zfp-0.5.5-h9c3ff4c_4.tar.bz2#d93d7bb8ec66c5530ee3b6b4ec52b354
https://conda.anaconda.org/conda-forge/linux-64/zlib-1.2.11-h516909a_1010.tar.bz2#339cc5584e6d26bc73a875ba900028c3
https://conda.anaconda.org/conda-forge/linux-64/brunsli-0.1-h9c3ff4c_0.tar.bz2#c1ac6229d0bfd14f8354ff9ad2a26cad
https://conda.anaconda.org/conda-forge/linux-64/cudnn-7.6.5.32-hc0a50b0_0.tar.bz2#af2f34f04a46bce9fe509c88136a82ab
https://repo.anaconda.com/pkgs/main/linux-64/cupti-10.1.168-0.conda#073e0478e7092ddf4945947d2ce2e633
https://conda.anaconda.org/conda-forge/linux-64/gettext-0.19.8.1-h0b5b191_1005.tar.bz2#ff6f69b593a9e74c0e6b61908ac513fa
https://conda.anaconda.org/conda-forge/linux-64/hdf4-4.2.13-h10796ff_1004.tar.bz2#aa1b96c7801b4876bb40f46f4d519836
https://conda.anaconda.org/conda-forge/linux-64/libblas-3.9.0-3_openblas.tar.bz2#45bf606ba7dc222c7c3eda0be241c948
https://conda.anaconda.org/conda-forge/linux-64/libedit-3.1.20191231-he28a2e2_2.tar.bz2#4d331e44109e3f0e19b4cb8f9b82f3e1
https://conda.anaconda.org/conda-forge/linux-64/libllvm10-10.0.1-he513fc3_3.tar.bz2#b1c57947b2a9231e0cd037ab0ed96b5d
https://conda.anaconda.org/conda-forge/linux-64/libnghttp2-1.41.0-h8cfc5f6_2.tar.bz2#726ca0fed4bde95b056ef26df1efaf60
https://conda.anaconda.org/conda-forge/linux-64/libpng-1.6.37-h21135ba_2.tar.bz2#b6acf807307d033d4b7e758b4f44b036
https://conda.anaconda.org/conda-forge/linux-64/libprotobuf-3.14.0-h780b84a_0.tar.bz2#493aecaf8fe0bc914eee566e54f03a0f
https://conda.anaconda.org/conda-forge/linux-64/libssh2-1.9.0-hab1572f_5.tar.bz2#18aaa1bd2238ae2b5e89591046973123
https://conda.anaconda.org/conda-forge/linux-64/libxcb-1.13-h14c3975_1002.tar.bz2#ca4eb860b5528d5c6de8d97021d9ef78
https://conda.anaconda.org/conda-forge/linux-64/libxml2-2.9.10-h68273f3_2.tar.bz2#0315cae0468a1e17f1e7fad5b13d53f8
https://conda.anaconda.org/conda-forge/linux-64/nccl-2.8.3.1-h8b44402_0.tar.bz2#f3e7f649382b4859ec384cc61782bd06
https://conda.anaconda.org/conda-forge/linux-64/nodejs-15.2.1-h914e61d_0.tar.bz2#8a01ad734d1682dad7696389b2187bd7
https://conda.anaconda.org/conda-forge/linux-64/readline-8.0-he28a2e2_2.tar.bz2#4d0ae8d473f863696088f76800ef9d38
https://conda.anaconda.org/conda-forge/linux-64/tk-8.6.10-h21135ba_1.tar.bz2#c647f70aa7e3d4cc4e029cc1c9a99953
https://conda.anaconda.org/conda-forge/linux-64/xerces-c-3.2.3-hfe33f54_1.tar.bz2#872f4e0e6f5b2ea31518bfb0ad299484
https://conda.anaconda.org/conda-forge/linux-64/xorg-libsm-1.2.3-h84519dc_1000.tar.bz2#56cc238b81624db9e3e36b2b6a482cc1
https://conda.anaconda.org/conda-forge/linux-64/zeromq-4.3.3-h58526e2_3.tar.bz2#6272fa8d98bd79c7978da0f7d2bb28da
https://conda.anaconda.org/conda-forge/linux-64/zstd-1.4.5-h6597ccf_2.tar.bz2#d60d50f369d40f9787878cdd866fc9d3
https://conda.anaconda.org/conda-forge/linux-64/boost-cpp-1.74.0-h9359b55_0.tar.bz2#8ff81a56c225e6eb7fd8eebaaf617d9f
https://conda.anaconda.org/conda-forge/linux-64/freetype-2.10.4-h7ca028e_0.tar.bz2#1e6bf409916fdf455a5bb8627b626285
https://conda.anaconda.org/conda-forge/linux-64/krb5-1.17.2-h926e7f8_0.tar.bz2#926325c11478d6e781e76072c117763b
https://conda.anaconda.org/conda-forge/linux-64/libcblas-3.9.0-3_openblas.tar.bz2#2499ea2d37a37324abab3fd034faab44
https://conda.anaconda.org/conda-forge/linux-64/libglib-2.66.3-h1f3bc88_1.tar.bz2#b4c08d8a6d14f9fb88c3a93305fe30c6
https://conda.anaconda.org/conda-forge/linux-64/liblapack-3.9.0-3_openblas.tar.bz2#8fd9fca8f58e6e132f55dd2330cae671
https://conda.anaconda.org/conda-forge/linux-64/libtiff-4.1.0-h4f3a223_6.tar.bz2#26f3a89355b93d26418088a749fd9880
https://conda.anaconda.org/conda-forge/linux-64/sqlite-3.34.0-h74cdb3f_0.tar.bz2#0a83e21e8c1929cc9a1e21ebb2459fc5
https://conda.anaconda.org/conda-forge/linux-64/xorg-libx11-1.6.12-h516909a_0.tar.bz2#cdea71c3e27611e012419faea02c56bd
https://conda.anaconda.org/conda-forge/linux-64/fontconfig-2.13.1-h7e3eb15_1002.tar.bz2#24b40f20bd46b6f75872dbff650fa129
https://conda.anaconda.org/conda-forge/linux-64/lcms2-2.11-hcbb858e_1.tar.bz2#89fcd6a52a99f3e255989f8cfc80c489
https://conda.anaconda.org/conda-forge/linux-64/libcurl-7.71.1-hcdd3856_8.tar.bz2#2c81fb9f0d82c04b08617fc73eb615af
https://conda.anaconda.org/conda-forge/linux-64/libkml-1.3.0-h74f7ee3_1012.tar.bz2#bdfba585351e2bcdb02663f82be00484
https://conda.anaconda.org/conda-forge/linux-64/libpq-12.3-h255efa7_3.tar.bz2#a1daa43848e9e2b655a9af817a8bb613
https://conda.anaconda.org/conda-forge/linux-64/openjpeg-2.3.1-hf7af979_3.tar.bz2#eabf34a9fb3b43a2a1e8c277b73ff87b
https://conda.anaconda.org/conda-forge/linux-64/python-3.8.6-hffdb5ce_1_cpython.tar.bz2#8a33708324a714c7b69d4bd49774166f
https://conda.anaconda.org/conda-forge/linux-64/xorg-libxext-1.3.4-h516909a_0.tar.bz2#aba40ec20012e0a2641ced275a0abdca
https://conda.anaconda.org/conda-forge/linux-64/xorg-libxrender-0.9.10-h516909a_1002.tar.bz2#bf3514891c6743ed808602fa9f4f1508
https://conda.anaconda.org/conda-forge/noarch/affine-2.3.0-py_0.tar.bz2#5a9bfe23652d0ad9aa27e56cd75bfe33
https://conda.anaconda.org/conda-forge/noarch/appdirs-1.4.4-pyh9f0ad1d_0.tar.bz2#5f095bc6454094e96f146491fd03633b
https://conda.anaconda.org/conda-forge/noarch/asciitree-0.3.3-py_2.tar.bz2#c0481c9de49f040272556e2cedf42816
https://conda.anaconda.org/conda-forge/noarch/astor-0.8.1-pyh9f0ad1d_0.tar.bz2#6ae770689be59dc391ef974d2e849b56
https://conda.anaconda.org/conda-forge/noarch/async-timeout-3.0.1-py_1000.tar.bz2#8b11024b2762a07aaa07d2743231a41b
https://conda.anaconda.org/conda-forge/noarch/async_generator-1.10-py_0.tar.bz2#d56c596e61b1c4952acf0a9920856c12
https://conda.anaconda.org/conda-forge/noarch/attrs-20.3.0-pyhd3deb0d_0.tar.bz2#5b319abb055eefcfa344bc21378ca23f
https://conda.anaconda.org/conda-forge/noarch/backcall-0.2.0-pyh9f0ad1d_0.tar.bz2#6006a6d08a3fa99268a2681c7fb55213
https://conda.anaconda.org/conda-forge/noarch/backports-1.0-py_2.tar.bz2#0da16b293affa6ac31812376f8eb79dd
https://conda.anaconda.org/conda-forge/noarch/blinker-1.4-py_1.tar.bz2#fa509a09190583f869ae442bf4d17f5f
https://conda.anaconda.org/conda-forge/noarch/cachetools-4.1.1-py_0.tar.bz2#d424f5ac67137e79906ba5cc63354876
https://conda.anaconda.org/conda-forge/linux-64/cairo-1.16.0-h9f066cc_1006.tar.bz2#9f8ef44d205f35056dccc1a92fbe6592
https://conda.anaconda.org/conda-forge/linux-64/cfitsio-3.470-hb418390_7.tar.bz2#5bda2e5ca5edb0c207c3ec76f57f8ecc
https://conda.anaconda.org/conda-forge/noarch/click-7.1.2-pyh9f0ad1d_0.tar.bz2#bd50a970ce07e660c319fdc4d730d3f1
https://conda.anaconda.org/conda-forge/noarch/cloudpickle-1.6.0-py_0.tar.bz2#76d764d8881719e305f6fa368dc2b65e
https://conda.anaconda.org/conda-forge/linux-64/curl-7.71.1-he644dc0_8.tar.bz2#7fadfa44182e1cc0dbbe0c169c0b15cc
https://conda.anaconda.org/conda-forge/noarch/decorator-4.4.2-py_0.tar.bz2#d2eabb9cabd212e1ec6a9463bd846243
https://conda.anaconda.org/conda-forge/noarch/defusedxml-0.6.0-py_0.tar.bz2#37e1033daee0e2edaa5ff42584c52b21
https://conda.anaconda.org/conda-forge/noarch/entrypoints-0.3-pyhd8ed1ab_1003.tar.bz2#bbf9a201f6ce99a506f4955374d9a9f4
https://conda.anaconda.org/conda-forge/noarch/fsspec-0.8.5-pyhd8ed1ab_0.tar.bz2#6f86dae0901b373f96b7e92768ef6ebe
https://conda.anaconda.org/conda-forge/noarch/gast-0.3.3-py_0.tar.bz2#05b99f1fd72a1f468b431b5d44b027b4
https://conda.anaconda.org/conda-forge/linux-64/glib-2.66.3-h9c3ff4c_1.tar.bz2#48b0ada46870c133518d884f02f4f8fa
https://conda.anaconda.org/conda-forge/linux-64/hdf5-1.10.6-nompi_h6a2412b_1112.tar.bz2#1a1aec2bd230d10406960e4e7a43a787
https://conda.anaconda.org/conda-forge/noarch/heapdict-1.0.1-py_0.tar.bz2#77242bfb1e74a627fb06319b5a2d3b95
https://conda.anaconda.org/conda-forge/noarch/idna-2.10-pyh9f0ad1d_0.tar.bz2#f95a12b4f435aae6680fe55ae2eb1b06
https://conda.anaconda.org/conda-forge/noarch/ipython_genutils-0.2.0-py_1.tar.bz2#5071c982548b3a20caf70462f04f5287
https://conda.anaconda.org/conda-forge/noarch/jeepney-0.6.0-pyhd8ed1ab_0.tar.bz2#b926606326ed3558ab887cbf8c4040bf
https://conda.anaconda.org/conda-forge/noarch/jmespath-0.10.0-pyh9f0ad1d_0.tar.bz2#5988f73e79824c7900954539fbfad3fa
https://conda.anaconda.org/conda-forge/noarch/json5-0.9.5-pyh9f0ad1d_0.tar.bz2#10759827a94e6b14996e81fb002c0bda
https://conda.anaconda.org/conda-forge/noarch/locket-0.2.0-py_2.tar.bz2#709e8671651c7ec3d1ad07800339ff1d
https://conda.anaconda.org/conda-forge/noarch/monotonic-1.5-py_0.tar.bz2#0cc5fd0140497c3f1e2db2e7493b62b3
https://conda.anaconda.org/conda-forge/noarch/nest-asyncio-1.4.3-pyhd8ed1ab_0.tar.bz2#a1f2fda4d88c624810bf2029aa4c0827
https://conda.anaconda.org/conda-forge/noarch/olefile-0.46-pyh9f0ad1d_1.tar.bz2#0b2e68acc8c78c8cc392b90983481f58
https://conda.anaconda.org/conda-forge/noarch/pamela-1.0.0-py_0.tar.bz2#36f6f18d2f3ae0c93d77a9dbedad08c3
https://conda.anaconda.org/conda-forge/noarch/pandocfilters-1.4.2-py_1.tar.bz2#ba6f4a308f1ea22abe1d72e72544af76
https://conda.anaconda.org/conda-forge/noarch/param-1.10.0-py_0.tar.bz2#641dbd5623348d573d67a8bfd43236e0
https://conda.anaconda.org/conda-forge/noarch/parso-0.7.1-pyh9f0ad1d_0.tar.bz2#f66647d1ec805566d72ac26f62b19c01
https://conda.anaconda.org/conda-forge/noarch/pickleshare-0.7.5-py_1003.tar.bz2#415f0ebb6198cc2801c73438a9fb5761
https://conda.anaconda.org/conda-forge/linux-64/postgresql-12.3-hc2f5b80_3.tar.bz2#6a9163aab37026dad03ec2e113c58dd1
https://conda.anaconda.org/conda-forge/linux-64/proj-7.1.1-h966b41f_3.tar.bz2#efb5863ec167964c9fe01b2a12f2c417
https://conda.anaconda.org/conda-forge/noarch/prometheus_client-0.9.0-pyhd3deb0d_0.tar.bz2#c7af95daf5bae22ead34151e0ab9d041
https://conda.anaconda.org/conda-forge/noarch/ptyprocess-0.6.0-py_1001.tar.bz2#0c3a56f1ab48cfb002c69b48f9e1ddc6
https://conda.anaconda.org/conda-forge/noarch/pyasn1-0.4.8-py_0.tar.bz2#06d04c9f8f72ac77911db942eda24fb9
https://conda.anaconda.org/conda-forge/noarch/pycparser-2.20-pyh9f0ad1d_2.tar.bz2#aa798d50ffd182a0f6f31478c7f434f6
https://conda.anaconda.org/conda-forge/noarch/pynvml-8.0.4-py_1.tar.bz2#6d8e833e538ab2f8f3ffe73a3be35f80
https://conda.anaconda.org/conda-forge/noarch/pyparsing-2.4.7-pyh9f0ad1d_0.tar.bz2#626c4f20d5bf06dcec9cf2eaa31725c7
https://conda.anaconda.org/conda-forge/noarch/pyshp-2.1.2-pyh9f0ad1d_0.tar.bz2#3362c351288584f00000c3ce31b5bbdf
https://conda.anaconda.org/conda-forge/noarch/python-editor-1.0.4-py_0.tar.bz2#eaaf29a0644f9407f98a4665f45880c4
https://conda.anaconda.org/conda-forge/noarch/python-json-logger-2.0.1-pyh9f0ad1d_0.tar.bz2#aed452f2f9f8bc8b2b0c412975051b5b
https://conda.anaconda.org/conda-forge/linux-64/python_abi-3.8-1_cp38.tar.bz2#8d05152d6fb3012b27a0e6fbcc14bea1
https://conda.anaconda.org/conda-forge/noarch/pytz-2020.4-pyhd8ed1ab_0.tar.bz2#14aefc827cbbd156cb1bd9e992210380
https://conda.anaconda.org/conda-forge/noarch/send2trash-1.5.0-py_0.tar.bz2#c3779037a635e1150f1c53c28b875949
https://conda.anaconda.org/conda-forge/noarch/simpervisor-0.3-py_1.tar.bz2#fe08b77a681a541161b2b42fbd78d117
https://conda.anaconda.org/conda-forge/noarch/six-1.15.0-pyh9f0ad1d_0.tar.bz2#1eec421f0f1f39e579e44e4a5ce646a2
https://conda.anaconda.org/conda-forge/noarch/sortedcontainers-2.3.0-pyhd8ed1ab_0.tar.bz2#2f5b87cd0bdf1822b62e40909f471db4
https://conda.anaconda.org/conda-forge/noarch/tblib-1.6.0-py_0.tar.bz2#0e1562c39e804e0d7df8650626379caa
https://conda.anaconda.org/conda-forge/noarch/tensorboard-plugin-wit-1.7.0-pyh9f0ad1d_0.tar.bz2#25ca9d8458d43e6b98272bca094f5a06
https://conda.anaconda.org/conda-forge/noarch/termcolor-1.1.0-py_2.tar.bz2#c7fd66fedfff76bfe477c6f33c96d83a
https://conda.anaconda.org/conda-forge/noarch/testpath-0.4.4-py_0.tar.bz2#3b98fff4d5342bebde2ecaa314f796f9
https://conda.anaconda.org/conda-forge/noarch/threadpoolctl-2.1.0-pyh5ca1d4c_0.tar.bz2#9eb32b63458380aa3804de519b6e5749
https://conda.anaconda.org/conda-forge/noarch/toolz-0.11.1-py_0.tar.bz2#d1e66b58cb00b3817ad9f05eec098c00
https://conda.anaconda.org/conda-forge/noarch/tqdm-4.54.1-pyhd8ed1ab_0.tar.bz2#7b03d52227ac839ae00f94fee1a75074
https://conda.anaconda.org/conda-forge/noarch/typing_extensions-3.7.4.3-py_0.tar.bz2#12b96e382730541a4b332420227055ae
https://conda.anaconda.org/conda-forge/noarch/webencodings-0.5.1-py_1.tar.bz2#3563be4c5611a44210d9ba0c16113136
https://conda.anaconda.org/conda-forge/noarch/werkzeug-1.0.1-pyh9f0ad1d_0.tar.bz2#a9f0ed0e6ba014c4e42543bda09e0035
https://conda.anaconda.org/conda-forge/noarch/wheel-0.36.2-pyhd3deb0d_0.tar.bz2#768bfbe026426d0e76b377997d1f2b98
https://conda.anaconda.org/conda-forge/noarch/zipp-3.4.0-py_0.tar.bz2#0df927d2e46244cef8fd75d7ec2ba51c
https://conda.anaconda.org/conda-forge/linux-64/absl-py-0.11.0-py38h578d9bd_0.tar.bz2#d4500a05a1d19e6624efa04df0bf73d4
https://conda.anaconda.org/conda-forge/noarch/aioitertools-0.7.1-pyhd8ed1ab_0.tar.bz2#ba4f111ef329c332695ef7b2f6822f99
https://repo.anaconda.com/pkgs/main/noarch/astunparse-1.6.3-py_0.conda#250bc9eafb39eff7fff001dae10e2d3c
https://conda.anaconda.org/conda-forge/linux-64/certifi-2020.12.5-py38h578d9bd_0.tar.bz2#a3daf84221215a6caa8a4efc9b04c773
https://conda.anaconda.org/conda-forge/linux-64/cffi-1.14.4-py38ha65f79e_1.tar.bz2#070203fb16eb5a01aa74a875084fd7f2
https://conda.anaconda.org/conda-forge/linux-64/chardet-3.0.4-py38h924ce5b_1008.tar.bz2#650d998422b4e70d0700f5c1d083e59d
https://conda.anaconda.org/conda-forge/noarch/click-plugins-1.1.1-py_0.tar.bz2#4fd2c6b53934bd7d96d1f3fdaf99b79f
https://conda.anaconda.org/conda-forge/noarch/cligj-0.7.1-pyhd8ed1ab_0.tar.bz2#3170b1d23788c6b161dbd14bfb5c752e
https://conda.anaconda.org/conda-forge/noarch/cycler-0.10.0-py_2.tar.bz2#f6d7c7e6d8f42cbbec7e07a8d879f91c
https://conda.anaconda.org/conda-forge/linux-64/cytoolz-0.11.0-py38h25fe258_1.tar.bz2#b3e51a7c964412aa61eb647905b3d217
https://conda.anaconda.org/conda-forge/linux-64/dbus-1.13.6-hfdff14a_1.tar.bz2#4caaca6356992ee545080c7d7193b5a3
https://conda.anaconda.org/conda-forge/linux-64/docutils-0.15.2-py38h578d9bd_1.tar.bz2#5616c3bde2d113a4d2b2d90145df5dd0
https://conda.anaconda.org/conda-forge/noarch/fasteners-0.14.1-py_3.tar.bz2#8af0bf3cfe806fb001d9923b4fe1594b
https://conda.anaconda.org/conda-forge/linux-64/fastrlock-0.5-py38h950e882_1.tar.bz2#3380387de2fc815feb54b44222acd0b6
https://conda.anaconda.org/conda-forge/linux-64/geotiff-1.6.0-h5d11630_3.tar.bz2#544d1c298d38cca1b7cbd3a19f3a4a54
https://conda.anaconda.org/conda-forge/noarch/google-pasta-0.2.0-pyh8c360ce_0.tar.bz2#26e27d7d3d7fe2336b543dd8e0f12cbf
https://conda.anaconda.org/conda-forge/linux-64/importlib-metadata-3.3.0-py38h578d9bd_2.tar.bz2#fb989c438e9a590a175d361eb8cb077c
https://conda.anaconda.org/conda-forge/noarch/isodate-0.6.0-py_1.tar.bz2#ed67bac5a0224c66cbc0b58ffe7ebd47
https://conda.anaconda.org/conda-forge/linux-64/jedi-0.17.2-py38h578d9bd_1.tar.bz2#f4eda1939aa75de2af5dc10c1f3a9224
https://conda.anaconda.org/conda-forge/linux-64/kealib-1.4.14-h0042707_0.tar.bz2#cc142ff8b7c5b78748aa42e3f28fcbe0
https://conda.anaconda.org/conda-forge/linux-64/kiwisolver-1.3.1-py38h82cb98a_0.tar.bz2#63021f4bd12e4be94cdcac752f3a8f46
https://conda.anaconda.org/conda-forge/linux-64/libdap4-3.20.6-h1d1bd15_1.tar.bz2#4fd50fa8f799f2070f7f8f27cfc95ae5
https://conda.anaconda.org/conda-forge/linux-64/libnetcdf-4.7.4-nompi_h56d31a8_107.tar.bz2#ef3d349e818876a175de7d87bd6451df
https://conda.anaconda.org/conda-forge/linux-64/libspatialite-5.0.0-h4dde289_0.tar.bz2#be6b158880b263cf726107807012c795
https://conda.anaconda.org/conda-forge/linux-64/llvmlite-0.35.0-py38h4630a5e_0.tar.bz2#639205ca92e2e66e9511ee00044f3790
https://conda.anaconda.org/conda-forge/linux-64/lz4-3.1.1-py38h87b837d_0.tar.bz2#91a9e4549b819127f90c101c94a88657
https://conda.anaconda.org/conda-forge/linux-64/markupsafe-1.1.1-py38h8df0ef7_2.tar.bz2#74e818eb7b17fde40f9ae4d2a89caf1d
https://conda.anaconda.org/conda-forge/linux-64/mistune-0.8.4-py38h25fe258_1002.tar.bz2#a99b318a91985f61931a7f87cf8f395d
https://conda.anaconda.org/conda-forge/linux-64/msgpack-python-1.0.1-py38h1fd1430_0.tar.bz2#e46d7818a0f2afe547989959624eba98
https://conda.anaconda.org/conda-forge/linux-64/multidict-5.1.0-py38h497a2fe_0.tar.bz2#8e2651a4077e7dfda9a7ec4003f4baf1
https://conda.anaconda.org/conda-forge/noarch/multipledispatch-0.6.0-py_0.tar.bz2#1073dc92c8f247d94ac14dd79ca0bbec
https://conda.anaconda.org/conda-forge/linux-64/numpy-1.19.4-py38h18fd61f_2.tar.bz2#47bf99be529ff33c28a50223d9600807
https://conda.anaconda.org/conda-forge/noarch/packaging-20.8-pyhd3deb0d_0.tar.bz2#1e483acb0f72b1611b50942458720169
https://conda.anaconda.org/conda-forge/noarch/partd-1.1.0-py_0.tar.bz2#4afbf2cdf4e6ad279080d3adb5cefaae
https://conda.anaconda.org/conda-forge/noarch/pexpect-4.8.0-pyh9f0ad1d_2.tar.bz2#5909e7b978141dd80d28dbf9de627827
https://conda.anaconda.org/conda-forge/linux-64/pillow-8.0.1-py38h70fbd49_0.tar.bz2#0d5f7787994a53b040ca78aac655b978
https://conda.anaconda.org/conda-forge/linux-64/poppler-0.89.0-h4190859_1.tar.bz2#a08a2d6179953a1fdacae0a69a25b53c
https://conda.anaconda.org/conda-forge/linux-64/portalocker-1.7.0-py38h32f6830_1.tar.bz2#10fbf07b1fe47cf6bc8f426bac06f22c
https://conda.anaconda.org/conda-forge/linux-64/psutil-5.7.3-py38h8df0ef7_0.tar.bz2#69443f8f89333593a9df367ebd8c1a13
https://conda.anaconda.org/conda-forge/noarch/pyasn1-modules-0.2.7-py_0.tar.bz2#ad1e886d09700b2304975335f714bd9c
https://conda.anaconda.org/conda-forge/noarch/pyct-core-0.4.6-py_0.tar.bz2#55ec526f95e0959de3f68bc6289a20da
https://conda.anaconda.org/conda-forge/linux-64/pycurl-7.43.0.6-py38hd8bd627_0.tar.bz2#f8143c23f9f222c44c03fbc2733b7143
https://conda.anaconda.org/conda-forge/linux-64/pyproj-2.6.1.post1-py38h56787f0_3.tar.bz2#bc1c3139d725f7a95deb4c5c4de01d12
https://conda.anaconda.org/conda-forge/linux-64/pyrsistent-0.17.3-py38h25fe258_1.tar.bz2#ed71c9a0fc9e778b733541b24fbe07be
https://conda.anaconda.org/conda-forge/linux-64/pysocks-1.7.1-py38h924ce5b_2.tar.bz2#b589d2f798c01ba2bfbc1afe2f95b639
https://conda.anaconda.org/conda-forge/noarch/python-dateutil-2.8.1-py_0.tar.bz2#0d0150ed9c2d25817f5324108d3f7571
https://conda.anaconda.org/conda-forge/noarch/pyviz_comms-0.7.6-pyh9f0ad1d_0.tar.bz2#16fc2f91123d2b040c4e101ec47c8660
https://conda.anaconda.org/conda-forge/linux-64/pyyaml-5.3.1-py38h8df0ef7_1.tar.bz2#8eaa66e391971ac0e9e329b91bc37003
https://conda.anaconda.org/conda-forge/linux-64/pyzmq-20.0.0-py38h1d1b12f_1.tar.bz2#4961f04ad485621b5ee86e5be1539e8b
https://conda.anaconda.org/conda-forge/noarch/rsa-4.6-pyh9f0ad1d_0.tar.bz2#2f9155f09b79ed1003a8ef87166cdb75
https://conda.anaconda.org/conda-forge/linux-64/rtree-0.9.4-py38h02d302b_2.tar.bz2#0899def88a414f5f392f118aa875284a
https://conda.anaconda.org/conda-forge/linux-64/ruamel.yaml.clib-0.2.2-py38h25fe258_1.tar.bz2#2f991c3a1a8e307c63f8429cd78efc97
https://conda.anaconda.org/conda-forge/linux-64/sqlalchemy-1.3.20-py38h497a2fe_0.tar.bz2#4f192d7df8b6ab7e305f53855a0bf363
https://conda.anaconda.org/conda-forge/linux-64/tiledb-2.1.3-h17508cd_0.tar.bz2#abb41531fe78aceb61836ae559aadfea
https://conda.anaconda.org/conda-forge/linux-64/tornado-6.1-py38h25fe258_0.tar.bz2#44f79ac64582a77cecbdca04c777ae30
https://conda.anaconda.org/conda-forge/noarch/traitlets-5.0.5-py_0.tar.bz2#99618ee9ab1323e40f231acdab92fe60
https://conda.anaconda.org/conda-forge/noarch/typing-extensions-3.7.4.3-0.tar.bz2#36bdcdb4c2bf1efb987f2e9e80f4c9a6
https://conda.anaconda.org/conda-forge/linux-64/websocket-client-0.57.0-py38h578d9bd_3.tar.bz2#f4dae555b07cfb9162e9f8c85c44f3a5
https://conda.anaconda.org/conda-forge/linux-64/wrapt-1.12.1-py38h25fe258_2.tar.bz2#fdf64cc7c6d7fecfd288b4d1491fbb48
https://conda.anaconda.org/conda-forge/noarch/zict-2.0.0-py_0.tar.bz2#4750152be22f24d695b3004c5e1712d3
https://conda.anaconda.org/conda-forge/linux-64/argon2-cffi-20.1.0-py38h25fe258_2.tar.bz2#c131f54b346ab64bf64dfee6eea47e47
https://conda.anaconda.org/conda-forge/linux-64/brotlipy-0.7.0-py38h8df0ef7_1001.tar.bz2#1d928644b8bfd49b2e869609dd3e57a1
https://conda.anaconda.org/conda-forge/linux-64/cftime-1.3.0-py38h0b5ebd8_0.tar.bz2#1ea239d962b4cdb5d5ef56f47ff58acb
https://conda.anaconda.org/conda-forge/linux-64/cryptography-3.3.1-py38h2b97feb_0.tar.bz2#f6679e58fc4d98fb7b57f479beded033
https://conda.anaconda.org/conda-forge/noarch/dask-core-2020.12.0-pyhd8ed1ab_0.tar.bz2#d8092d6899074d4303ec541eff2946d4
https://conda.anaconda.org/conda-forge/noarch/datashape-0.5.4-py_1.tar.bz2#50ddfce434ea596fc4497085f403a9d5
https://conda.anaconda.org/conda-forge/linux-64/h5py-2.10.0-nompi_py38h7442b35_105.tar.bz2#34ef22cdc2dd8d6769d2fcceb5a83a6f
https://conda.anaconda.org/conda-forge/linux-64/imagecodecs-2020.5.30-py38h67f9a0b_4.tar.bz2#8befff54968f7175b42826306ca712bd
https://conda.anaconda.org/conda-forge/noarch/imageio-2.9.0-py_0.tar.bz2#62ad9e579278e777d4abaa8c9312b6a7
https://conda.anaconda.org/conda-forge/noarch/importlib_metadata-3.3.0-hd8ed1ab_2.tar.bz2#936c79b1b03cec81f74fb88f4fb4caa8
https://conda.anaconda.org/conda-forge/linux-64/jupyter_core-4.7.0-py38h578d9bd_0.tar.bz2#aa83f54189c3289055f7811fbabc2d12
https://conda.anaconda.org/conda-forge/linux-64/libgdal-3.1.4-h670eac6_0.tar.bz2#e499950f06ec180cc886c9444dffc301
https://conda.anaconda.org/conda-forge/noarch/mako-1.1.3-pyh9f0ad1d_0.tar.bz2#7c87121b0244cf6a1f44a1df12a846ea
https://conda.anaconda.org/conda-forge/noarch/markdown-3.3.3-pyh9f0ad1d_0.tar.bz2#59bb2a2c29091c3a243701e26f6f1f5e
https://conda.anaconda.org/conda-forge/linux-64/numcodecs-0.7.2-py38h709712a_1.tar.bz2#9889444ea943dab8d9eda79811cada2f
https://conda.anaconda.org/conda-forge/noarch/opt_einsum-3.3.0-py_0.tar.bz2#2847a212f677108a0212699258c958a5
https://conda.anaconda.org/conda-forge/linux-64/pandas-1.1.5-py38h51da96c_0.tar.bz2#d014370308f212a24634955b862b0a8e
https://conda.anaconda.org/conda-forge/linux-64/pywavelets-1.1.1-py38h5c078b8_3.tar.bz2#dafeef887e68bd18ec84681747ca0fd5
https://conda.anaconda.org/conda-forge/linux-64/scipy-1.5.3-py38hb2138dd_0.tar.bz2#e0ab8ace182b8d88a43c7e25a3ed092f
https://conda.anaconda.org/conda-forge/linux-64/setuptools-49.6.0-py38h924ce5b_2.tar.bz2#85f49978317e2f963ffd1d0989b16038
https://conda.anaconda.org/conda-forge/linux-64/shapely-1.7.1-py38hc7361b7_1.tar.bz2#939c2eac63540853a01cf5c5e97ca6d4
https://conda.anaconda.org/conda-forge/noarch/snuggs-1.4.7-py_0.tar.bz2#cb83a3d6ecf73f50117635192414426a
https://conda.anaconda.org/conda-forge/linux-64/terminado-0.9.1-py38h32f6830_1.tar.bz2#f74ca1717f8a752cf1ec0fd0a0131389
https://conda.anaconda.org/conda-forge/linux-64/yarl-1.6.3-py38h497a2fe_0.tar.bz2#7c246f8e14af4ed38437e77466afcafb
https://conda.anaconda.org/conda-forge/linux-64/aiohttp-3.7.3-py38h497a2fe_0.tar.bz2#5d53edfa13dcd401f1b6f1db536f5a3e
https://conda.anaconda.org/conda-forge/noarch/alembic-1.4.3-pyh9f0ad1d_0.tar.bz2#84c871138af479a1724d3c3634273dda
https://conda.anaconda.org/conda-forge/noarch/backports.functools_lru_cache-1.6.1-py_0.tar.bz2#d36df15eaef96549ce6231e3088fba54
https://conda.anaconda.org/conda-forge/noarch/bleach-3.2.1-pyh9f0ad1d_0.tar.bz2#d4506316b85679972c0b78d4d1c0b701
https://conda.anaconda.org/conda-forge/linux-64/cupy-8.1.0-py38h3809b76_0.tar.bz2#e205f67719caadbabfcdab0489f10e23
https://conda.anaconda.org/conda-forge/linux-64/distributed-2020.12.0-py38h578d9bd_0.tar.bz2#5fa145fa72cf8350c1a96b849ac73a19
https://conda.anaconda.org/conda-forge/linux-64/gdal-3.1.4-py38h9edfc58_0.tar.bz2#05ad0187a9caf9a8f8fed974c7ab7764
https://conda.anaconda.org/conda-forge/linux-64/grpcio-1.34.0-py38hdd6454d_0.tar.bz2#e5f9cd3f3538a31395547149e2936d47
https://conda.anaconda.org/conda-forge/noarch/h5netcdf-0.8.1-py_0.tar.bz2#0181638a03dbead1e8b2ff3bdb54d24e
https://conda.anaconda.org/conda-forge/noarch/jinja2-2.11.2-pyh9f0ad1d_0.tar.bz2#e8a5d614d1a27bdba00059ca062a0551
https://conda.anaconda.org/conda-forge/noarch/joblib-1.0.0-pyhd8ed1ab_0.tar.bz2#2d9036ba47d26d88157c4eeab0693bfe
https://conda.anaconda.org/conda-forge/noarch/jsonschema-3.2.0-py_2.tar.bz2#a17aa962de6145d08e1008cb37c20161
https://conda.anaconda.org/conda-forge/noarch/jupyter_client-6.1.7-py_0.tar.bz2#bcaa486602c05413da0808b82898f60a
https://conda.anaconda.org/conda-forge/noarch/keras-preprocessing-1.1.0-py_0.tar.bz2#340dc2dd69a13ef6ee32bd7cf9c7242f
https://conda.anaconda.org/conda-forge/linux-64/matplotlib-base-3.3.3-py38h5c7f4ab_0.tar.bz2#2041c4d00e72e7f9853db6ff0a5239ec
https://conda.anaconda.org/conda-forge/noarch/munch-2.5.0-py_0.tar.bz2#31d9e9be500e25ff0050bc9f57a6bcd7
https://conda.anaconda.org/conda-forge/linux-64/netcdf4-1.5.5-nompi_py38h1cdf482_100.tar.bz2#8d42633f95e77774c15b696752c2746f
https://conda.anaconda.org/conda-forge/noarch/networkx-2.5-py_0.tar.bz2#d836ad8453c22192357707026ca21653
https://conda.anaconda.org/conda-forge/linux-64/numba-0.52.0-py38h51da96c_0.tar.bz2#36d352f73b5ffbfe96c41aaab6ea1426
https://conda.anaconda.org/conda-forge/noarch/pip-20.3.3-pyhd8ed1ab_0.tar.bz2#c7e5c449e502567a995e4bd09c538faf
https://conda.anaconda.org/conda-forge/linux-64/protobuf-3.14.0-py38h709712a_0.tar.bz2#8e9dc332cb975bb89cfd90e56d65f7b7
https://conda.anaconda.org/conda-forge/noarch/pygments-2.7.3-pyhd8ed1ab_0.tar.bz2#d963eb6df37d0a32fd2c12eeae3f5cf9
https://conda.anaconda.org/conda-forge/noarch/pyjwt-1.7.1-py_0.tar.bz2#617ab4f8c5e481fdeabe55d7a1e14798
https://conda.anaconda.org/conda-forge/noarch/pyopenssl-20.0.1-pyhd8ed1ab_0.tar.bz2#92371c25994d0f5d28a01c1fb75ebf86
https://conda.anaconda.org/conda-forge/linux-64/rasterio-1.1.8-py38h37fbd03_0.tar.bz2#65dd31b47371e162d949ea7f2d61e17b
https://conda.anaconda.org/conda-forge/linux-64/ruamel.yaml-0.16.12-py38h25fe258_1.tar.bz2#f150e11ccbfe08a4e6701a26f5ff2c17
https://conda.anaconda.org/conda-forge/linux-64/secretstorage-3.3.0-py38h578d9bd_0.tar.bz2#e2790b118bd73a0c13df167aa3f0e75b
https://conda.anaconda.org/conda-forge/noarch/tifffile-2020.12.8-pyhd8ed1ab_0.tar.bz2#985c2d8fce8fcaa33e868ff5e7ceb48f
https://conda.anaconda.org/conda-forge/noarch/xarray-0.16.2-pyhd8ed1ab_0.tar.bz2#45057a982fbac8e5c5ba5167358d4bbb
https://conda.anaconda.org/conda-forge/noarch/zarr-2.6.1-pyhd8ed1ab_0.tar.bz2#cde929aee3ed7ceb99169b2b254735eb
https://conda.anaconda.org/conda-forge/linux-64/bokeh-2.2.3-py38h578d9bd_0.tar.bz2#53acd76e57c900918afe81910f471167
https://conda.anaconda.org/conda-forge/linux-64/cartopy-0.18.0-py38h9b6dd9e_6.tar.bz2#06c8e5135e01c014f05d7c977ee6991b
https://conda.anaconda.org/conda-forge/noarch/certipy-0.1.3-py_0.tar.bz2#23486713ef5712923e7c57cae609b22e
https://conda.anaconda.org/conda-forge/linux-64/fiona-1.8.18-py38h37fbd03_0.tar.bz2#7f8ca326882d007e6820e54402c69683
https://conda.anaconda.org/conda-forge/noarch/google-auth-1.24.0-pyhd3deb0d_0.tar.bz2#98d64bae24359f0872abc24368691582
https://conda.anaconda.org/conda-forge/noarch/jupyter_telemetry-0.1.0-pyhd8ed1ab_1.tar.bz2#bb9ebdb6d5aa2622484aff1faceee181
https://conda.anaconda.org/conda-forge/noarch/jupyterlab_pygments-0.1.2-pyh9f0ad1d_0.tar.bz2#2cbd910890bb328e8959246a1e16fac7
https://conda.anaconda.org/conda-forge/linux-64/keyring-21.5.0-py38h578d9bd_0.tar.bz2#b5504a8cdc4ffe1e29dfd9fe25e2b734
https://conda.anaconda.org/conda-forge/linux-64/nb_conda_kernels-2.3.1-py38h578d9bd_0.tar.bz2#5ecb1e39acb8bc7d3e4c0340b247754e
https://conda.anaconda.org/conda-forge/noarch/nbformat-5.0.8-py_0.tar.bz2#12aaf0d8795a5c375757b49a08e011a2
https://conda.anaconda.org/conda-forge/noarch/oauthlib-3.0.1-py_0.tar.bz2#faaf2a8fd1cddecbf1818fcf0ed3a3b6
https://conda.anaconda.org/conda-forge/linux-64/scikit-learn-0.23.2-py38h5d63f67_3.tar.bz2#b9b5fabe4e49879dc073e076ee2906d2
https://conda.anaconda.org/conda-forge/noarch/sparse-0.11.2-py_0.tar.bz2#65e587c5188f25b406fa36f94a49841e
https://repo.anaconda.com/pkgs/main/linux-64/tensorflow-base-2.2.0-gpu_py38h83e3d50_0.conda#affb91220be4fe8bb37312f24e7d5ec6
https://conda.anaconda.org/conda-forge/noarch/tensorflow-estimator-2.2.0-pyh95af2a2_0.tar.bz2#e8ad826a75a9866f3f3ef5cc92be3b6e
https://conda.anaconda.org/conda-forge/noarch/urllib3-1.25.11-py_0.tar.bz2#4ce0599839b2b4418befe201e5f072fc
https://conda.anaconda.org/conda-forge/noarch/wcwidth-0.2.5-pyh9f0ad1d_2.tar.bz2#5266fcd697043c59621fda522b3d78ee
https://conda.anaconda.org/conda-forge/noarch/botocore-1.17.44-pyh9f0ad1d_0.tar.bz2#7f1ffbddb999a7892df33145feb44d64
https://conda.anaconda.org/conda-forge/noarch/dask-2020.12.0-pyhd8ed1ab_0.tar.bz2#b10d9c6984a9aebdbd26a311b3faf906
https://conda.anaconda.org/conda-forge/noarch/geopandas-0.8.1-py_0.tar.bz2#77401947aaa42c713c69cdf8817e1df0
https://conda.anaconda.org/conda-forge/noarch/kubernetes_asyncio-12.0.1-pyh9f0ad1d_0.tar.bz2#e5022855c95c58c504f0c46e603339b2
https://conda.anaconda.org/conda-forge/noarch/nbclient-0.5.1-py_0.tar.bz2#4efba375c50e6668cb5778e36d1f3a7e
https://conda.anaconda.org/conda-forge/noarch/prompt-toolkit-3.0.8-pyha770c72_0.tar.bz2#e4df54860ae814be2dba503c97748173
https://conda.anaconda.org/conda-forge/noarch/requests-2.25.0-pyhd3deb0d_0.tar.bz2#5b983af1f3dcd93ef20f6067d077f6fe
https://conda.anaconda.org/conda-forge/noarch/adal-1.2.5-pyh9f0ad1d_0.tar.bz2#3955af8e21ce4815841c5f7bb0c956c0
https://conda.anaconda.org/conda-forge/noarch/aiobotocore-1.1.2-py_0.tar.bz2#3954af1cdc59a342befe2069f3df51ac
https://conda.anaconda.org/conda-forge/noarch/azure-core-1.9.0-pyhd3deb0d_0.tar.bz2#a98ee5bc12ef29bfaa1e8be4148186e0
https://conda.anaconda.org/conda-forge/linux-64/dask-gateway-0.9.0-py38h578d9bd_0.tar.bz2#b6a3b03e79063ad824dfafefd0dea862
https://conda.anaconda.org/conda-forge/noarch/intake-0.6.0-py_0.tar.bz2#1043778f4cd11dda4e7df45edfd12154
https://conda.anaconda.org/conda-forge/linux-64/ipython-7.19.0-py38h81c977d_0.tar.bz2#8205f1cc705120cc75eb3a7f21f9c9af
https://conda.anaconda.org/conda-forge/linux-64/jupyterhub-base-1.3.0-py38h578d9bd_0.tar.bz2#98fd364b2416fa6775841e48ead43a60
https://conda.anaconda.org/conda-forge/noarch/msal-1.8.0-pyhd3deb0d_0.tar.bz2#5e0013b951e9486da611329574d2bea1
https://conda.anaconda.org/conda-forge/linux-64/nbconvert-6.0.7-py38h578d9bd_3.tar.bz2#7d0922152b769b5489407f90e84562a6
https://conda.anaconda.org/conda-forge/noarch/pooch-1.3.0-pyhd8ed1ab_0.tar.bz2#7041d42601fe3de878565ca84c952237
https://conda.anaconda.org/conda-forge/noarch/pyct-0.4.6-py_0.tar.bz2#42d91c89bc3993ec88681cffd3c0e326
https://conda.anaconda.org/conda-forge/noarch/requests-oauthlib-1.3.0-pyh9f0ad1d_0.tar.bz2#acdcfb3267ef1a8e576e84480a5e259d
https://conda.anaconda.org/conda-forge/noarch/azure-datalake-store-0.0.51-pyh9f0ad1d_0.tar.bz2#0a6d240a3a8198dce8508a5409b4737e
https://conda.anaconda.org/conda-forge/noarch/colorcet-2.0.1-py_0.tar.bz2#aa65c1760b4ccc79d3be1fb3a7060de8
https://conda.anaconda.org/conda-forge/noarch/google-auth-oauthlib-0.4.1-py_2.tar.bz2#116611db5925f952312e4c1e799936e2
https://conda.anaconda.org/conda-forge/noarch/intake-xarray-0.4.0-py_0.tar.bz2#657133ce00e16fccd07e789ad4f92aea
https://conda.anaconda.org/conda-forge/linux-64/ipykernel-5.4.2-py38h81c977d_0.tar.bz2#86caeba8b70125be885dcab6047c7490
https://conda.anaconda.org/conda-forge/noarch/msal_extensions-0.2.2-pyh9f0ad1d_0.tar.bz2#ad3966ecb9db7e35213d9b02cd572d7a
https://conda.anaconda.org/conda-forge/noarch/msrest-0.6.19-pyh9f0ad1d_0.tar.bz2#850345fce0489b3405e15dadc1525292
https://conda.anaconda.org/conda-forge/noarch/panel-0.10.2-pyhd8ed1ab_0.tar.bz2#d39b9423ec27aeecd3bf6fd8ebf85a00
https://conda.anaconda.org/conda-forge/noarch/python-kubernetes-12.0.1-pyhd3deb0d_0.tar.bz2#ea05dfb791055ec8f6c0bf696bfe92d0
https://conda.anaconda.org/conda-forge/noarch/s3fs-0.5.2-pyhd8ed1ab_0.tar.bz2#77967cb9d84babd5cf1c78730175f57f
https://conda.anaconda.org/conda-forge/linux-64/scikit-image-0.18.0-py38h51da96c_0.tar.bz2#09f40f9ded54249f5b2c91d50ee2b2f7
https://conda.anaconda.org/conda-forge/noarch/azure-identity-1.4.1-pyh9f0ad1d_0.tar.bz2#2cb5968213046926dc0e3e1df8c77776
https://conda.anaconda.org/conda-forge/noarch/azure-storage-blob-12.6.0-pyhd3deb0d_0.tar.bz2#37fed2a83a0947c8e24d7be2dc605107
https://conda.anaconda.org/conda-forge/noarch/dask-kubernetes-0.11.0-py_0.tar.bz2#baa10ba2d60965936f774a38206efbb3
https://conda.anaconda.org/conda-forge/noarch/datashader-0.11.1-pyh9f0ad1d_0.tar.bz2#4ab5768acaf1b47ef78818825b3e2bf0
https://conda.anaconda.org/conda-forge/noarch/gcsfs-0.7.1-py_0.tar.bz2#2cd8daab84bf2aed2dae87bdd6d819af
https://conda.anaconda.org/conda-forge/noarch/msrestazure-0.6.2-py_0.tar.bz2#ae88f743bf978bd5df12f969e1edfc0e
https://conda.anaconda.org/conda-forge/linux-64/notebook-6.1.5-py38h578d9bd_0.tar.bz2#5577bcd250d44a427578f97400374922
https://conda.anaconda.org/conda-forge/noarch/tensorboard-2.4.0-pyhd8ed1ab_0.tar.bz2#caec382bc77ff926559730287b476a96
https://conda.anaconda.org/conda-forge/noarch/adlfs-0.5.8-pyhd8ed1ab_0.tar.bz2#3abde52638726ae071f5723e0288486f
https://conda.anaconda.org/conda-forge/noarch/holoviews-1.14.0-pyhd3deb0d_0.tar.bz2#7582011ebd8112d11bd43725c10e3d84
https://conda.anaconda.org/conda-forge/noarch/jupyter-server-proxy-1.5.2-pyhd8ed1ab_0.tar.bz2#08fa93739c390bffefd8965d47a52165
https://conda.anaconda.org/conda-forge/linux-64/jupyterhub-singleuser-1.3.0-py38h578d9bd_0.tar.bz2#d4a8477de0356ff31724601e8d229fed
https://conda.anaconda.org/conda-forge/noarch/jupyterlab_server-1.2.0-py_0.tar.bz2#77d654573f19a836b326fb77ffd86860
https://conda.anaconda.org/conda-forge/noarch/nbgitpuller-0.9.0-py_0.tar.bz2#ce05504b25f7e0234c99e7ef1f746cbd
https://conda.anaconda.org/conda-forge/noarch/pangeo-dask-2020.12.11-hd8ed1ab_0.tar.bz2#d9a16aaf52960c3b73100245c929d5da
https://repo.anaconda.com/pkgs/main/linux-64/tensorflow-2.2.0-gpu_py38hb782248_0.conda#3a5f1d5023c1548e9a2a533f202b72be
https://conda.anaconda.org/conda-forge/linux-64/widgetsnbextension-3.5.1-py38h578d9bd_4.tar.bz2#beb8a105545382ba138c81c926289b5b
https://conda.anaconda.org/conda-forge/noarch/dask-labextension-4.0.0-pyhd8ed1ab_0.tar.bz2#cea4903e21707cc58714da4fe81e72c6
https://conda.anaconda.org/conda-forge/noarch/geoviews-core-1.8.2-py_0.tar.bz2#63dd61f554577d1ecc7687b0e073a8b4
https://conda.anaconda.org/conda-forge/noarch/hvplot-0.6.0-pyh9f0ad1d_0.tar.bz2#13035c34740bafdfc5f6b1a3c4d0e9fd
https://conda.anaconda.org/conda-forge/noarch/ipywidgets-7.5.1-pyh9f0ad1d_1.tar.bz2#a7211644e1cf6a262c675635a78181f4
https://conda.anaconda.org/conda-forge/noarch/jupyterlab-2.2.9-py_0.tar.bz2#df79e7a98be406acd32606d5bf7f8f52
https://repo.anaconda.com/pkgs/main/linux-64/tensorflow-gpu-2.2.0-h0d30ee6_0.conda#ac0a1fc4ea1bf9a35a3e6da5409baee7
https://conda.anaconda.org/conda-forge/noarch/jupyterlab-nvdashboard-0.4.0-py_1.tar.bz2#db9d9de7fbfb8de2084bf8af033f01eb
https://conda.anaconda.org/conda-forge/noarch/pangeo-notebook-2020.12.16-hd8ed1ab_0.tar.bz2#33bb45eb29c3f9285ca85df8e549d8a4
