# platform: linux-64
# env_hash: b4bd0ff6208abeeca7cb59e747fa660972673e9e377244d0d38f109a84ac304e
@EXPLICIT
https://conda.anaconda.org/conda-forge/linux-64/_libgcc_mutex-0.1-conda_forge.tar.bz2#d7c89558ba9fa0495403155b64376d81
https://repo.anaconda.com/pkgs/main/linux-64/_tflow_select-2.1.0-gpu.tar.bz2#8bb6a6c12d996abb7e662db33e90d0af
https://conda.anaconda.org/conda-forge/linux-64/ca-certificates-2021.5.30-ha878542_0.tar.bz2#6a777890e94194dc94a29a76d2a7e721
https://conda.anaconda.org/conda-forge/linux-64/ld_impl_linux-64-2.36.1-hea4e1c9_0.tar.bz2#7bdb75ebbbebe76d76cc6b04b05b3d7a
https://conda.anaconda.org/conda-forge/linux-64/libgfortran5-9.3.0-hff62375_19.tar.bz2#c2d8da3cb171e4aa642d20c6e4e42a04
https://conda.anaconda.org/conda-forge/linux-64/libstdcxx-ng-9.3.0-h6de172a_19.tar.bz2#cd9a24a8dde03ec0cf0e603b0bea85a1
https://conda.anaconda.org/conda-forge/linux-64/pandoc-2.14.0.3-h7f98852_0.tar.bz2#de2c82d77816df3d6a5c7577826d86fb
https://conda.anaconda.org/conda-forge/noarch/poppler-data-0.4.10-0.tar.bz2#02204e159c8596584135923fd81a2c10
https://conda.anaconda.org/conda-forge/noarch/tzdata-2021a-he74cb21_0.tar.bz2#6f36861f102249fc54861ff9343c3fdd
https://conda.anaconda.org/conda-forge/linux-64/libgfortran-ng-9.3.0-hff62375_19.tar.bz2#aea379bd68fdcdf9499fa1453f852ac1
https://conda.anaconda.org/conda-forge/linux-64/libgomp-9.3.0-h2828fa1_19.tar.bz2#ab0a307912033126da02507b59e79ec9
https://conda.anaconda.org/conda-forge/linux-64/_openmp_mutex-4.5-1_gnu.tar.bz2#561e277319a41d4f24f5c05a9ef63c04
https://conda.anaconda.org/conda-forge/linux-64/libgcc-ng-9.3.0-h2828fa1_19.tar.bz2#9d5cdfc51476ee4dcdd96ed2dca3f943
https://conda.anaconda.org/conda-forge/linux-64/abseil-cpp-20210324.0-h9c3ff4c_0.tar.bz2#bf9b65d81c0f9568452ee280fe1b0100
https://conda.anaconda.org/conda-forge/linux-64/blosc-1.21.0-h9c3ff4c_0.tar.bz2#5e815e5126c6f7e34ab4496fa1b48dca
https://conda.anaconda.org/conda-forge/linux-64/bzip2-1.0.8-h7f98852_4.tar.bz2#a1fd65c7ccbf10880423d82bca54eb54
https://conda.anaconda.org/conda-forge/linux-64/c-ares-1.17.1-h7f98852_1.tar.bz2#ed1dc233ed5e3eaa9bfbaac64d130c5e
https://conda.anaconda.org/conda-forge/linux-64/charls-2.2.0-h9c3ff4c_0.tar.bz2#bc0a1a5c99af57d2821914ab074797f9
https://conda.anaconda.org/conda-forge/linux-64/cudatoolkit-11.2.2-he111cf0_8.tar.bz2#aeab470cf4b6abad3af8ea015f88a3ca
https://conda.anaconda.org/conda-forge/linux-64/expat-2.4.1-h9c3ff4c_0.tar.bz2#16054ef3cb3ec5d8d29d08772662f65d
https://conda.anaconda.org/conda-forge/linux-64/freexl-1.0.6-h7f98852_0.tar.bz2#fb707484f02b122edec5fe3d1f3f552f
https://conda.anaconda.org/conda-forge/linux-64/geos-3.9.1-h9c3ff4c_2.tar.bz2#b9a6d9422aed3ad84ec6ccee9bfcaa0f
https://conda.anaconda.org/conda-forge/linux-64/giflib-5.2.1-h36c2ea0_2.tar.bz2#626e68ae9cc5912d6adb79d318cf962d
https://conda.anaconda.org/conda-forge/linux-64/icu-68.1-h58526e2_0.tar.bz2#fc7a4271dc2a7f4fd78cd63695baf7c3
https://conda.anaconda.org/conda-forge/linux-64/jpeg-9d-h36c2ea0_0.tar.bz2#ea02ce6037dbe81803ae6123e5ba1568
https://conda.anaconda.org/conda-forge/linux-64/json-c-0.15-h98cffda_0.tar.bz2#f32d45a88e7462be446824654dbcf4a4
https://conda.anaconda.org/conda-forge/linux-64/jxrlib-1.1-h7f98852_2.tar.bz2#8e787b08fe19986d99d034b839df2961
https://conda.anaconda.org/conda-forge/linux-64/lerc-2.2.1-h9c3ff4c_0.tar.bz2#ea833dcaeb9e7ac4fac521f1a7abec82
https://conda.anaconda.org/conda-forge/linux-64/libaec-1.0.5-h9c3ff4c_0.tar.bz2#11edda2c5e2f8910bb7e9bc2bc24f4ba
https://conda.anaconda.org/conda-forge/linux-64/libbrotlicommon-1.0.9-h7f98852_5.tar.bz2#5d270722c33227ae39729426e9ef2d9a
https://conda.anaconda.org/conda-forge/linux-64/libdeflate-1.7-h7f98852_5.tar.bz2#10e242842cd30c59c12d79371dc0f583
https://conda.anaconda.org/conda-forge/linux-64/libev-4.33-h516909a_1.tar.bz2#6f8720dff19e17ce5d48cfe7f3d2f0a3
https://conda.anaconda.org/conda-forge/linux-64/libffi-3.3-h58526e2_2.tar.bz2#665369991d8dd290ac5ee92fce3e6bf5
https://conda.anaconda.org/conda-forge/linux-64/libiconv-1.16-h516909a_0.tar.bz2#5c0f338a513a2943c659ae619fca9211
https://conda.anaconda.org/conda-forge/linux-64/libopenblas-0.3.15-pthreads_h8fe5266_1.tar.bz2#bb5527a16584426a897f22643d9a36a6
https://conda.anaconda.org/conda-forge/linux-64/libsodium-1.0.18-h36c2ea0_1.tar.bz2#c3788462a6fbddafdb413a9f9053e58d
https://conda.anaconda.org/conda-forge/linux-64/libspatialindex-1.9.3-h9c3ff4c_3.tar.bz2#5cfecb0aa384fd3831cc106794e3f968
https://conda.anaconda.org/conda-forge/linux-64/libuuid-2.32.1-h7f98852_1000.tar.bz2#772d69f030955d9646d3d0eaf21d859d
https://conda.anaconda.org/conda-forge/linux-64/libwebp-base-1.2.0-h7f98852_2.tar.bz2#fb63a035a3b552c88a30d84b89ebf4c4
https://conda.anaconda.org/conda-forge/linux-64/libzopfli-1.0.3-h9c3ff4c_0.tar.bz2#c66fe2d123249af7651ebde8984c51c2
https://conda.anaconda.org/conda-forge/linux-64/lz4-c-1.9.3-h9c3ff4c_0.tar.bz2#4eb64ee0d5cd43096ffcf843c76b05d4
https://conda.anaconda.org/conda-forge/linux-64/ncurses-6.2-h58526e2_4.tar.bz2#509f2a21c4a09214cd737a480dfd80c9
https://conda.anaconda.org/conda-forge/linux-64/openssl-1.1.1k-h7f98852_0.tar.bz2#07fae2cb088379c8441e0f3ffa1f4025
https://conda.anaconda.org/conda-forge/linux-64/pcre-8.45-h9c3ff4c_0.tar.bz2#c05d1820a6d34ff07aaaab7a9b7eddaa
https://conda.anaconda.org/conda-forge/linux-64/pixman-0.40.0-h36c2ea0_0.tar.bz2#660e72c82f2e75a6b3fe6a6e75c79f19
https://conda.anaconda.org/conda-forge/linux-64/pthread-stubs-0.4-h36c2ea0_1001.tar.bz2#22dad4df6e8630e8dff2428f6f6a7036
https://conda.anaconda.org/conda-forge/linux-64/re2-2021.04.01-h9c3ff4c_0.tar.bz2#101d44c3f91da8d544fb463d0b014671
https://conda.anaconda.org/conda-forge/linux-64/snappy-1.1.8-he1b5a44_3.tar.bz2#83f1dc295c711bdbaf97e1f3bedf2f52
https://conda.anaconda.org/conda-forge/linux-64/tzcode-2021a-h7f98852_1.tar.bz2#69cffb84da3d06a78925fe3c5fa51646
https://conda.anaconda.org/conda-forge/linux-64/xorg-kbproto-1.0.7-h7f98852_1002.tar.bz2#4b230e8381279d76131116660f5a241a
https://conda.anaconda.org/conda-forge/linux-64/xorg-libice-1.0.10-h7f98852_0.tar.bz2#d6b0b50b49eccfe0be0373be628be0f3
https://conda.anaconda.org/conda-forge/linux-64/xorg-libxau-1.0.9-h7f98852_0.tar.bz2#bf6f803a544f26ebbdc3bfff272eb179
https://conda.anaconda.org/conda-forge/linux-64/xorg-libxdmcp-1.1.3-h7f98852_0.tar.bz2#be93aabceefa2fac576e971aef407908
https://conda.anaconda.org/conda-forge/linux-64/xorg-renderproto-0.11.1-h7f98852_1002.tar.bz2#06feff3d2634e3097ce2fe681474b534
https://conda.anaconda.org/conda-forge/linux-64/xorg-xextproto-7.3.0-h7f98852_1002.tar.bz2#1e15f6ad85a7d743a2ac68dae6c82b98
https://conda.anaconda.org/conda-forge/linux-64/xorg-xproto-7.0.31-h7f98852_1007.tar.bz2#b4a4381d54784606820704f7b5f05a15
https://conda.anaconda.org/conda-forge/linux-64/xz-5.2.5-h516909a_1.tar.bz2#33f601066901f3e1a85af3522a8113f9
https://conda.anaconda.org/conda-forge/linux-64/yaml-0.2.5-h516909a_0.tar.bz2#03a530e925414902547cf48da7756db8
https://conda.anaconda.org/conda-forge/linux-64/zfp-0.5.5-h9c3ff4c_5.tar.bz2#a48a43fdc002f68cbc17b44681a02d42
https://conda.anaconda.org/conda-forge/linux-64/zlib-1.2.11-h516909a_1010.tar.bz2#339cc5584e6d26bc73a875ba900028c3
https://conda.anaconda.org/conda-forge/linux-64/gettext-0.19.8.1-h0b5b191_1005.tar.bz2#ff6f69b593a9e74c0e6b61908ac513fa
https://conda.anaconda.org/conda-forge/linux-64/hdf4-4.2.15-h10796ff_3.tar.bz2#21a8d66dc17f065023b33145c42652fe
https://conda.anaconda.org/conda-forge/linux-64/libblas-3.9.0-9_openblas.tar.bz2#5f08755e98b2a43ca68124e629a5a0cb
https://conda.anaconda.org/conda-forge/linux-64/libbrotlidec-1.0.9-h7f98852_5.tar.bz2#c34616b12f8350f63010e32bf181a772
https://conda.anaconda.org/conda-forge/linux-64/libbrotlienc-1.0.9-h7f98852_5.tar.bz2#0e5f9325bb831b5fb9c454ea248d4a2d
https://conda.anaconda.org/conda-forge/linux-64/libedit-3.1.20191231-he28a2e2_2.tar.bz2#4d331e44109e3f0e19b4cb8f9b82f3e1
https://conda.anaconda.org/conda-forge/linux-64/libllvm10-10.0.1-he513fc3_3.tar.bz2#b1c57947b2a9231e0cd037ab0ed96b5d
https://conda.anaconda.org/conda-forge/linux-64/libnghttp2-1.43.0-h812cca2_0.tar.bz2#1867d1e9658596b3fac8847a7702eef4
https://conda.anaconda.org/conda-forge/linux-64/libpng-1.6.37-h21135ba_2.tar.bz2#b6acf807307d033d4b7e758b4f44b036
https://conda.anaconda.org/conda-forge/linux-64/libprotobuf-3.15.8-h780b84a_0.tar.bz2#e6102befa4faff90ab2feb272a8b294d
https://conda.anaconda.org/conda-forge/linux-64/librttopo-1.1.0-h1185371_6.tar.bz2#bdaaaa5a3984edea71596fc9cca74463
https://conda.anaconda.org/conda-forge/linux-64/libssh2-1.9.0-ha56f1ee_6.tar.bz2#f0dfb86444df325e599dbc3f4c0a3f5b
https://conda.anaconda.org/conda-forge/linux-64/libxcb-1.13-h7f98852_1003.tar.bz2#a9371e9e40aded194dcba1447606c9a1
https://conda.anaconda.org/conda-forge/linux-64/libxml2-2.9.12-h72842e0_0.tar.bz2#bd14fdf5b9ee5568056a40a6a2f41866
https://conda.anaconda.org/conda-forge/linux-64/readline-8.1-h46c0cb4_0.tar.bz2#5788de3c8d7a7d64ac56c784c4ef48e6
https://conda.anaconda.org/conda-forge/linux-64/tk-8.6.10-h21135ba_1.tar.bz2#c647f70aa7e3d4cc4e029cc1c9a99953
https://conda.anaconda.org/conda-forge/linux-64/xerces-c-3.2.3-h9d8b166_2.tar.bz2#c083e55b8f51b42b2487826e6d35c6a1
https://conda.anaconda.org/conda-forge/linux-64/xorg-libsm-1.2.3-hd9c2040_1000.tar.bz2#9e856f78d5c80d5a78f61e72d1d473a3
https://conda.anaconda.org/conda-forge/linux-64/zeromq-4.3.4-h9c3ff4c_0.tar.bz2#9105c7da67ebfb39ff08e2a8ea72bb71
https://conda.anaconda.org/conda-forge/linux-64/zstd-1.4.9-ha95c52a_0.tar.bz2#b481dc9fda3af2a681d08a4d5cd1ea0b
https://conda.anaconda.org/conda-forge/linux-64/boost-cpp-1.74.0-hc6e9bd1_3.tar.bz2#798d23ad2082a37143a94a9b10cbc381
https://conda.anaconda.org/conda-forge/linux-64/brotli-bin-1.0.9-h7f98852_5.tar.bz2#8062a4d3f435d91e569bd3d627c9b959
https://conda.anaconda.org/conda-forge/linux-64/freetype-2.10.4-h0708190_1.tar.bz2#4a06f2ac2e5bfae7b6b245171c3f07aa
https://conda.anaconda.org/conda-forge/linux-64/grpc-cpp-1.37.1-h36de60a_0.tar.bz2#a9d669b01509c9265a2be17394215d15
https://conda.anaconda.org/conda-forge/linux-64/krb5-1.19.1-hcc1bbae_0.tar.bz2#59b0695a515a6c54d45463dbf208ae38
https://conda.anaconda.org/conda-forge/linux-64/libcblas-3.9.0-9_openblas.tar.bz2#edee85b4f83376ceae81e0975b8bffa2
https://conda.anaconda.org/conda-forge/linux-64/libglib-2.68.3-h3e27bee_0.tar.bz2#99416a3287216de097d503b827ad0bde
https://conda.anaconda.org/conda-forge/linux-64/liblapack-3.9.0-9_openblas.tar.bz2#572d84ab07962986f6dd8e4637a475ca
https://conda.anaconda.org/conda-forge/linux-64/libtiff-4.2.0-hbd63e13_2.tar.bz2#e3f034b29a122699b06da40c155f1a70
https://conda.anaconda.org/conda-forge/linux-64/sqlite-3.36.0-h9cd32fc_0.tar.bz2#d5bbac924cbda57469f43448d5236a50
https://conda.anaconda.org/conda-forge/linux-64/tiledb-2.2.9-h91fcb0e_0.tar.bz2#5a4800d409c4b6828d8ea5a725d269f2
https://conda.anaconda.org/conda-forge/linux-64/xorg-libx11-1.7.2-h7f98852_0.tar.bz2#12a61e640b8894504326aadafccbb790
https://conda.anaconda.org/conda-forge/linux-64/brotli-1.0.9-h7f98852_5.tar.bz2#ff132b5e255b58c9cf29db23cd642e0f
https://conda.anaconda.org/conda-forge/linux-64/fontconfig-2.13.1-hba837de_1005.tar.bz2#fd3611672eb91bc9d24fd6fb970037eb
https://conda.anaconda.org/conda-forge/linux-64/lcms2-2.12-hddcbb42_0.tar.bz2#797117394a4aa588de6d741b06fad80f
https://conda.anaconda.org/conda-forge/linux-64/libcurl-7.77.0-h2574ce0_0.tar.bz2#05cf8dca8408b5f1ffcc5e2d5a7c5da2
https://conda.anaconda.org/conda-forge/linux-64/libkml-1.3.0-h238a007_1013.tar.bz2#1c3e0fbdc332f7a3a3cd1a2e9317953f
https://conda.anaconda.org/conda-forge/linux-64/libpq-13.3-hd57d9b9_0.tar.bz2#66ef2cacc483205b7d303f7b02601c3b
https://conda.anaconda.org/conda-forge/linux-64/openjpeg-2.4.0-hb52868f_1.tar.bz2#b7ad78ad2e9ee155f59e6428406ee824
https://conda.anaconda.org/conda-forge/linux-64/python-3.8.10-h49503c6_1_cpython.tar.bz2#69f7d6ef1f00c3a109b1b06279e6d6a9
https://conda.anaconda.org/conda-forge/linux-64/xorg-libxext-1.3.4-h7f98852_1.tar.bz2#536cc5db4d0a3ba0630541aec064b5e4
https://conda.anaconda.org/conda-forge/linux-64/xorg-libxrender-0.9.10-h7f98852_1003.tar.bz2#f59c1242cc1dd93e72c2ee2b360979eb
https://conda.anaconda.org/conda-forge/noarch/affine-2.3.0-py_0.tar.bz2#5a9bfe23652d0ad9aa27e56cd75bfe33
https://conda.anaconda.org/conda-forge/noarch/appdirs-1.4.4-pyh9f0ad1d_0.tar.bz2#5f095bc6454094e96f146491fd03633b
https://conda.anaconda.org/conda-forge/noarch/asciitree-0.3.3-py_2.tar.bz2#c0481c9de49f040272556e2cedf42816
https://conda.anaconda.org/conda-forge/noarch/astor-0.8.1-pyh9f0ad1d_0.tar.bz2#6ae770689be59dc391ef974d2e849b56
https://conda.anaconda.org/conda-forge/noarch/async-timeout-3.0.1-py_1000.tar.bz2#8b11024b2762a07aaa07d2743231a41b
https://conda.anaconda.org/conda-forge/noarch/async_generator-1.10-py_0.tar.bz2#d56c596e61b1c4952acf0a9920856c12
https://conda.anaconda.org/conda-forge/noarch/attrs-21.2.0-pyhd8ed1ab_0.tar.bz2#d2e1c7f388ac403df7079b411c37cc50
https://conda.anaconda.org/conda-forge/noarch/backcall-0.2.0-pyh9f0ad1d_0.tar.bz2#6006a6d08a3fa99268a2681c7fb55213
https://conda.anaconda.org/conda-forge/noarch/backports-1.0-py_2.tar.bz2#0da16b293affa6ac31812376f8eb79dd
https://conda.anaconda.org/conda-forge/noarch/blinker-1.4-py_1.tar.bz2#fa509a09190583f869ae442bf4d17f5f
https://conda.anaconda.org/conda-forge/linux-64/brunsli-0.1-h9c3ff4c_0.tar.bz2#c1ac6229d0bfd14f8354ff9ad2a26cad
https://conda.anaconda.org/conda-forge/noarch/cachetools-4.2.2-pyhd8ed1ab_0.tar.bz2#26fd593682debe36bcaa720763015d75
https://conda.anaconda.org/conda-forge/linux-64/cairo-1.16.0-h6cf1ce9_1008.tar.bz2#a43fb47d15e116f8be4be7e6b17ab59f
https://conda.anaconda.org/conda-forge/linux-64/cfitsio-3.470-hb418390_7.tar.bz2#5bda2e5ca5edb0c207c3ec76f57f8ecc
https://conda.anaconda.org/conda-forge/noarch/click-7.1.2-pyh9f0ad1d_0.tar.bz2#bd50a970ce07e660c319fdc4d730d3f1
https://conda.anaconda.org/conda-forge/noarch/cloudpickle-1.6.0-py_0.tar.bz2#76d764d8881719e305f6fa368dc2b65e
https://conda.anaconda.org/conda-forge/linux-64/curl-7.77.0-hea6ffbf_0.tar.bz2#7d1168349d6fba67ae1fdf61970b83e1
https://conda.anaconda.org/conda-forge/noarch/dataclasses-0.8-pyhc8e2a94_1.tar.bz2#28e0de0ecba81334619a777fdc00febc
https://conda.anaconda.org/conda-forge/noarch/decorator-5.0.9-pyhd8ed1ab_0.tar.bz2#0ae9cca42e37b5ce6267c2a2b1383546
https://conda.anaconda.org/conda-forge/noarch/defusedxml-0.7.1-pyhd8ed1ab_0.tar.bz2#961b3a227b437d82ad7054484cfa71b2
https://conda.anaconda.org/conda-forge/noarch/entrypoints-0.3-pyhd8ed1ab_1003.tar.bz2#bbf9a201f6ce99a506f4955374d9a9f4
https://conda.anaconda.org/conda-forge/noarch/fsspec-2021.6.1-pyhd8ed1ab_0.tar.bz2#b8dca3cd859c8a849042af6db1cbedca
https://conda.anaconda.org/conda-forge/noarch/gast-0.3.3-py_0.tar.bz2#05b99f1fd72a1f468b431b5d44b027b4
https://conda.anaconda.org/conda-forge/linux-64/hdf5-1.10.6-nompi_h6a2412b_1114.tar.bz2#0a2984b78f51148d7ff6219abe73509e
https://conda.anaconda.org/conda-forge/noarch/heapdict-1.0.1-py_0.tar.bz2#77242bfb1e74a627fb06319b5a2d3b95
https://conda.anaconda.org/conda-forge/noarch/idna-2.10-pyh9f0ad1d_0.tar.bz2#f95a12b4f435aae6680fe55ae2eb1b06
https://conda.anaconda.org/conda-forge/noarch/ipython_genutils-0.2.0-py_1.tar.bz2#5071c982548b3a20caf70462f04f5287
https://conda.anaconda.org/conda-forge/noarch/jmespath-0.10.0-pyh9f0ad1d_0.tar.bz2#5988f73e79824c7900954539fbfad3fa
https://conda.anaconda.org/conda-forge/noarch/json5-0.9.5-pyh9f0ad1d_0.tar.bz2#10759827a94e6b14996e81fb002c0bda
https://conda.anaconda.org/conda-forge/noarch/jupyterlab_widgets-1.0.0-pyhd8ed1ab_1.tar.bz2#f8da92114c8fbe1d951b0efaf54dd14b
https://conda.anaconda.org/conda-forge/noarch/locket-0.2.0-py_2.tar.bz2#709e8671651c7ec3d1ad07800339ff1d
https://conda.anaconda.org/conda-forge/noarch/monotonic-1.5-py_0.tar.bz2#0cc5fd0140497c3f1e2db2e7493b62b3
https://conda.anaconda.org/conda-forge/noarch/nest-asyncio-1.5.1-pyhd8ed1ab_0.tar.bz2#47a51a5b8f9cc41004c8d7bd88b62447
https://conda.anaconda.org/conda-forge/noarch/olefile-0.46-pyh9f0ad1d_1.tar.bz2#0b2e68acc8c78c8cc392b90983481f58
https://conda.anaconda.org/conda-forge/noarch/pamela-1.0.0-py_0.tar.bz2#36f6f18d2f3ae0c93d77a9dbedad08c3
https://conda.anaconda.org/conda-forge/noarch/pandocfilters-1.4.2-py_1.tar.bz2#ba6f4a308f1ea22abe1d72e72544af76
https://conda.anaconda.org/conda-forge/noarch/param-1.11.0-pyh6c4a22f_0.tar.bz2#d39268d6938254c793e90513a30544fa
https://conda.anaconda.org/conda-forge/noarch/parso-0.8.2-pyhd8ed1ab_0.tar.bz2#fb40b157bd62b457a1cc82527b63f0b0
https://conda.anaconda.org/conda-forge/noarch/pickleshare-0.7.5-py_1003.tar.bz2#415f0ebb6198cc2801c73438a9fb5761
https://conda.anaconda.org/conda-forge/linux-64/postgresql-13.3-h2510834_0.tar.bz2#f96b23e47eb226517f8b6ea24cf014f5
https://conda.anaconda.org/conda-forge/linux-64/proj-7.2.0-h277dcde_2.tar.bz2#db654ee11298d3463bad67445707654c
https://conda.anaconda.org/conda-forge/noarch/prometheus_client-0.11.0-pyhd8ed1ab_0.tar.bz2#01f530bf82d9f589c2087b8c347d5e29
https://conda.anaconda.org/conda-forge/noarch/ptyprocess-0.7.0-pyhd3deb0d_0.tar.bz2#359eeb6536da0e687af562ed265ec263
https://conda.anaconda.org/conda-forge/noarch/pyasn1-0.4.8-py_0.tar.bz2#06d04c9f8f72ac77911db942eda24fb9
https://conda.anaconda.org/conda-forge/noarch/pycparser-2.20-pyh9f0ad1d_2.tar.bz2#aa798d50ffd182a0f6f31478c7f434f6
https://conda.anaconda.org/conda-forge/noarch/pyjwt-2.1.0-pyhd8ed1ab_0.tar.bz2#c602e093a43beb74210362e983584666
https://conda.anaconda.org/conda-forge/noarch/pynvml-11.0.0-pyhd8ed1ab_0.tar.bz2#09dd77c97f580bab664f55b3edebaf1e
https://conda.anaconda.org/conda-forge/noarch/pyparsing-2.4.7-pyh9f0ad1d_0.tar.bz2#626c4f20d5bf06dcec9cf2eaa31725c7
https://conda.anaconda.org/conda-forge/noarch/pyshp-2.1.3-pyh44b312d_0.tar.bz2#2d1867b980785eb44b8122184d8b42a6
https://conda.anaconda.org/conda-forge/noarch/python-editor-1.0.4-py_0.tar.bz2#eaaf29a0644f9407f98a4665f45880c4
https://conda.anaconda.org/conda-forge/noarch/python-flatbuffers-1.12-pyhd8ed1ab_1.tar.bz2#4ddd8b8f7ba0c0fc50de3776b37fecce
https://conda.anaconda.org/conda-forge/noarch/python-json-logger-2.0.1-pyh9f0ad1d_0.tar.bz2#aed452f2f9f8bc8b2b0c412975051b5b
https://conda.anaconda.org/conda-forge/linux-64/python_abi-3.8-2_cp38.tar.bz2#bfbb29d517281e78ac53e48d21e6e860
https://conda.anaconda.org/conda-forge/noarch/pytz-2021.1-pyhd8ed1ab_0.tar.bz2#3af2e9424d5eb0063824a3f9b850d411
https://conda.anaconda.org/conda-forge/noarch/send2trash-1.7.1-pyhd8ed1ab_0.tar.bz2#10c92e8e5c7ca439d11bec031ff17db3
https://conda.anaconda.org/conda-forge/noarch/simpervisor-0.4-pyhd8ed1ab_0.tar.bz2#12b5f0d11cc26bf386bd9a2f99099648
https://conda.anaconda.org/conda-forge/noarch/six-1.16.0-pyh6c4a22f_0.tar.bz2#e5f25f8dbc060e9a8d912e432202afc2
https://conda.anaconda.org/conda-forge/noarch/sortedcontainers-2.4.0-pyhd8ed1ab_0.tar.bz2#6d6552722448103793743dabfbda532d
https://conda.anaconda.org/conda-forge/noarch/tblib-1.7.0-pyhd8ed1ab_0.tar.bz2#3d4afc31302aa7be471feb6be048ed76
https://conda.anaconda.org/conda-forge/noarch/tensorboard-plugin-wit-1.8.0-pyh44b312d_0.tar.bz2#2b9cacb9dfeb456540e5e8627a2bcd4e
https://conda.anaconda.org/conda-forge/noarch/termcolor-1.1.0-py_2.tar.bz2#c7fd66fedfff76bfe477c6f33c96d83a
https://conda.anaconda.org/conda-forge/noarch/testpath-0.5.0-pyhd8ed1ab_0.tar.bz2#53b57d6a468bebc7cef1253b177a5e9e
https://conda.anaconda.org/conda-forge/noarch/threadpoolctl-2.1.0-pyh5ca1d4c_0.tar.bz2#9eb32b63458380aa3804de519b6e5749
https://conda.anaconda.org/conda-forge/noarch/toolz-0.11.1-py_0.tar.bz2#d1e66b58cb00b3817ad9f05eec098c00
https://conda.anaconda.org/conda-forge/noarch/tqdm-4.61.1-pyhd8ed1ab_0.tar.bz2#29bcac0ab1821d158d84a1f720fb899e
https://conda.anaconda.org/conda-forge/noarch/typing_extensions-3.10.0.0-pyha770c72_0.tar.bz2#67c0cba6533b641f28946d7c16f361c8
https://conda.anaconda.org/conda-forge/noarch/webencodings-0.5.1-py_1.tar.bz2#3563be4c5611a44210d9ba0c16113136
https://conda.anaconda.org/conda-forge/noarch/wheel-0.36.2-pyhd3deb0d_0.tar.bz2#768bfbe026426d0e76b377997d1f2b98
https://conda.anaconda.org/conda-forge/noarch/zipp-3.5.0-pyhd8ed1ab_0.tar.bz2#f9dd05a5ed6b81c91f097e3739107a74
https://conda.anaconda.org/conda-forge/noarch/absl-py-0.13.0-pyhd8ed1ab_0.tar.bz2#ca6682febb5d50ccca4dad4deed29484
https://conda.anaconda.org/conda-forge/noarch/aioitertools-0.7.1-pyhd8ed1ab_0.tar.bz2#ba4f111ef329c332695ef7b2f6822f99
https://conda.anaconda.org/conda-forge/noarch/astunparse-1.6.3-pyhd8ed1ab_0.tar.bz2#000b6f68a0bfaba800ced7500c11780f
https://conda.anaconda.org/conda-forge/noarch/babel-2.9.1-pyh44b312d_0.tar.bz2#74136ed39bfea0832d338df1e58d013e
https://conda.anaconda.org/conda-forge/linux-64/certifi-2021.5.30-py38h578d9bd_0.tar.bz2#a2e14464711f8e76010cd7e0c49bc4ae
https://conda.anaconda.org/conda-forge/linux-64/cffi-1.14.5-py38ha65f79e_0.tar.bz2#386057f231a571b75bfa7307c9acd5f6
https://conda.anaconda.org/conda-forge/linux-64/chardet-4.0.0-py38h578d9bd_1.tar.bz2#9294a5e2c7545a2f67ac348aadd53344
https://conda.anaconda.org/conda-forge/noarch/click-plugins-1.1.1-py_0.tar.bz2#4fd2c6b53934bd7d96d1f3fdaf99b79f
https://conda.anaconda.org/conda-forge/noarch/cligj-0.7.2-pyhd8ed1ab_0.tar.bz2#201a66fe570d09faf90bb1ba90070d61
https://conda.anaconda.org/conda-forge/noarch/cycler-0.10.0-py_2.tar.bz2#f6d7c7e6d8f42cbbec7e07a8d879f91c
https://conda.anaconda.org/conda-forge/linux-64/cytoolz-0.11.0-py38h497a2fe_3.tar.bz2#45568bae22c3825f22b631101ecbad35
https://conda.anaconda.org/conda-forge/linux-64/debugpy-1.3.0-py38h709712a_0.tar.bz2#289bfecb257ef2cc8e2b822dddc5a288
https://conda.anaconda.org/conda-forge/noarch/fasteners-0.16-pyhd8ed1ab_0.tar.bz2#8ecec38560a2613704aa01882a8a48c5
https://conda.anaconda.org/conda-forge/linux-64/fastrlock-0.6-py38h709712a_1.tar.bz2#c76bcd938778442ecdcaf80fc370cbd2
https://conda.anaconda.org/conda-forge/linux-64/geotiff-1.6.0-h2b14fbe_4.tar.bz2#95731212a74717b0368f9805513f6da7
https://conda.anaconda.org/conda-forge/noarch/google-pasta-0.2.0-pyh8c360ce_0.tar.bz2#26e27d7d3d7fe2336b543dd8e0f12cbf
https://conda.anaconda.org/conda-forge/linux-64/greenlet-1.1.0-py38h709712a_0.tar.bz2#ca0b7ab30acc503ff74b8a2fa564ad66
https://conda.anaconda.org/conda-forge/linux-64/importlib-metadata-4.6.0-py38h578d9bd_0.tar.bz2#82c865e3d510cabcddd2cf56831e83d2
https://conda.anaconda.org/conda-forge/noarch/isodate-0.6.0-py_1.tar.bz2#ed67bac5a0224c66cbc0b58ffe7ebd47
https://conda.anaconda.org/conda-forge/linux-64/jedi-0.18.0-py38h578d9bd_2.tar.bz2#6911600fda608a76bcb58e562457c696
https://conda.anaconda.org/conda-forge/linux-64/kealib-1.4.14-hcc255d8_2.tar.bz2#ae7e21f861c37500627f7122df804c26
https://conda.anaconda.org/conda-forge/linux-64/kiwisolver-1.3.1-py38h1fd1430_1.tar.bz2#01488c80daae318ed5c17e7bb12af64e
https://conda.anaconda.org/conda-forge/linux-64/libdap4-3.20.6-hd7c4107_2.tar.bz2#c265ae57e3acdc891f3e2b93cf6784f5
https://conda.anaconda.org/conda-forge/linux-64/libnetcdf-4.7.4-nompi_h56d31a8_107.tar.bz2#ef3d349e818876a175de7d87bd6451df
https://conda.anaconda.org/conda-forge/linux-64/libspatialite-5.0.1-he52d314_3.tar.bz2#f6bb98bfa8e470b0d7a1ce8c356e95b2
https://conda.anaconda.org/conda-forge/linux-64/llvmlite-0.36.0-py38h4630a5e_0.tar.bz2#a805cb9a530a6524f7f832cce981fa0e
https://conda.anaconda.org/conda-forge/linux-64/lz4-3.1.3-py38hebdc3cf_0.tar.bz2#86a9e8e12d9bd8814c576b472032d43c
https://conda.anaconda.org/conda-forge/linux-64/markupsafe-2.0.1-py38h497a2fe_0.tar.bz2#d075babffd68330d81b0488a45435698
https://conda.anaconda.org/conda-forge/linux-64/mistune-0.8.4-py38h497a2fe_1004.tar.bz2#d01626bf0bcaec0c23e3e7834dea9a34
https://conda.anaconda.org/conda-forge/linux-64/msgpack-python-1.0.2-py38h1fd1430_1.tar.bz2#5854c568e0d341313fb0a6487f1c687e
https://conda.anaconda.org/conda-forge/linux-64/multidict-5.1.0-py38h497a2fe_1.tar.bz2#144fb43891d7bef0e353fb160ddd39bd
https://conda.anaconda.org/conda-forge/noarch/multipledispatch-0.6.0-py_0.tar.bz2#1073dc92c8f247d94ac14dd79ca0bbec
https://conda.anaconda.org/conda-forge/linux-64/numpy-1.21.0-py38h9894fe3_0.tar.bz2#10aebb0451bda480ef14a25657c576f3
https://conda.anaconda.org/conda-forge/noarch/packaging-21.0-pyhd8ed1ab_0.tar.bz2#45cfb8e482b5cce8f07c87e0e19a592c
https://conda.anaconda.org/conda-forge/noarch/partd-1.2.0-pyhd8ed1ab_0.tar.bz2#0c32f563d7f22e3a34c95cad8cc95651
https://conda.anaconda.org/conda-forge/noarch/pexpect-4.8.0-pyh9f0ad1d_2.tar.bz2#5909e7b978141dd80d28dbf9de627827
https://conda.anaconda.org/conda-forge/linux-64/pillow-8.2.0-py38ha0e1e83_1.tar.bz2#46a555b3ce021469f7f62d72fe6ebb4b
https://conda.anaconda.org/conda-forge/linux-64/poppler-0.89.0-h2de54a5_5.tar.bz2#b93182f03ad6d36a4fd1054bb4d62b7b
https://conda.anaconda.org/conda-forge/linux-64/portalocker-1.7.0-py38h578d9bd_1.tar.bz2#02d7bc4776578140d59d86efc7fa7019
https://conda.anaconda.org/conda-forge/linux-64/psutil-5.8.0-py38h497a2fe_1.tar.bz2#3c465545aa3cec37f8f1341546677956
https://conda.anaconda.org/conda-forge/noarch/pyasn1-modules-0.2.7-py_0.tar.bz2#ad1e886d09700b2304975335f714bd9c
https://conda.anaconda.org/conda-forge/noarch/pyct-core-0.4.6-py_0.tar.bz2#55ec526f95e0959de3f68bc6289a20da
https://conda.anaconda.org/conda-forge/linux-64/pycurl-7.43.0.6-py38h996a351_1.tar.bz2#5eed294e0602478a4ffffac937f64800
https://conda.anaconda.org/conda-forge/linux-64/pyrsistent-0.17.3-py38h497a2fe_2.tar.bz2#239e9357764e43276e8e80e65535b46f
https://conda.anaconda.org/conda-forge/linux-64/pysocks-1.7.1-py38h578d9bd_3.tar.bz2#8284bab4783fd6fdd11b695958945614
https://conda.anaconda.org/conda-forge/noarch/python-dateutil-2.8.1-py_0.tar.bz2#0d0150ed9c2d25817f5324108d3f7571
https://conda.anaconda.org/conda-forge/noarch/pyu2f-0.1.5-pyhd8ed1ab_0.tar.bz2#caabbeaa83928d0c3e3949261daa18eb
https://conda.anaconda.org/conda-forge/noarch/pyviz_comms-2.1.0-pyhd8ed1ab_0.tar.bz2#9b3f9639f96de0242e0d96f7862c1bc8
https://conda.anaconda.org/conda-forge/linux-64/pyyaml-5.4.1-py38h497a2fe_0.tar.bz2#36d6e06148013694eb943576cd305f67
https://conda.anaconda.org/conda-forge/linux-64/pyzmq-22.1.0-py38h2035c66_0.tar.bz2#cf7082a808388a260f15b223a1dcbe93
https://conda.anaconda.org/conda-forge/noarch/rsa-4.7.2-pyh44b312d_0.tar.bz2#3452ab3790dbb1df9508b3fa4ea2f806
https://conda.anaconda.org/conda-forge/linux-64/rtree-0.9.7-py38h02d302b_1.tar.bz2#25f9aed49cf82480e85967bb5db18408
https://conda.anaconda.org/conda-forge/linux-64/ruamel.yaml.clib-0.2.2-py38h497a2fe_2.tar.bz2#5637db1362aff1866921cfcd558065ab
https://conda.anaconda.org/conda-forge/linux-64/sniffio-1.2.0-py38h578d9bd_1.tar.bz2#9d2f849149c1bcce8b74ecdfcff8d4c7
https://conda.anaconda.org/conda-forge/linux-64/tornado-6.1-py38h497a2fe_1.tar.bz2#e772c8383768280af283e814e2126663
https://conda.anaconda.org/conda-forge/noarch/traitlets-5.0.5-py_0.tar.bz2#99618ee9ab1323e40f231acdab92fe60
https://conda.anaconda.org/conda-forge/noarch/typing-extensions-3.10.0.0-hd8ed1ab_0.tar.bz2#b71b8a980a36234ebbbd6b43da5807d0
https://conda.anaconda.org/conda-forge/linux-64/websocket-client-0.57.0-py38h578d9bd_4.tar.bz2#4c59c0d3cc8efeb027b141db67c4fc56
https://conda.anaconda.org/conda-forge/noarch/werkzeug-2.0.1-pyhd8ed1ab_0.tar.bz2#3b680fa0d39cccd009126087c6422fcc
https://conda.anaconda.org/conda-forge/linux-64/wrapt-1.12.1-py38h497a2fe_3.tar.bz2#be33fd2a84c54b9b1c3b859bb29eaf40
https://conda.anaconda.org/conda-forge/noarch/zict-2.0.0-py_0.tar.bz2#4750152be22f24d695b3004c5e1712d3
https://conda.anaconda.org/conda-forge/linux-64/anyio-3.2.1-py38h578d9bd_0.tar.bz2#375bff3871d7bd022436a9fdba3efa5e
https://conda.anaconda.org/conda-forge/linux-64/argon2-cffi-20.1.0-py38h497a2fe_2.tar.bz2#254bc9d931e9891ce1068eb0335700c1
https://conda.anaconda.org/conda-forge/linux-64/brotlipy-0.7.0-py38h497a2fe_1001.tar.bz2#56753dd777a6517b34966ddcb39af734
https://conda.anaconda.org/conda-forge/linux-64/cftime-1.5.0-py38hb5d20a5_0.tar.bz2#ef7d29510b551767f7584df1ce150b53
https://conda.anaconda.org/conda-forge/linux-64/cryptography-3.4.7-py38ha5dfef3_0.tar.bz2#a8b014aba670157256dabdc885f71af4
https://conda.anaconda.org/conda-forge/noarch/dask-core-2021.6.0-pyhd8ed1ab_0.tar.bz2#cea7be7ed76c4664498447ef35d2268c
https://conda.anaconda.org/conda-forge/noarch/datashape-0.5.4-py_1.tar.bz2#50ddfce434ea596fc4497085f403a9d5
https://conda.anaconda.org/conda-forge/linux-64/h5py-2.10.0-nompi_py38h9915d05_106.tar.bz2#9288bbce72a38992fb0c47b771b0609b
https://conda.anaconda.org/conda-forge/linux-64/imagecodecs-2021.3.31-py38h1455ab2_0.tar.bz2#a9aeaded8fddcbc1e85857b6e12ccfd2
https://conda.anaconda.org/conda-forge/noarch/imageio-2.9.0-py_0.tar.bz2#62ad9e579278e777d4abaa8c9312b6a7
https://conda.anaconda.org/conda-forge/noarch/jinja2-3.0.1-pyhd8ed1ab_0.tar.bz2#c647e77921fd3e245cdcc5b2d451a0f8
https://conda.anaconda.org/conda-forge/linux-64/jupyter_core-4.7.1-py38h578d9bd_0.tar.bz2#3a30e19c8b7b5673fe98d92979757561
https://conda.anaconda.org/conda-forge/linux-64/libgdal-3.2.1-h38ff51b_7.tar.bz2#8c7d74656d2b87874f1bfc631ca97d46
https://conda.anaconda.org/conda-forge/noarch/mako-1.1.4-pyh44b312d_0.tar.bz2#1b618b99d151e88ba0fabff9fa2b2d0b
https://conda.anaconda.org/conda-forge/noarch/markdown-3.3.4-pyhd8ed1ab_0.tar.bz2#b8054f74fbed2b282f032219f114421a
https://conda.anaconda.org/conda-forge/noarch/matplotlib-inline-0.1.2-pyhd8ed1ab_2.tar.bz2#0967e1db58b16e416464ca399f87df79
https://conda.anaconda.org/conda-forge/linux-64/numcodecs-0.8.0-py38h709712a_0.tar.bz2#211b39587b09b89274d4b8d9823beac2
https://conda.anaconda.org/conda-forge/noarch/opt_einsum-3.3.0-pyhd8ed1ab_1.tar.bz2#ba523f5bdd2e452e43c73b7e4b928799
https://conda.anaconda.org/conda-forge/linux-64/pandas-1.3.0-py38h1abd341_0.tar.bz2#20dc6a4f2552cfedf4e6dc8e5b8224e3
https://conda.anaconda.org/conda-forge/linux-64/pyproj-3.1.0-py38h53229fd_3.tar.bz2#d7d8882470c13903f52d453cfe205319
https://conda.anaconda.org/conda-forge/linux-64/pywavelets-1.1.1-py38h5c078b8_3.tar.bz2#dafeef887e68bd18ec84681747ca0fd5
https://conda.anaconda.org/conda-forge/linux-64/scipy-1.7.0-py38h7b17777_0.tar.bz2#0b7f0bd8baf6557f140e0f634e90d067
https://conda.anaconda.org/conda-forge/linux-64/setuptools-49.6.0-py38h578d9bd_3.tar.bz2#59c561cd1be0db9cf1c83f7d7cc74f4d
https://conda.anaconda.org/conda-forge/linux-64/shapely-1.7.1-py38haeee4fe_5.tar.bz2#2e633d8e2257f3c0e465c858ce2ddbc6
https://conda.anaconda.org/conda-forge/noarch/snuggs-1.4.7-py_0.tar.bz2#cb83a3d6ecf73f50117635192414426a
https://conda.anaconda.org/conda-forge/linux-64/sqlalchemy-1.4.20-py38h497a2fe_0.tar.bz2#6f4ef5f99e37f15e05934f94ed541f7b
https://conda.anaconda.org/conda-forge/linux-64/terminado-0.10.1-py38h578d9bd_0.tar.bz2#e32343e40876785307947c280c1a5349
https://conda.anaconda.org/conda-forge/linux-64/yarl-1.6.3-py38h497a2fe_2.tar.bz2#e1f56fd433fe294562826094c0060351
https://conda.anaconda.org/conda-forge/linux-64/aiohttp-3.7.4.post0-py38h497a2fe_0.tar.bz2#1ce60f5b7042f566e2a872f944dd8bed
https://conda.anaconda.org/conda-forge/noarch/alembic-1.6.5-pyhd8ed1ab_0.tar.bz2#b0d409235bcbf602253ec0225ddcf34c
https://conda.anaconda.org/conda-forge/noarch/backports.functools_lru_cache-1.6.4-pyhd8ed1ab_0.tar.bz2#c5b3edc62d6309088f4970b3eaaa65a6
https://conda.anaconda.org/conda-forge/noarch/bleach-3.3.0-pyh44b312d_0.tar.bz2#abf6b76c39358ca36ca706c46f054f2a
https://conda.anaconda.org/conda-forge/linux-64/bokeh-2.3.2-py38h578d9bd_0.tar.bz2#c417008fc6050795805a34dd0d84c190
https://conda.anaconda.org/conda-forge/linux-64/cupy-9.2.0-py38ha69542f_0.tar.bz2#d767cddba12d390152ecd9f89c01088b
https://conda.anaconda.org/conda-forge/linux-64/distributed-2021.6.0-py38h578d9bd_0.tar.bz2#ddaa3cc0da3478d3ea96da2e04717813
https://conda.anaconda.org/conda-forge/linux-64/gdal-3.2.1-py38hc0b2d6b_7.tar.bz2#b346f09a3161328c5a73ad12d637820f
https://conda.anaconda.org/conda-forge/noarch/geopandas-base-0.9.0-pyhd8ed1ab_1.tar.bz2#d654735553553f158da4be365fdaa51a
https://conda.anaconda.org/conda-forge/linux-64/grpcio-1.37.1-py38hdd6454d_0.tar.bz2#e7bf050439450bcea2bf0644d2a7c6bb
https://conda.anaconda.org/conda-forge/noarch/h5netcdf-0.11.0-pyhd8ed1ab_0.tar.bz2#a298ca086794894de1393397ed05093d
https://conda.anaconda.org/conda-forge/linux-64/jaxlib-0.1.67-py38h578d9bd_0.tar.bz2#37a7d54f3ce1f756e1583c541637b207
https://conda.anaconda.org/conda-forge/noarch/joblib-1.0.1-pyhd8ed1ab_0.tar.bz2#27d5ed1aaf2bbb5a0cc307a12d8e032f
https://conda.anaconda.org/conda-forge/noarch/jsonschema-3.2.0-pyhd8ed1ab_3.tar.bz2#66125e28711d8ffc04a207a2b170316d
https://conda.anaconda.org/conda-forge/noarch/jupyter_client-6.1.12-pyhd8ed1ab_0.tar.bz2#f58b38ddb9f94fa3cafea4ba2b17f93b
https://conda.anaconda.org/conda-forge/noarch/keras-preprocessing-1.1.2-pyhd8ed1ab_0.tar.bz2#a79b00989a0d89791021902f37fe2f9e
https://conda.anaconda.org/conda-forge/linux-64/matplotlib-base-3.4.2-py38hcc49a3a_0.tar.bz2#4bfb6818a1fce6d4129fdf121f788505
https://conda.anaconda.org/conda-forge/noarch/munch-2.5.0-py_0.tar.bz2#31d9e9be500e25ff0050bc9f57a6bcd7
https://conda.anaconda.org/conda-forge/linux-64/netcdf4-1.5.6-nompi_py38hf887595_102.tar.bz2#917f956621de8d461094a136d4548270
https://conda.anaconda.org/conda-forge/noarch/networkx-2.5-py_0.tar.bz2#d836ad8453c22192357707026ca21653
https://conda.anaconda.org/conda-forge/linux-64/numba-0.53.1-py38h8b71fd7_1.tar.bz2#5664278be8b3e6e54ea258b67e1861d0
https://conda.anaconda.org/conda-forge/noarch/oauthlib-3.1.1-pyhd8ed1ab_0.tar.bz2#34bb0b023e083aa8a4af74311031a352
https://conda.anaconda.org/conda-forge/noarch/pip-21.1.3-pyhd8ed1ab_0.tar.bz2#231bd0af116f55ca4d17ea0869415fdf
https://conda.anaconda.org/conda-forge/linux-64/protobuf-3.15.8-py38h709712a_0.tar.bz2#0884cd433012e69af16bba7e0e77f6be
https://conda.anaconda.org/conda-forge/noarch/pygments-2.9.0-pyhd8ed1ab_0.tar.bz2#a2d9bba43c9b80a42b0ccb9afd7223c2
https://conda.anaconda.org/conda-forge/noarch/pyopenssl-20.0.1-pyhd8ed1ab_0.tar.bz2#92371c25994d0f5d28a01c1fb75ebf86
https://conda.anaconda.org/conda-forge/linux-64/rasterio-1.2.6-py38h56add21_0.tar.bz2#e9726b691e5d8a23b01849b64fa4fcc7
https://conda.anaconda.org/conda-forge/linux-64/ruamel.yaml-0.17.10-py38h497a2fe_0.tar.bz2#5cb2ce7e99616e932127bd83ae3fe69d
https://conda.anaconda.org/conda-forge/noarch/tifffile-2021.4.8-pyhd8ed1ab_0.tar.bz2#aff99c035e8265b23f52955865727579
https://conda.anaconda.org/conda-forge/noarch/xarray-0.18.2-pyhd8ed1ab_0.tar.bz2#379c1f2f90ff675742426373a81e5552
https://conda.anaconda.org/conda-forge/noarch/zarr-2.8.3-pyhd8ed1ab_0.tar.bz2#49bc40cafcc406b9d8a39a2f97f217a4
https://conda.anaconda.org/conda-forge/linux-64/cartopy-0.19.0.post1-py38hc9c980b_0.tar.bz2#65e97172e139d3465895eb07a1fd52f2
https://conda.anaconda.org/conda-forge/noarch/certipy-0.1.3-py_0.tar.bz2#23486713ef5712923e7c57cae609b22e
https://conda.anaconda.org/conda-forge/noarch/dask-2021.6.0-pyhd8ed1ab_0.tar.bz2#554ef426ff0ef06641338b7a514d6354
https://conda.anaconda.org/conda-forge/linux-64/fiona-1.8.18-py38h58f84aa_1.tar.bz2#47bd73be08703428b4233a568569ee8c
https://conda.anaconda.org/conda-forge/noarch/google-auth-1.32.1-pyh6c4a22f_0.tar.bz2#00cdb81f27657d209b493c53dec8b3bf
https://conda.anaconda.org/conda-forge/noarch/jax-0.2.16-pyhd8ed1ab_1.tar.bz2#90891b4d3f41d217c8ba3c2886432b39
https://conda.anaconda.org/conda-forge/noarch/jupyter_telemetry-0.1.0-pyhd8ed1ab_1.tar.bz2#bb9ebdb6d5aa2622484aff1faceee181
https://conda.anaconda.org/conda-forge/noarch/jupyterlab_pygments-0.1.2-pyh9f0ad1d_0.tar.bz2#2cbd910890bb328e8959246a1e16fac7
https://conda.anaconda.org/conda-forge/linux-64/nb_conda_kernels-2.3.1-py38h578d9bd_0.tar.bz2#5ecb1e39acb8bc7d3e4c0340b247754e
https://conda.anaconda.org/conda-forge/noarch/nbformat-5.1.3-pyhd8ed1ab_0.tar.bz2#bafa5df6d4f8db69a4d197b4657127e7
https://conda.anaconda.org/conda-forge/linux-64/scikit-learn-0.24.2-py38hdc147b9_0.tar.bz2#d6f27b8338b41a31d52f05749712dc08
https://conda.anaconda.org/conda-forge/noarch/sparse-0.12.0-pyhd8ed1ab_0.tar.bz2#f32d29ed0d79481f771572107c9bcb12
https://conda.anaconda.org/conda-forge/noarch/tensorflow-estimator-2.4.0-pyh9656e83_0.tar.bz2#ede99bb6f017060400f03a8a29574524
https://conda.anaconda.org/conda-forge/noarch/urllib3-1.26.6-pyhd8ed1ab_0.tar.bz2#dea5b6d93cfbfbc2a253168ad05b3f89
https://conda.anaconda.org/conda-forge/noarch/wcwidth-0.2.5-pyh9f0ad1d_2.tar.bz2#5266fcd697043c59621fda522b3d78ee
https://conda.anaconda.org/conda-forge/noarch/botocore-1.20.49-pyhd8ed1ab_0.tar.bz2#5367a0d9d65b59e591e254b97c719bbe
https://conda.anaconda.org/conda-forge/linux-64/dask-gateway-0.9.0-py38h578d9bd_0.tar.bz2#b6a3b03e79063ad824dfafefd0dea862
https://conda.anaconda.org/conda-forge/noarch/kubernetes_asyncio-12.1.0-pyhd8ed1ab_0.tar.bz2#b0c93fb736e5fa0385503a218a16e485
https://conda.anaconda.org/conda-forge/noarch/mapclassify-2.4.2-pyhd8ed1ab_0.tar.bz2#fd737bd0d7c8b31daa057000d2289bc7
https://conda.anaconda.org/conda-forge/noarch/nbclient-0.5.3-pyhd8ed1ab_0.tar.bz2#67f12831640fde52fe9be1bbc6b699e7
https://conda.anaconda.org/conda-forge/noarch/prompt-toolkit-3.0.19-pyha770c72_0.tar.bz2#d6db5e598611b7e81a3d38498174e6e8
https://conda.anaconda.org/conda-forge/noarch/requests-2.25.1-pyhd3deb0d_0.tar.bz2#ae687aba31a1c400192a86a2e993ffdc
https://conda.anaconda.org/conda-forge/noarch/adal-1.2.7-pyhd8ed1ab_0.tar.bz2#1a0f134d22bad81e93f1e130b35afb35
https://conda.anaconda.org/conda-forge/noarch/aiobotocore-1.3.1-pyhd8ed1ab_0.tar.bz2#fc2137efc14dda9299b27890b8b82daa
https://conda.anaconda.org/conda-forge/noarch/azure-core-1.14.0-pyhd8ed1ab_0.tar.bz2#10bd6b181a6ad9a757a9c7ffa7b47c78
https://conda.anaconda.org/conda-forge/noarch/geopandas-0.9.0-pyhd8ed1ab_1.tar.bz2#41ca2f1b58a26c92f16f81f533336c1e
https://conda.anaconda.org/conda-forge/noarch/intake-0.6.2-pyhd8ed1ab_0.tar.bz2#159c093fadd067d8e1d6e559fae44288
https://conda.anaconda.org/conda-forge/linux-64/ipython-7.25.0-py38hd0cf306_1.tar.bz2#5defc532466cbe3699c1a102ce35169c
https://conda.anaconda.org/conda-forge/linux-64/jupyterhub-base-1.4.1-py38h578d9bd_0.tar.bz2#62d61ce955f408de176fb8e72184f926
https://conda.anaconda.org/conda-forge/noarch/msal-1.12.0-pyh6c4a22f_0.tar.bz2#519138a3af46c9d4d37702844ae22ce5
https://conda.anaconda.org/conda-forge/linux-64/nbconvert-6.1.0-py38h578d9bd_0.tar.bz2#1800753e6e4c5d2981a16d9f704b9a99
https://conda.anaconda.org/conda-forge/noarch/pooch-1.4.0-pyhd8ed1ab_0.tar.bz2#ac1a05fdf13be824cc764eddac0dde9c
https://conda.anaconda.org/conda-forge/noarch/pyct-0.4.6-py_0.tar.bz2#42d91c89bc3993ec88681cffd3c0e326
https://conda.anaconda.org/conda-forge/noarch/requests-oauthlib-1.3.0-pyh9f0ad1d_0.tar.bz2#acdcfb3267ef1a8e576e84480a5e259d
https://conda.anaconda.org/conda-forge/noarch/requests-unixsocket-0.2.0-py_0.tar.bz2#1e94a233d2f2c81b2bf11bd43a515fbe
https://conda.anaconda.org/conda-forge/noarch/azure-datalake-store-0.0.51-pyh9f0ad1d_0.tar.bz2#0a6d240a3a8198dce8508a5409b4737e
https://conda.anaconda.org/conda-forge/noarch/colorcet-2.0.6-pyhd8ed1ab_0.tar.bz2#bdf0d14cb996a18a3df88ddac83e11f9
https://conda.anaconda.org/conda-forge/noarch/google-auth-oauthlib-0.4.1-py_2.tar.bz2#116611db5925f952312e4c1e799936e2
https://conda.anaconda.org/conda-forge/noarch/intake-xarray-0.5.0-pyhd8ed1ab_0.tar.bz2#43d9d1c90da0b2b28cc16e58a52a0f2b
https://conda.anaconda.org/conda-forge/linux-64/ipykernel-6.0.1-py38hd0cf306_0.tar.bz2#ba3acee7c7995c812bd30ed29b3440e7
https://conda.anaconda.org/conda-forge/noarch/jupyter_server-1.9.0-pyhd8ed1ab_0.tar.bz2#dbd1bf29ba9a37b5c20a1ca4273fa1e3
https://conda.anaconda.org/conda-forge/noarch/msal_extensions-0.3.0-pyh9f0ad1d_0.tar.bz2#16db5a64c15c19dfae97f1d5695f4da9
https://conda.anaconda.org/conda-forge/noarch/msrest-0.6.21-pyh44b312d_0.tar.bz2#1d2ea1f71147bd5ed5222a9f0d6df946
https://conda.anaconda.org/conda-forge/noarch/panel-0.11.3-pyhd8ed1ab_0.tar.bz2#04d790177db40b8f8644c4c333e963fe
https://conda.anaconda.org/conda-forge/noarch/python-kubernetes-17.17.0-pyhd8ed1ab_0.tar.bz2#083396e8883d06ef4b5feea2c941a753
https://conda.anaconda.org/conda-forge/noarch/s3fs-2021.6.1-pyhd8ed1ab_0.tar.bz2#6a203cef0430711b23efc4b21342ce19
https://conda.anaconda.org/conda-forge/linux-64/scikit-image-0.18.1-py38h51da96c_0.tar.bz2#b744b5ff5b3162802274e6d04d8c9047
https://conda.anaconda.org/conda-forge/noarch/azure-identity-1.6.0-pyhd8ed1ab_0.tar.bz2#6e6c3a232e94530ba1e475fceb048132
https://conda.anaconda.org/conda-forge/noarch/azure-storage-blob-12.8.1-pyhd8ed1ab_0.tar.bz2#5638a85e78c4bf342f96f4e4021e56cf
https://conda.anaconda.org/conda-forge/noarch/dask-kubernetes-2021.3.1-pyhd8ed1ab_0.tar.bz2#fd4e56a94e5bced2e83f7dc2c8922472
https://conda.anaconda.org/conda-forge/noarch/datashader-0.13.0-pyh6c4a22f_0.tar.bz2#bcc353a756d4ad98b97fcc5aa1f9ce4c
https://conda.anaconda.org/conda-forge/noarch/gcsfs-2021.6.1-pyhd8ed1ab_0.tar.bz2#059261e5372e416e2c44ebe7d9120219
https://conda.anaconda.org/conda-forge/noarch/holoviews-1.14.4-pyhd8ed1ab_0.tar.bz2#ceb87fd80a00754db11ff2ad772f236d
https://conda.anaconda.org/conda-forge/noarch/jupyter-server-proxy-3.0.2-pyhd8ed1ab_0.tar.bz2#1950c6645c9213a30545eee4d54cb495
https://conda.anaconda.org/conda-forge/noarch/jupyterlab_server-2.6.0-pyhd8ed1ab_0.tar.bz2#62e29ad8a1c72f2ec56dffef91870fe3
https://conda.anaconda.org/conda-forge/noarch/notebook-6.4.0-pyha770c72_0.tar.bz2#1edbf3ee7482e201e572db0211e17f30
https://conda.anaconda.org/conda-forge/noarch/tensorboard-2.4.1-pyhd8ed1ab_0.tar.bz2#99eacca69ce81245813db90f4475cd4a
https://conda.anaconda.org/conda-forge/noarch/adlfs-0.7.7-pyhd8ed1ab_0.tar.bz2#f098b9ee982fd7c31ff5221e2ee1a752
https://conda.anaconda.org/conda-forge/noarch/geoviews-core-1.9.1-pyha770c72_0.tar.bz2#2b6b08ce5c64d1661f9a69af0622e778
https://conda.anaconda.org/conda-forge/noarch/hvplot-0.7.2-pyh6c4a22f_0.tar.bz2#cd53a3e555692ecb023592d9d7826952
https://conda.anaconda.org/conda-forge/linux-64/jupyterhub-singleuser-1.4.1-py38h578d9bd_0.tar.bz2#24ff21d85ec4c4cae7fbb7a0c2dc26c3
https://conda.anaconda.org/conda-forge/noarch/nbclassic-0.3.1-pyhd8ed1ab_1.tar.bz2#aa4f94da9fafb5b774493b26b631ad3f
https://conda.anaconda.org/conda-forge/noarch/nbgitpuller-0.9.0-py_0.tar.bz2#ce05504b25f7e0234c99e7ef1f746cbd
https://conda.anaconda.org/conda-forge/noarch/pangeo-dask-2021.06.05-hd8ed1ab_0.tar.bz2#3baa2167cc3ddf757fc2e9de4d6ec3c1
https://conda.anaconda.org/conda-forge/linux-64/tensorflow-base-2.4.1-py38h83f5f1d_0.tar.bz2#5967057ae1008e019c01c926417a60b0
https://conda.anaconda.org/conda-forge/linux-64/widgetsnbextension-3.5.1-py38h578d9bd_4.tar.bz2#beb8a105545382ba138c81c926289b5b
https://conda.anaconda.org/conda-forge/noarch/ipywidgets-7.6.3-pyhd3deb0d_0.tar.bz2#536a9ed6d9e740f2b83d1a3c388e4388
https://conda.anaconda.org/conda-forge/noarch/jupyterlab-3.0.16-pyhd8ed1ab_0.tar.bz2#48c10ee082d1649df09476e55bdc84e9
https://conda.anaconda.org/conda-forge/linux-64/tensorflow-2.4.1-py38h578d9bd_0.tar.bz2#7aa48074457cdc87423c775524f98c75
https://conda.anaconda.org/conda-forge/noarch/dask-labextension-5.0.2-pyhd8ed1ab_0.tar.bz2#205854fc12634c9b0cb8f4356ed41525
https://conda.anaconda.org/conda-forge/noarch/jupyterlab-nvdashboard-0.6.0-pyhd8ed1ab_0.tar.bz2#54607e3b1ff08b43d20dc97c908cbe2c
https://repo.anaconda.com/pkgs/main/linux-64/tensorflow-gpu-2.4.1-h30adc30_0.tar.bz2#4e634deed31f00a266d230188803fc0b
https://conda.anaconda.org/conda-forge/noarch/pangeo-notebook-2021.06.05-hd8ed1ab_0.tar.bz2#64f282e360be9653a6fe724e94c27dc1
