# Generated by conda-lock.
# platform: linux-64
# input_hash: 768bb28624981d0db45991e3443f3c4314712c1855bb1d52523bede112c3aad3
@EXPLICIT
https://conda.anaconda.org/conda-forge/linux-64/_libgcc_mutex-0.1-conda_forge.tar.bz2#d7c89558ba9fa0495403155b64376d81
https://conda.anaconda.org/conda-forge/linux-64/libopentelemetry-cpp-headers-1.21.0-ha770c72_0.conda#11b1bed92c943d3b741e8a1e1a815ed1
https://conda.anaconda.org/conda-forge/linux-64/nlohmann_json-3.12.0-h3f2d84a_0.conda#d76872d096d063e226482c99337209dc
https://conda.anaconda.org/conda-forge/noarch/python_abi-3.12-7_cp312.conda#0dfcdc155cf23812a0c9deada86fb723
https://conda.anaconda.org/conda-forge/noarch/tzdata-2025b-h78e105d_0.conda#4222072737ccff51314b5ece9c7d6f5a
https://conda.anaconda.org/conda-forge/noarch/ca-certificates-2025.6.15-hbd8a1cb_0.conda#72525f07d72806e3b639ad4504c30ce5
https://conda.anaconda.org/conda-forge/linux-64/ld_impl_linux-64-2.44-h1423503_0.conda#e31316a586cac398b1fcdb10ace786b9
https://conda.anaconda.org/conda-forge/linux-64/libgomp-15.1.0-h767d61c_3.conda#3cd1a7238a0dd3d0860fdefc496cc854
https://conda.anaconda.org/conda-forge/linux-64/_openmp_mutex-4.5-2_gnu.tar.bz2#73aaf86a425cc6e73fcf236a5a46396d
https://conda.anaconda.org/conda-forge/linux-64/libgcc-15.1.0-h767d61c_3.conda#9e60c55e725c20d23125a5f0dd69af5d
https://conda.anaconda.org/conda-forge/linux-64/aws-c-common-0.12.3-hb9d3cd8_0.conda#8448031a22c697fac3ed98d69e8a9160
https://conda.anaconda.org/conda-forge/linux-64/c-ares-1.34.5-hb9d3cd8_0.conda#f7f0d6cc2dc986d42ac2689ec88192be
https://conda.anaconda.org/conda-forge/linux-64/libbrotlicommon-1.1.0-hb9d3cd8_3.conda#cb98af5db26e3f482bebb80ce9d947d3
https://conda.anaconda.org/conda-forge/linux-64/libdeflate-1.24-h86f0d12_0.conda#64f0c503da58ec25ebd359e4d990afa8
https://conda.anaconda.org/conda-forge/linux-64/libexpat-2.7.0-h5888daf_0.conda#db0bfbe7dd197b68ad5f30333bae6ce0
https://conda.anaconda.org/conda-forge/linux-64/libffi-3.4.6-h2dba641_1.conda#ede4673863426c0883c0063d853bbd85
https://conda.anaconda.org/conda-forge/linux-64/libgcc-ng-15.1.0-h69a702a_3.conda#e66f2b8ad787e7beb0f846e4bd7e8493
https://conda.anaconda.org/conda-forge/linux-64/libgfortran5-15.1.0-hcea5267_3.conda#530566b68c3b8ce7eec4cd047eae19fe
https://conda.anaconda.org/conda-forge/linux-64/libiconv-1.18-h4ce23a2_1.conda#e796ff8ddc598affdf7c173d6145f087
https://conda.anaconda.org/conda-forge/linux-64/libjpeg-turbo-3.1.0-hb9d3cd8_0.conda#9fa334557db9f63da6c9285fd2a48638
https://conda.anaconda.org/conda-forge/linux-64/liblzma-5.8.1-hb9d3cd8_2.conda#1a580f7796c7bf6393fddb8bbbde58dc
https://conda.anaconda.org/conda-forge/linux-64/libnsl-2.0.1-hb9d3cd8_1.conda#d864d34357c3b65a4b731f78c0801dc4
https://conda.anaconda.org/conda-forge/linux-64/libstdcxx-15.1.0-h8f9b012_3.conda#6d11a5edae89fe413c0569f16d308f5a
https://conda.anaconda.org/conda-forge/linux-64/libutf8proc-2.10.0-h202a827_0.conda#0f98f3e95272d118f7931b6bef69bfe5
https://conda.anaconda.org/conda-forge/linux-64/libwebp-base-1.5.0-h851e524_0.conda#63f790534398730f59e1b899c3644d4a
https://conda.anaconda.org/conda-forge/linux-64/libzlib-1.3.1-hb9d3cd8_2.conda#edb0dca6bc32e4f4789199455a1dbeb8
https://conda.anaconda.org/conda-forge/linux-64/ncurses-6.5-h2d0b736_3.conda#47e340acb35de30501a76c7c799c41d7
https://conda.anaconda.org/conda-forge/linux-64/openssl-3.5.1-h7b32b05_0.conda#c87df2ab1448ba69169652ab9547082d
https://conda.anaconda.org/conda-forge/linux-64/pthread-stubs-0.4-hb9d3cd8_1002.conda#b3c17d95b5a10c6e64a21fa17573e70e
https://conda.anaconda.org/conda-forge/linux-64/xorg-libxau-1.0.12-hb9d3cd8_0.conda#f6ebe2cb3f82ba6c057dde5d9debe4f7
https://conda.anaconda.org/conda-forge/linux-64/xorg-libxdmcp-1.1.5-hb9d3cd8_0.conda#8035c64cb77ed555e3f150b7b3972480
https://conda.anaconda.org/conda-forge/linux-64/aws-c-cal-0.9.2-h5e3027f_0.conda#0ead3ab65460d51efb27e5186f50f8e4
https://conda.anaconda.org/conda-forge/linux-64/aws-c-compression-0.3.1-hafb2847_5.conda#e96cc668c0f9478f5771b37d57f90386
https://conda.anaconda.org/conda-forge/linux-64/aws-c-sdkutils-0.2.4-hafb2847_0.conda#65853df44b7e4029d978c50be888ed89
https://conda.anaconda.org/conda-forge/linux-64/aws-checksums-0.2.7-hafb2847_1.conda#6d28d50637fac4f081a0903b4b33d56d
https://conda.anaconda.org/conda-forge/linux-64/bzip2-1.0.8-h4bc722e_7.conda#62ee74e96c5ebb0af99386de58cf9553
https://conda.anaconda.org/conda-forge/linux-64/gflags-2.2.2-h5888daf_1005.conda#d411fc29e338efb48c5fd4576d71d881
https://conda.anaconda.org/conda-forge/linux-64/keyutils-1.6.1-h166bdaf_0.tar.bz2#30186d27e2c9fa62b45fb1476b7200e3
https://conda.anaconda.org/conda-forge/linux-64/lerc-4.0.0-h0aef613_1.conda#9344155d33912347b37f0ae6c410a835
https://conda.anaconda.org/conda-forge/linux-64/libabseil-20250127.1-cxx17_hbbce691_0.conda#00290e549c5c8a32cc271020acc9ec6b
https://conda.anaconda.org/conda-forge/linux-64/libbrotlidec-1.1.0-hb9d3cd8_3.conda#1c6eecffad553bde44c5238770cfb7da
https://conda.anaconda.org/conda-forge/linux-64/libbrotlienc-1.1.0-hb9d3cd8_3.conda#3facafe58f3858eb95527c7d3a3fc578
https://conda.anaconda.org/conda-forge/linux-64/libedit-3.1.20250104-pl5321h7949ede_0.conda#c277e0a4d549b03ac1e9d6cbbe3d017b
https://conda.anaconda.org/conda-forge/linux-64/libev-4.33-hd590300_2.conda#172bf1cd1ff8629f2b1179945ed45055
https://conda.anaconda.org/conda-forge/linux-64/libevent-2.1.12-hf998b51_1.conda#a1cfcc585f0c42bf8d5546bb1dfb668d
https://conda.anaconda.org/conda-forge/linux-64/libgfortran-15.1.0-h69a702a_3.conda#bfbca721fd33188ef923dfe9ba172f29
https://conda.anaconda.org/conda-forge/linux-64/libpng-1.6.50-h943b412_0.conda#51de14db340a848869e69c632b43cca7
https://conda.anaconda.org/conda-forge/linux-64/libsodium-1.0.20-h4ab18f5_0.conda#a587892d3c13b6621a6091be690dbca2
https://conda.anaconda.org/conda-forge/linux-64/libsqlite-3.50.2-h6cd9bfd_0.conda#b04c7eda6d7dab1e6503135e7fad4d25
https://conda.anaconda.org/conda-forge/linux-64/libssh2-1.11.1-hcf80075_0.conda#eecce068c7e4eddeb169591baac20ac4
https://conda.anaconda.org/conda-forge/linux-64/libstdcxx-ng-15.1.0-h4852527_3.conda#57541755b5a51691955012b8e197c06c
https://conda.anaconda.org/conda-forge/linux-64/libuuid-2.38.1-h0b41bf4_0.conda#40b61aab5c7ba9ff276c41cfffe6b80b
https://conda.anaconda.org/conda-forge/linux-64/libxcb-1.17.0-h8a09558_0.conda#92ed62436b625154323d40d5f2f11dd7
https://conda.anaconda.org/conda-forge/linux-64/libxcrypt-4.4.36-hd590300_1.conda#5aa797f8787fe7a17d1b0821485b5adc
https://conda.anaconda.org/conda-forge/linux-64/lz4-c-1.10.0-h5888daf_1.conda#9de5350a85c4a20c685259b889aa6393
https://conda.anaconda.org/conda-forge/linux-64/readline-8.2-h8c095d6_2.conda#283b96675859b20a825f8fa30f311446
https://conda.anaconda.org/conda-forge/linux-64/s2n-1.5.22-h96f233e_0.conda#2f6fc0cf7cd248a32a52d7c8609d93a9
https://conda.anaconda.org/conda-forge/linux-64/snappy-1.2.1-h8bd8927_1.conda#3b3e64af585eadfb52bb90b553db5edf
https://conda.anaconda.org/conda-forge/linux-64/tk-8.6.13-noxft_hd72426e_102.conda#a0116df4f4ed05c303811a837d5b39d8
https://conda.anaconda.org/conda-forge/linux-64/yaml-0.2.5-h7f98852_2.tar.bz2#4cb3ad778ec2d5a7acbdf254eb1c42ae
https://conda.anaconda.org/conda-forge/linux-64/zlib-1.3.1-hb9d3cd8_2.conda#c9f075ab2f33b3bbee9e62d4ad0a6cd8
https://conda.anaconda.org/conda-forge/linux-64/zstd-1.5.7-hb8e6e7a_2.conda#6432cb5d4ac0046c3ac0a8a0f95842f9
https://conda.anaconda.org/conda-forge/linux-64/aws-c-io-0.20.1-h6b9530e_1.conda#89196044016bf205837ab0c5a90d8c71
https://conda.anaconda.org/conda-forge/linux-64/glog-0.7.1-hbabe93e_0.conda#ff862eebdfeb2fd048ae9dc92510baca
https://conda.anaconda.org/conda-forge/linux-64/icu-75.1-he02047a_0.conda#8b189310083baabfb622af68fd9d3ae3
https://conda.anaconda.org/conda-forge/linux-64/krb5-1.21.3-h659f571_0.conda#3f43953b7d3fb3aaa1d0d0723d91e368
https://conda.anaconda.org/conda-forge/linux-64/libcrc32c-1.1.2-h9c3ff4c_0.tar.bz2#c965a5aa0d5c1c37ffc62dff36e28400
https://conda.anaconda.org/conda-forge/linux-64/libfreetype6-2.13.3-h48d6fc4_1.conda#3c255be50a506c50765a93a6644f32fe
https://conda.anaconda.org/conda-forge/linux-64/libnghttp2-1.64.0-h161d5f1_0.conda#19e57602824042dfd0446292ef90488b
https://conda.anaconda.org/conda-forge/linux-64/libopenblas-0.3.30-pthreads_h94d23a6_0.conda#323dc8f259224d13078aaf7ce96c3efe
https://conda.anaconda.org/conda-forge/linux-64/libprotobuf-5.29.3-h501fc15_1.conda#edb86556cf4a0c133e7932a1597ff236
https://conda.anaconda.org/conda-forge/linux-64/libre2-11-2025.06.26-hba17884_0.conda#f6881c04e6617ebba22d237c36f1b88e
https://conda.anaconda.org/conda-forge/linux-64/libthrift-0.21.0-h0e7cc3e_0.conda#dcb95c0a98ba9ff737f7ae482aef7833
https://conda.anaconda.org/conda-forge/linux-64/libtiff-4.7.0-hf01ce69_5.conda#e79a094918988bb1807462cd42c83962
https://conda.anaconda.org/conda-forge/linux-64/python-3.12.11-h9e4cc4f_0_cpython.conda#94206474a5608243a10c92cefbe0908f
https://conda.anaconda.org/conda-forge/noarch/aiohappyeyeballs-2.6.1-pyhd8ed1ab_0.conda#18fd895e0e775622906cdabfc3cf0fb4
https://conda.anaconda.org/conda-forge/noarch/asttokens-3.0.0-pyhd8ed1ab_1.conda#8f587de4bcf981e26228f268df374a9b
https://conda.anaconda.org/conda-forge/noarch/async_generator-1.10-pyhd8ed1ab_2.conda#0c07617cd436b9cd5570dc34f3af642b
https://conda.anaconda.org/conda-forge/noarch/attrs-25.3.0-pyh71513ae_0.conda#a10d11958cadc13fdb43df75f8b1903f
https://conda.anaconda.org/conda-forge/linux-64/aws-c-event-stream-0.5.5-h76f0014_0.conda#96ca9c01b50954f1224086170a4c97ea
https://conda.anaconda.org/conda-forge/linux-64/aws-c-http-0.10.2-h015de20_2.conda#ad05d594704926ba7c0c894a02ea98f1
https://conda.anaconda.org/conda-forge/noarch/blinker-1.9.0-pyhff2d567_0.conda#42834439227a4551b939beeeb8a4b085
https://conda.anaconda.org/conda-forge/linux-64/brotli-python-1.1.0-py312h2ec8cdc_3.conda#a32e0c069f6c3dcac635f7b0b0dac67e
https://conda.anaconda.org/conda-forge/noarch/cached_property-1.5.2-pyha770c72_1.tar.bz2#576d629e47797577ab0f1b351297ef4a
https://conda.anaconda.org/conda-forge/noarch/certifi-2025.6.15-pyhd8ed1ab_0.conda#781d068df0cc2407d4db0ecfbb29225b
https://conda.anaconda.org/conda-forge/noarch/charset-normalizer-3.4.2-pyhd8ed1ab_0.conda#40fe4284b8b5835a9073a645139f35af
https://conda.anaconda.org/conda-forge/noarch/click-8.2.1-pyh707e725_0.conda#94b550b8d3a614dbd326af798c7dfb40
https://conda.anaconda.org/conda-forge/noarch/cloudpickle-3.1.1-pyhd8ed1ab_0.conda#364ba6c9fb03886ac979b482f39ebb92
https://conda.anaconda.org/conda-forge/linux-64/debugpy-1.8.14-py312h2ec8cdc_0.conda#089cf3a3becf0e2f403feaf16e921678
https://conda.anaconda.org/conda-forge/noarch/decorator-5.2.1-pyhd8ed1ab_0.conda#9ce473d1d1be1cc3810856a48b3fab32
https://conda.anaconda.org/conda-forge/noarch/defusedxml-0.7.1-pyhd8ed1ab_0.tar.bz2#961b3a227b437d82ad7054484cfa71b2
https://conda.anaconda.org/conda-forge/noarch/executing-2.2.0-pyhd8ed1ab_0.conda#81d30c08f9a3e556e8ca9e124b044d14
https://conda.anaconda.org/conda-forge/linux-64/frozenlist-1.6.0-py312hb9e946c_0.conda#13290e5d9cb327b1b61c1bd8089ac920
https://conda.anaconda.org/conda-forge/noarch/fsspec-2025.5.1-pyhd8ed1ab_0.conda#2d2c9ef879a7e64e2dc657b09272c2b6
https://conda.anaconda.org/conda-forge/linux-64/greenlet-3.2.3-py312h2ec8cdc_0.conda#78380a74e2375eb8244290e181b2738b
https://conda.anaconda.org/conda-forge/noarch/hpack-4.1.0-pyhd8ed1ab_0.conda#0a802cb9888dd14eeefc611f05c40b6e
https://conda.anaconda.org/conda-forge/noarch/hyperframe-6.1.0-pyhd8ed1ab_0.conda#8e6923fc12f1fe8f8c4e5c9f343256ac
https://conda.anaconda.org/conda-forge/noarch/idna-3.10-pyhd8ed1ab_1.conda#39a4f67be3286c86d696df570b1201b7
https://conda.anaconda.org/conda-forge/noarch/json5-0.12.0-pyhd8ed1ab_0.conda#56275442557b3b45752c10980abfe2db
https://conda.anaconda.org/conda-forge/linux-64/jsonpointer-3.0.0-py312h7900ff3_1.conda#6b51f7459ea4073eeb5057207e2e1e3d
https://conda.anaconda.org/conda-forge/noarch/jupyterlab_widgets-3.0.15-pyhd8ed1ab_0.conda#ad100d215fad890ab0ee10418f36876f
https://conda.anaconda.org/conda-forge/linux-64/lcms2-2.17-h717163a_0.conda#000e85703f0fd9594c81710dd5066471
https://conda.anaconda.org/conda-forge/linux-64/libblas-3.9.0-32_h59b9bed_openblas.conda#2af9f3d5c2e39f417ce040f5a35c40c6
https://conda.anaconda.org/conda-forge/linux-64/libcurl-8.14.1-h332b0f4_0.conda#45f6713cb00f124af300342512219182
https://conda.anaconda.org/conda-forge/linux-64/libfreetype-2.13.3-ha770c72_1.conda#51f5be229d83ecd401fb369ab96ae669
https://conda.anaconda.org/conda-forge/linux-64/libxml2-2.13.8-h4bc477f_0.conda#14dbe05b929e329dbaa6f2d0aa19466d
https://conda.anaconda.org/conda-forge/noarch/locket-1.0.0-pyhd8ed1ab_0.tar.bz2#91e27ef3d05cc772ce627e51cff111c4
https://conda.anaconda.org/conda-forge/linux-64/lz4-4.4.4-py312hf0f0c11_0.conda#f770ae71fc1800e7a735a7b452c0ab81
https://conda.anaconda.org/conda-forge/linux-64/markupsafe-3.0.2-py312h178313f_1.conda#eb227c3e0bf58f5bd69c0532b157975b
https://conda.anaconda.org/conda-forge/linux-64/msgpack-python-1.1.1-py312h68727a3_0.conda#6998b34027ecc577efe4e42f4b022a98
https://conda.anaconda.org/conda-forge/linux-64/multidict-6.6.3-py312h178313f_0.conda#f4e246ec4ccdf73e50eefb0fa359a64e
https://conda.anaconda.org/conda-forge/noarch/narwhals-1.46.0-pyhe01879c_0.conda#893a77ea59b57d6dce175864338f7a52
https://conda.anaconda.org/conda-forge/noarch/nest-asyncio-1.6.0-pyhd8ed1ab_1.conda#598fd7d4d0de2455fb74f56063969a97
https://conda.anaconda.org/conda-forge/linux-64/openjpeg-2.5.3-h5fbd93e_0.conda#9e5816bc95d285c115a3ebc2f8563564
https://conda.anaconda.org/conda-forge/linux-64/orc-2.1.2-h17f744e_0.conda#ef7f9897a244b2023a066c22a1089ce4
https://conda.anaconda.org/conda-forge/noarch/packaging-25.0-pyh29332c3_1.conda#58335b26c38bf4a20f399384c33cbcf9
https://conda.anaconda.org/conda-forge/noarch/pamela-1.2.0-pyhd8ed1ab_1.conda#a3a069b6dbf63e1a635f3feeffdaeb4e
https://conda.anaconda.org/conda-forge/noarch/pandocfilters-1.5.0-pyhd8ed1ab_0.tar.bz2#457c2c8c08e54905d6954e79cb5b5db9
https://conda.anaconda.org/conda-forge/noarch/parso-0.8.4-pyhd8ed1ab_1.conda#5c092057b6badd30f75b06244ecd01c9
https://conda.anaconda.org/conda-forge/noarch/pickleshare-0.7.5-pyhd8ed1ab_1004.conda#11a9d1d09a3615fc07c3faf79bc0b943
https://conda.anaconda.org/conda-forge/noarch/pkgutil-resolve-name-1.3.10-pyhd8ed1ab_2.conda#5a5870a74432aa332f7d32180633ad05
https://conda.anaconda.org/conda-forge/noarch/platformdirs-4.3.8-pyhe01879c_0.conda#424844562f5d337077b445ec6b1398a7
https://conda.anaconda.org/conda-forge/noarch/prometheus_client-0.22.1-pyhd8ed1ab_0.conda#c64b77ccab10b822722904d889fa83b5
https://conda.anaconda.org/conda-forge/linux-64/propcache-0.3.1-py312h178313f_0.conda#0cf580c1b73146bb9ff1bbdb4d4c8cf9
https://conda.anaconda.org/conda-forge/linux-64/psutil-7.0.0-py312h66e93f0_0.conda#8e30db4239508a538e4a3b3cdf5b9616
https://conda.anaconda.org/conda-forge/noarch/ptyprocess-0.7.0-pyhd8ed1ab_1.conda#7d9daffbb8d8e0af0f769dbbcd173a54
https://conda.anaconda.org/conda-forge/noarch/pure_eval-0.2.3-pyhd8ed1ab_1.conda#3bfdfb8dbcdc4af1ae3f9a8eb3948f04
https://conda.anaconda.org/conda-forge/noarch/pycparser-2.22-pyh29332c3_1.conda#12c566707c80111f9799308d9e265aef
https://conda.anaconda.org/conda-forge/noarch/pygments-2.19.2-pyhd8ed1ab_0.conda#6b6ece66ebcae2d5f326c77ef2c5a066
https://conda.anaconda.org/conda-forge/noarch/pyjwt-2.10.1-pyhd8ed1ab_0.conda#84c5c40ea7c5bbc6243556e5daed20e7
https://conda.anaconda.org/conda-forge/noarch/pysocks-1.7.1-pyha55dd90_7.conda#461219d1a5bd61342293efa2c0c90eac
https://conda.anaconda.org/conda-forge/noarch/python-fastjsonschema-2.21.1-pyhd8ed1ab_0.conda#38e34d2d1d9dca4fb2b9a0a04f604e2c
https://conda.anaconda.org/conda-forge/noarch/python-json-logger-2.0.7-pyhd8ed1ab_0.conda#a61bf9ec79426938ff785eb69dbb1960
https://conda.anaconda.org/conda-forge/noarch/python-tzdata-2025.2-pyhd8ed1ab_0.conda#88476ae6ebd24f39261e0854ac244f33
https://conda.anaconda.org/conda-forge/noarch/pytz-2025.2-pyhd8ed1ab_0.conda#bc8e3267d44011051f2eb14d22fb0960
https://conda.anaconda.org/conda-forge/linux-64/pyyaml-6.0.2-py312h178313f_2.conda#cf2485f39740de96e2a7f2bb18ed2fee
https://conda.anaconda.org/conda-forge/linux-64/re2-2025.06.26-h9925aae_0.conda#2b4249747a9091608dbff2bd22afde44
https://conda.anaconda.org/conda-forge/noarch/rfc3986-validator-0.1.1-pyh9f0ad1d_0.tar.bz2#912a71cc01012ee38e6b90ddd561e36f
https://conda.anaconda.org/conda-forge/linux-64/rpds-py-0.26.0-py312h680f630_0.conda#5b251d4dd547d8b5970152bae2cc1600
https://conda.anaconda.org/conda-forge/noarch/send2trash-1.8.3-pyh0d859eb_1.conda#938c8de6b9de091997145b3bf25cdbf9
https://conda.anaconda.org/conda-forge/noarch/setuptools-80.9.0-pyhff2d567_0.conda#4de79c071274a53dcaf2a8c749d1499e
https://conda.anaconda.org/conda-forge/noarch/simpervisor-1.0.0-pyhd8ed1ab_1.conda#b12cd36c9eea3f4d2f77daef432bdc00
https://conda.anaconda.org/conda-forge/noarch/six-1.17.0-pyhd8ed1ab_0.conda#a451d576819089b0d672f18768be0f65
https://conda.anaconda.org/conda-forge/noarch/sniffio-1.3.1-pyhd8ed1ab_1.conda#bf7a226e58dfb8346c70df36065d86c9
https://conda.anaconda.org/conda-forge/noarch/sortedcontainers-2.4.0-pyhd8ed1ab_1.conda#0401a17ae845fa72c7210e206ec5647d
https://conda.anaconda.org/conda-forge/noarch/soupsieve-2.7-pyhd8ed1ab_0.conda#fb32097c717486aa34b38a9db57eb49e
https://conda.anaconda.org/conda-forge/noarch/tblib-3.1.0-pyhd8ed1ab_0.conda#a15c62b8a306b8978f094f76da2f903f
https://conda.anaconda.org/conda-forge/noarch/tomli-2.2.1-pyhd8ed1ab_1.conda#ac944244f1fed2eb49bae07193ae8215
https://conda.anaconda.org/conda-forge/noarch/toolz-1.0.0-pyhd8ed1ab_1.conda#40d0ed782a8aaa16ef248e68c06c168d
https://conda.anaconda.org/conda-forge/linux-64/tornado-6.5.1-py312h66e93f0_0.conda#c532a6ee766bed75c4fa0c39e959d132
https://conda.anaconda.org/conda-forge/noarch/traitlets-5.14.3-pyhd8ed1ab_1.conda#019a7385be9af33791c989871317e1ed
https://conda.anaconda.org/conda-forge/noarch/types-python-dateutil-2.9.0.20250708-pyhd8ed1ab_0.conda#b6d4c200582ead6427f49a189e2c6d65
https://conda.anaconda.org/conda-forge/noarch/typing_extensions-4.14.1-pyhe01879c_0.conda#e523f4f1e980ed7a4240d7e27e9ec81f
https://conda.anaconda.org/conda-forge/noarch/typing_utils-0.1.0-pyhd8ed1ab_1.conda#f6d7aa696c67756a650e91e15e88223c
https://conda.anaconda.org/conda-forge/noarch/uri-template-1.3.0-pyhd8ed1ab_1.conda#e7cb0f5745e4c5035a460248334af7eb
https://conda.anaconda.org/conda-forge/noarch/wcwidth-0.2.13-pyhd8ed1ab_1.conda#b68980f2495d096e71c7fd9d7ccf63e6
https://conda.anaconda.org/conda-forge/noarch/webcolors-24.11.1-pyhd8ed1ab_0.conda#b49f7b291e15494aafb0a7d74806f337
https://conda.anaconda.org/conda-forge/noarch/webencodings-0.5.1-pyhd8ed1ab_3.conda#2841eb5bfc75ce15e9a0054b98dcd64d
https://conda.anaconda.org/conda-forge/noarch/websocket-client-1.8.0-pyhd8ed1ab_1.conda#84f8f77f0a9c6ef401ee96611745da8f
https://conda.anaconda.org/conda-forge/noarch/wheel-0.45.1-pyhd8ed1ab_1.conda#75cb7132eb58d97896e173ef12ac9986
https://conda.anaconda.org/conda-forge/noarch/widgetsnbextension-4.0.14-pyhd8ed1ab_0.conda#2f1f99b13b9d2a03570705030a0b3e7c
https://conda.anaconda.org/conda-forge/noarch/xyzservices-2025.4.0-pyhd8ed1ab_0.conda#5663fa346821cd06dc1ece2c2600be2c
https://conda.anaconda.org/conda-forge/linux-64/zeromq-4.3.5-h3b0a872_7.conda#3947a35e916fcc6b9825449affbf4214
https://conda.anaconda.org/conda-forge/noarch/zict-3.0.0-pyhd8ed1ab_1.conda#e52c2ef711ccf31bb7f70ca87d144b9e
https://conda.anaconda.org/conda-forge/noarch/zipp-3.23.0-pyhd8ed1ab_0.conda#df5e78d904988eb55042c0c97446079f
https://conda.anaconda.org/conda-forge/noarch/aiosignal-1.4.0-pyhd8ed1ab_0.conda#421a865222cd0c9d83ff08bc78bf3a61
https://conda.anaconda.org/conda-forge/noarch/async-lru-2.0.5-pyh29332c3_0.conda#d9d0f99095a9bb7e3641bca8c6ad2ac7
https://conda.anaconda.org/conda-forge/linux-64/aws-c-auth-0.9.0-hbfa7f16_15.conda#16baa9bb7f70a1e457a82023898314a7
https://conda.anaconda.org/conda-forge/linux-64/aws-c-mqtt-0.13.1-h1e5e6c0_3.conda#d55921ca3469224f689f974278107308
https://conda.anaconda.org/conda-forge/linux-64/azure-core-cpp-1.14.0-h5cfcd09_0.conda#0a8838771cc2e985cd295e01ae83baf1
https://conda.anaconda.org/conda-forge/noarch/babel-2.17.0-pyhd8ed1ab_0.conda#0a01c169f0ab0f91b26e77a3301fbfe4
https://conda.anaconda.org/conda-forge/noarch/bleach-6.2.0-pyh29332c3_4.conda#f0b4c8e370446ef89797608d60a564b3
https://conda.anaconda.org/conda-forge/noarch/cached-property-1.5.2-hd8ed1ab_1.tar.bz2#9b347a7ec10940d3f7941ff6c460b551
https://conda.anaconda.org/conda-forge/linux-64/cffi-1.17.1-py312h06ac9bb_0.conda#a861504bbea4161a9170b85d4d2be840
https://conda.anaconda.org/conda-forge/noarch/comm-0.2.2-pyhd8ed1ab_1.conda#74673132601ec2b7fc592755605f4c1b
https://conda.anaconda.org/conda-forge/linux-64/cytoolz-1.0.1-py312h66e93f0_0.conda#6198b134b1c08173f33653896974d477
https://conda.anaconda.org/conda-forge/noarch/exceptiongroup-1.3.0-pyhd8ed1ab_0.conda#72e42d28960d875c7654614f8b50939a
https://conda.anaconda.org/conda-forge/noarch/h11-0.16.0-pyhd8ed1ab_0.conda#4b69232755285701bc86a5afe4d9933a
https://conda.anaconda.org/conda-forge/noarch/h2-4.2.0-pyhd8ed1ab_0.conda#b4754fb1bdcb70c8fd54f918301582c6
https://conda.anaconda.org/conda-forge/noarch/importlib-metadata-8.7.0-pyhe01879c_1.conda#63ccfdc3a3ce25b027b8767eb722fca8
https://conda.anaconda.org/conda-forge/noarch/importlib_resources-6.5.2-pyhd8ed1ab_0.conda#c85c76dc67d75619a92f51dfbce06992
https://conda.anaconda.org/conda-forge/noarch/ipython_pygments_lexers-1.1.1-pyhd8ed1ab_0.conda#bd80ba060603cc228d9d81c257093119
https://conda.anaconda.org/conda-forge/noarch/jedi-0.19.2-pyhd8ed1ab_1.conda#a4f4c5dc9b80bc50e0d3dc4e6e8f1bd9
https://conda.anaconda.org/conda-forge/noarch/jinja2-3.1.6-pyhd8ed1ab_0.conda#446bd6c8cb26050d528881df495ce646
https://conda.anaconda.org/conda-forge/noarch/jupyter_core-5.8.1-pyh31011fe_0.conda#b7d89d860ebcda28a5303526cdee68ab
https://conda.anaconda.org/conda-forge/noarch/jupyterlab_pygments-0.3.0-pyhd8ed1ab_2.conda#fd312693df06da3578383232528c468d
https://conda.anaconda.org/conda-forge/linux-64/libcblas-3.9.0-32_he106b2a_openblas.conda#3d3f9355e52f269cd8bc2c440d8a5263
https://conda.anaconda.org/conda-forge/linux-64/libgrpc-1.71.0-h8e591d7_1.conda#c3cfd72cbb14113abee7bbd86f44ad69
https://conda.anaconda.org/conda-forge/linux-64/liblapack-3.9.0-32_h7ac8fdf_openblas.conda#6c3f04ccb6c578138e9f9899da0bd714
https://conda.anaconda.org/conda-forge/noarch/matplotlib-inline-0.1.7-pyhd8ed1ab_1.conda#af6ab708897df59bd6e7283ceab1b56b
https://conda.anaconda.org/conda-forge/noarch/mistune-3.1.3-pyh29332c3_0.conda#7ec6576e328bc128f4982cd646eeba85
https://conda.anaconda.org/conda-forge/noarch/overrides-7.7.0-pyhd8ed1ab_1.conda#e51f1e4089cad105b6cac64bd8166587
https://conda.anaconda.org/conda-forge/noarch/partd-1.4.2-pyhd8ed1ab_0.conda#0badf9c54e24cecfb0ad2f99d680c163
https://conda.anaconda.org/conda-forge/noarch/pexpect-4.9.0-pyhd8ed1ab_1.conda#d0d408b1f18883a944376da5cf8101ea
https://conda.anaconda.org/conda-forge/linux-64/pillow-11.3.0-py312h80c1187_0.conda#7911e727a6c24db662193a960b81b6b2
https://conda.anaconda.org/conda-forge/noarch/pip-25.1.1-pyh8b19718_0.conda#32d0781ace05105cc99af55d36cbec7c
https://conda.anaconda.org/conda-forge/linux-64/prometheus-cpp-1.3.0-ha5d0236_0.conda#a83f6a2fdc079e643237887a37460668
https://conda.anaconda.org/conda-forge/noarch/prompt-toolkit-3.0.51-pyha770c72_0.conda#d17ae9db4dc594267181bd199bf9a551
https://conda.anaconda.org/conda-forge/noarch/python-dateutil-2.9.0.post0-pyhe01879c_2.conda#5b8d21249ff20967101ffa321cab24e8
https://conda.anaconda.org/conda-forge/linux-64/pyzmq-27.0.0-py312hbf22597_0.conda#4b9a9cda3292668831cf47257ade22a6
https://conda.anaconda.org/conda-forge/noarch/referencing-0.36.2-pyh29332c3_0.conda#9140f1c09dd5489549c6a33931b943c7
https://conda.anaconda.org/conda-forge/noarch/rfc3339-validator-0.1.4-pyhd8ed1ab_1.conda#36de09a8d3e5d5e6f4ee63af49e59706
https://conda.anaconda.org/conda-forge/noarch/stack_data-0.6.3-pyhd8ed1ab_1.conda#b1b505328da7a6b246787df4b5a49fbc
https://conda.anaconda.org/conda-forge/noarch/terminado-0.18.1-pyh0d859eb_0.conda#efba281bbdae5f6b0a1d53c6d4a97c93
https://conda.anaconda.org/conda-forge/noarch/tinycss2-1.4.0-pyhd8ed1ab_0.conda#f1acf5fdefa8300de697982bcb1761c9
https://conda.anaconda.org/conda-forge/noarch/typing-extensions-4.14.1-h4440ef1_0.conda#75be1a943e0a7f99fcf118309092c635
https://conda.anaconda.org/conda-forge/noarch/typing-inspection-0.4.1-pyhd8ed1ab_0.conda#e0c3cd765dc15751ee2f0b03cd015712
https://conda.anaconda.org/conda-forge/linux-64/yarl-1.20.1-py312h178313f_0.conda#3b3fa80c71d6a8d0380e9e790f5a4a8a
https://conda.anaconda.org/conda-forge/linux-64/aiohttp-3.12.13-py312h178313f_0.conda#a91df3f6eaf0d0afd155274a1833ab3c
https://conda.anaconda.org/conda-forge/noarch/annotated-types-0.7.0-pyhd8ed1ab_1.conda#2934f256a8acfe48f6ebb4fce6cde29c
https://conda.anaconda.org/conda-forge/noarch/anyio-4.9.0-pyh29332c3_0.conda#9749a2c77a7c40d432ea0927662d7e52
https://conda.anaconda.org/conda-forge/linux-64/argon2-cffi-bindings-21.2.0-py312h66e93f0_5.conda#1505fc57c305c0a3174ea7aae0a0db25
https://conda.anaconda.org/conda-forge/noarch/arrow-1.3.0-pyhd8ed1ab_1.conda#46b53236fdd990271b03c3978d4218a9
https://conda.anaconda.org/conda-forge/linux-64/aws-c-s3-0.8.3-h5e174a9_0.conda#dea2540e57e8c1b949ca58ff4c7c0cbf
https://conda.anaconda.org/conda-forge/linux-64/azure-identity-cpp-1.10.0-h113e628_0.conda#73f73f60854f325a55f1d31459f2ab73
https://conda.anaconda.org/conda-forge/linux-64/azure-storage-common-cpp-12.8.0-h736e048_1.conda#13de36be8de3ae3f05ba127631599213
https://conda.anaconda.org/conda-forge/noarch/beautifulsoup4-4.13.4-pyha770c72_0.conda#9f07c4fc992adb2d6c30da7fab3959a7
https://conda.anaconda.org/conda-forge/noarch/bleach-with-css-6.2.0-h82add2a_4.conda#a30e9406c873940383555af4c873220d
https://conda.anaconda.org/conda-forge/linux-64/cryptography-45.0.5-py312hda17c39_0.conda#b315b9ae992b31e65c59be8fac2e234a
https://conda.anaconda.org/conda-forge/noarch/dask-core-2025.5.1-pyhe01879c_1.conda#a1a12f11fb2de0efb6f39a97a8bc66e1
https://conda.anaconda.org/conda-forge/noarch/fqdn-1.5.1-pyhd8ed1ab_1.conda#d3549fd50d450b6d9e7dddff25dd2110
https://conda.anaconda.org/conda-forge/noarch/ipython-9.4.0-pyhfa0c392_0.conda#cb7706b10f35e7507917cefa0978a66d
https://conda.anaconda.org/conda-forge/noarch/jsonschema-specifications-2025.4.1-pyh29332c3_0.conda#41ff526b1083fde51fbdc93f29282e0e
https://conda.anaconda.org/conda-forge/noarch/jupyter_client-8.6.3-pyhd8ed1ab_1.conda#4ebae00eae9705b0c3d6d1018a81d047
https://conda.anaconda.org/conda-forge/noarch/jupyter_server_terminals-0.5.3-pyhd8ed1ab_1.conda#2d983ff1b82a1ccb6f2e9d8784bdd6bd
https://conda.anaconda.org/conda-forge/linux-64/libgoogle-cloud-2.36.0-hc4361e1_1.conda#ae36e6296a8dd8e8a9a8375965bf6398
https://conda.anaconda.org/conda-forge/linux-64/libopentelemetry-cpp-1.21.0-hd1b1c89_0.conda#4b25cd8720fd8d5319206e4f899f2707
https://conda.anaconda.org/conda-forge/noarch/mako-1.3.10-pyhd8ed1ab_0.conda#c5bb3eea5f1a00fcf3d7ea186209ce33
https://conda.anaconda.org/conda-forge/linux-64/numpy-2.3.1-py312h6cf2f7f_0.conda#7e086a30150af2536a1059885368dcf0
https://conda.anaconda.org/conda-forge/linux-64/pydantic-core-2.33.2-py312h680f630_0.conda#cfbd96e5a0182dfb4110fc42dda63e57
https://conda.anaconda.org/conda-forge/linux-64/sqlalchemy-2.0.41-py312h66e93f0_0.conda#4e2266c17e82847dfced222aef58d3fa
https://conda.anaconda.org/conda-forge/linux-64/zstandard-0.23.0-py312h66e93f0_2.conda#630db208bc7bbb96725ce9832c7423bb
https://conda.anaconda.org/conda-forge/noarch/alembic-1.16.2-pyhd8ed1ab_0.conda#61051bb1e2762c4b9ef892d2e0e808e2
https://conda.anaconda.org/conda-forge/noarch/argon2-cffi-25.1.0-pyhd8ed1ab_0.conda#8ac12aff0860280ee0cff7fa2cf63f3b
https://conda.anaconda.org/conda-forge/linux-64/aws-crt-cpp-0.32.10-ha543af7_2.conda#f36154869427e60dfca2f7c82892923a
https://conda.anaconda.org/conda-forge/linux-64/azure-storage-blobs-cpp-12.13.0-h3cf044e_1.conda#7eb66060455c7a47d9dcdbfa9f46579b
https://conda.anaconda.org/conda-forge/noarch/certipy-0.2.2-pyhd8ed1ab_0.conda#7bacdbd6bb3b4fe905a3235d2799ca78
https://conda.anaconda.org/conda-forge/linux-64/contourpy-1.3.2-py312h68727a3_0.conda#e688276449452cdfe9f8f5d3e74c23f6
https://conda.anaconda.org/conda-forge/noarch/httpcore-1.0.9-pyh29332c3_0.conda#4f14640d58e2cc0aa0819d9d8ba125bb
https://conda.anaconda.org/conda-forge/noarch/ipykernel-6.29.5-pyh3099207_0.conda#b40131ab6a36ac2c09b7c57d4d3fbf99
https://conda.anaconda.org/conda-forge/noarch/ipywidgets-8.1.7-pyhd8ed1ab_0.conda#7c9449eac5975ef2d7753da262a72707
https://conda.anaconda.org/conda-forge/noarch/isoduration-20.11.0-pyhd8ed1ab_1.conda#0b0154421989637d424ccf0f104be51a
https://conda.anaconda.org/conda-forge/noarch/jsonschema-4.24.0-pyhd8ed1ab_0.conda#59220749abcd119d645e6879983497a1
https://conda.anaconda.org/conda-forge/linux-64/libgoogle-cloud-storage-2.36.0-h0121fbd_1.conda#a0f7588c1f0a26d550e7bae4fb49427a
https://conda.anaconda.org/conda-forge/noarch/oauthlib-3.3.1-pyhd8ed1ab_0.conda#d4f3f31ee39db3efecb96c0728d4bdbf
https://conda.anaconda.org/conda-forge/linux-64/pandas-2.3.0-py312hf9745cd_0.conda#ac82ac336dbe61106e21fb2e11704459
https://conda.anaconda.org/conda-forge/noarch/pydantic-2.11.7-pyh3cfb1c2_0.conda#1b337e3d378cde62889bb735c024b7a2
https://conda.anaconda.org/conda-forge/noarch/urllib3-2.5.0-pyhd8ed1ab_0.conda#436c165519e140cb08d246a4472a9d6a
https://conda.anaconda.org/conda-forge/linux-64/aws-sdk-cpp-1.11.510-hf18ad05_13.conda#f42b52282062da9edeaca59b0953c793
https://conda.anaconda.org/conda-forge/linux-64/azure-storage-files-datalake-cpp-12.12.0-ha633028_1.conda#7c1980f89dd41b097549782121a73490
https://conda.anaconda.org/conda-forge/noarch/bokeh-3.7.3-pyhd8ed1ab_0.conda#708d2f99b8a2c833ff164a225a265e76
https://conda.anaconda.org/conda-forge/noarch/distributed-2025.5.1-pyhd8ed1ab_0.conda#d2949f56a1479507e36e847681903376
https://conda.anaconda.org/conda-forge/noarch/httpx-0.28.1-pyhd8ed1ab_0.conda#d6989ead454181f4f9bc987d3dc4e285
https://conda.anaconda.org/conda-forge/noarch/jsonschema-with-format-nongpl-4.24.0-hd8ed1ab_0.conda#b4eaebf6fac318db166238796d2a9702
https://conda.anaconda.org/conda-forge/noarch/nbformat-5.10.4-pyhd8ed1ab_1.conda#bbe1963f1e47f594070ffe87cdf612ea
https://conda.anaconda.org/conda-forge/noarch/requests-2.32.4-pyhd8ed1ab_0.conda#f6082eae112814f1447b56a5e1f6ed05
https://conda.anaconda.org/conda-forge/noarch/jupyter_events-0.12.0-pyh29332c3_0.conda#f56000b36f09ab7533877e695e4e8cb0
https://conda.anaconda.org/conda-forge/linux-64/libarrow-20.0.0-h1b9301b_8_cpu.conda#31fc3235e7c84fe61575041cad3756a8
https://conda.anaconda.org/conda-forge/noarch/nbclient-0.10.2-pyhd8ed1ab_0.conda#6bb0d77277061742744176ab555b723c
https://conda.anaconda.org/conda-forge/noarch/jupyterhub-base-5.3.0-pyhda7c55b_0.conda#2a47623cd374e67413707b9925908313
https://conda.anaconda.org/conda-forge/linux-64/libarrow-acero-20.0.0-hcb10f89_8_cpu.conda#a9d337e1f407c5d92e609cb39c803343
https://conda.anaconda.org/conda-forge/linux-64/libparquet-20.0.0-h081d1f1_8_cpu.conda#d64065a5ab0a8d466b7431049e531995
https://conda.anaconda.org/conda-forge/noarch/nbconvert-core-7.16.6-pyh29332c3_0.conda#d24beda1d30748afcc87c429454ece1b
https://conda.anaconda.org/conda-forge/linux-64/pyarrow-core-20.0.0-py312h01725c0_0_cpu.conda#9b1b453cdb91a2f24fb0257bbec798af
https://conda.anaconda.org/conda-forge/noarch/jupyter_server-2.16.0-pyhe01879c_0.conda#f062e04d7cd585c937acbf194dceec36
https://conda.anaconda.org/conda-forge/linux-64/libarrow-dataset-20.0.0-hcb10f89_8_cpu.conda#14bb8eeeff090f873056fa629d2d82b5
https://conda.anaconda.org/conda-forge/noarch/jupyter-lsp-2.2.5-pyhe01879c_2.conda#7ed6505c703f3c4e1a58864bf84505e2
https://conda.anaconda.org/conda-forge/noarch/jupyter-server-proxy-4.4.0-pyhd8ed1ab_1.conda#4696e23d86b32957ff469870e74c8c97
https://conda.anaconda.org/conda-forge/noarch/jupyterlab_server-2.27.3-pyhd8ed1ab_1.conda#9dc4b2b0f41f0de41d27f3293e319357
https://conda.anaconda.org/conda-forge/linux-64/libarrow-substrait-20.0.0-h1bed206_8_cpu.conda#8a98f2bf0cf61725f8842ec45dbd7986
https://conda.anaconda.org/conda-forge/noarch/notebook-shim-0.2.4-pyhd8ed1ab_1.conda#e7f89ea5f7ea9401642758ff50a2d9c1
https://conda.anaconda.org/conda-forge/noarch/jupyterlab-4.4.3-pyhd8ed1ab_0.conda#4861a0c2a5a5d0481a450a9dfaf9febe
https://conda.anaconda.org/conda-forge/linux-64/pyarrow-20.0.0-py312h7900ff3_0.conda#57b626b4232b77ee6410c7c03a99774d
https://conda.anaconda.org/conda-forge/noarch/dask-2025.5.1-pyhd8ed1ab_0.conda#97ee3885b8de1d729c40f28c2dddb335
https://conda.anaconda.org/conda-forge/noarch/dask-labextension-7.0.0-pyhd8ed1ab_1.conda#9aef5e5bebe4a054efd88c298beaeae8
https://conda.anaconda.org/conda-forge/noarch/jupyterhub-singleuser-5.3.0-h4422900_0.conda#c4e0da69399fb5bd8e314ec2da0f0119
https://conda.anaconda.org/conda-forge/noarch/notebook-7.4.3-pyhd8ed1ab_0.conda#f0b767b717cab652712d29f5e4699b2a
https://conda.anaconda.org/conda-forge/noarch/dask-gateway-2025.4.0-pyha7f0ed4_2.conda#c3f5a6657b303d224f5b67bd106585d5
https://conda.anaconda.org/conda-forge/noarch/nbgitpuller-1.2.2-pyhd8ed1ab_0.conda#019d57ba0caa278271739377a656da20
https://conda.anaconda.org/conda-forge/noarch/pangeo-dask-2025.05.30-hd8ed1ab_0.conda#ae0421d159ba5544f0d874ee7109bae0
https://conda.anaconda.org/conda-forge/noarch/pangeo-notebook-2025.05.30-hd8ed1ab_0.conda#3ffb4e5ef5ae4fd1dbeb9c8e7c0dbc09
