# platform: linux-64
# env_hash: c50b9819acf79c40c7f7402626a88105ef8a8c468d7080f33e7d712daecd2cb9

@EXPLICIT

https://conda.anaconda.org/conda-forge/linux-64/_libgcc_mutex-0.1-conda_forge.tar.bz2#d7c89558ba9fa0495403155b64376d81
https://conda.anaconda.org/conda-forge/linux-64/ca-certificates-2020.6.20-hecda079_0.tar.bz2#1b1cca86e95c416a8e7eb6062af6d503
https://conda.anaconda.org/conda-forge/linux-64/ld_impl_linux-64-2.35-h769bd43_9.tar.bz2#e91fb361f3d158f06546dc87cbe55739
https://conda.anaconda.org/conda-forge/linux-64/libgfortran4-7.5.0-hae1eefd_17.tar.bz2#884de9e2fea7d1ed349245bedd638793
https://conda.anaconda.org/conda-forge/linux-64/libstdcxx-ng-9.3.0-h2ae2ef3_17.tar.bz2#342f3c931d0a3a209ab09a522469d20c
https://conda.anaconda.org/conda-forge/linux-64/pandoc-2.11.0.4-hd18ef5c_0.tar.bz2#cda4f32eaac9672df8b86bc17dd99891
https://conda.anaconda.org/conda-forge/linux-64/libgfortran-ng-7.5.0-hae1eefd_17.tar.bz2#f3eca18e6a8ea6b7e81f4f97ddc6995c
https://conda.anaconda.org/conda-forge/linux-64/libgomp-9.3.0-h5dbcf3e_17.tar.bz2#8fd587013b9da8b52050268d50c12305
https://conda.anaconda.org/conda-forge/linux-64/_openmp_mutex-4.5-1_gnu.tar.bz2#561e277319a41d4f24f5c05a9ef63c04
https://conda.anaconda.org/conda-forge/linux-64/libgcc-ng-9.3.0-h5dbcf3e_17.tar.bz2#fc9f5adabc4d55cd4b491332adc413e0
https://conda.anaconda.org/conda-forge/linux-64/c-ares-1.16.1-h516909a_3.tar.bz2#8d0f54b0a09bb496dea3f8dae0c551e4
https://conda.anaconda.org/conda-forge/linux-64/icu-67.1-he1b5a44_0.tar.bz2#7ced6a5e5c94726af797d2b5a2b09228
https://conda.anaconda.org/conda-forge/linux-64/jpeg-9d-h516909a_0.tar.bz2#aa82d2e6e1fa196bf4addd7ebc71a807
https://conda.anaconda.org/conda-forge/linux-64/libev-4.33-h516909a_1.tar.bz2#6f8720dff19e17ce5d48cfe7f3d2f0a3
https://conda.anaconda.org/conda-forge/linux-64/libffi-3.2.1-he1b5a44_1007.tar.bz2#11389072d7d6036fd811c3d9460475cd
https://conda.anaconda.org/conda-forge/linux-64/libopenblas-0.3.12-pthreads_hb3c22a3_1.tar.bz2#602e033fdeeae7a88dd90283aa777a1f
https://conda.anaconda.org/conda-forge/linux-64/libsodium-1.0.18-h516909a_1.tar.bz2#e1ca1a4b82f7b51b29318f80cebae84a
https://conda.anaconda.org/conda-forge/linux-64/libuv-1.40.0-hd18ef5c_0.tar.bz2#1b13a5d453ff9c552252af8fae5e15ff
https://conda.anaconda.org/conda-forge/linux-64/libwebp-base-1.1.0-h516909a_3.tar.bz2#3d543511584978d6e22b6c194ae3b81e
https://conda.anaconda.org/conda-forge/linux-64/lz4-c-1.9.2-he1b5a44_3.tar.bz2#b2e54aad8640e7a877d2280d3ebfe85b
https://conda.anaconda.org/conda-forge/linux-64/ncurses-6.2-h58526e2_3.tar.bz2#a26622766344cdcabab91c3c661f2be2
https://conda.anaconda.org/conda-forge/linux-64/openssl-1.1.1h-h516909a_0.tar.bz2#3a99e0cb8f325dbf8f616da2d2fb6d4f
https://conda.anaconda.org/conda-forge/linux-64/xz-5.2.5-h516909a_1.tar.bz2#33f601066901f3e1a85af3522a8113f9
https://conda.anaconda.org/conda-forge/linux-64/yaml-0.2.5-h516909a_0.tar.bz2#03a530e925414902547cf48da7756db8
https://conda.anaconda.org/conda-forge/linux-64/zlib-1.2.11-h516909a_1010.tar.bz2#339cc5584e6d26bc73a875ba900028c3
https://conda.anaconda.org/conda-forge/linux-64/libblas-3.9.0-2_openblas.tar.bz2#b0bc5ed57c1e8fbfaf25a2a011e89392
https://conda.anaconda.org/conda-forge/linux-64/libedit-3.1.20191231-he28a2e2_2.tar.bz2#4d331e44109e3f0e19b4cb8f9b82f3e1
https://conda.anaconda.org/conda-forge/linux-64/libnghttp2-1.41.0-h8cfc5f6_2.tar.bz2#726ca0fed4bde95b056ef26df1efaf60
https://conda.anaconda.org/conda-forge/linux-64/libpng-1.6.37-hed695b0_2.tar.bz2#5685fb1f2e761545e9f5ea34411efd98
https://conda.anaconda.org/conda-forge/linux-64/libssh2-1.9.0-hab1572f_5.tar.bz2#18aaa1bd2238ae2b5e89591046973123
https://conda.anaconda.org/conda-forge/linux-64/nodejs-14.14.0-h568c755_0.tar.bz2#4c7bec6cd450921a74341be3c763ea82
https://conda.anaconda.org/conda-forge/linux-64/readline-8.0-he28a2e2_2.tar.bz2#4d0ae8d473f863696088f76800ef9d38
https://conda.anaconda.org/conda-forge/linux-64/tk-8.6.10-hed695b0_1.tar.bz2#7ef837cd455bd0f19f49b8b62d4cb568
https://conda.anaconda.org/conda-forge/linux-64/zeromq-4.3.3-he1b5a44_2.tar.bz2#7079c46e88cff3beae176b346e46a8e5
https://conda.anaconda.org/conda-forge/linux-64/zstd-1.4.5-h6597ccf_2.tar.bz2#d60d50f369d40f9787878cdd866fc9d3
https://conda.anaconda.org/conda-forge/linux-64/freetype-2.10.4-he06d7ca_0.tar.bz2#94a820bb187063f6f762b4b6ed49b4c9
https://conda.anaconda.org/conda-forge/linux-64/krb5-1.17.1-hfafb76e_3.tar.bz2#b9c0993124fbf5f4ccf37fd00d6a3705
https://conda.anaconda.org/conda-forge/linux-64/libcblas-3.9.0-2_openblas.tar.bz2#e842cfe553dd36f59b2770be0b7d3cd2
https://conda.anaconda.org/conda-forge/linux-64/liblapack-3.9.0-2_openblas.tar.bz2#51be6ef77752c43c1371008a1ed787f1
https://conda.anaconda.org/conda-forge/linux-64/libtiff-4.1.0-hc7e4089_6.tar.bz2#fa73bbe576ceb0c200a232c7956d8661
https://conda.anaconda.org/conda-forge/linux-64/sqlite-3.33.0-h4cf870e_1.tar.bz2#1968ff6c4b8fbd2903f6672e292d932d
https://conda.anaconda.org/conda-forge/linux-64/lcms2-2.11-hcbb858e_1.tar.bz2#89fcd6a52a99f3e255989f8cfc80c489
https://conda.anaconda.org/conda-forge/linux-64/libcurl-7.71.1-hcdd3856_8.tar.bz2#2c81fb9f0d82c04b08617fc73eb615af
https://conda.anaconda.org/conda-forge/linux-64/python-3.8.6-h852b56e_0_cpython.tar.bz2#dd65401dfb61ac030edc0dc4d15c2c51
https://conda.anaconda.org/conda-forge/noarch/async-timeout-3.0.1-py_1000.tar.bz2#8b11024b2762a07aaa07d2743231a41b
https://conda.anaconda.org/conda-forge/noarch/async_generator-1.10-py_0.tar.bz2#d56c596e61b1c4952acf0a9920856c12
https://conda.anaconda.org/conda-forge/noarch/attrs-20.2.0-pyh9f0ad1d_0.tar.bz2#72fe75fed07fe89d6ef02034bf1e94a5
https://conda.anaconda.org/conda-forge/noarch/backcall-0.2.0-pyh9f0ad1d_0.tar.bz2#6006a6d08a3fa99268a2681c7fb55213
https://conda.anaconda.org/conda-forge/noarch/backports-1.0-py_2.tar.bz2#0da16b293affa6ac31812376f8eb79dd
https://conda.anaconda.org/conda-forge/noarch/blinker-1.4-py_1.tar.bz2#fa509a09190583f869ae442bf4d17f5f
https://conda.anaconda.org/conda-forge/noarch/cachetools-4.1.1-py_0.tar.bz2#d424f5ac67137e79906ba5cc63354876
https://conda.anaconda.org/conda-forge/noarch/click-7.1.2-pyh9f0ad1d_0.tar.bz2#bd50a970ce07e660c319fdc4d730d3f1
https://conda.anaconda.org/conda-forge/noarch/cloudpickle-1.6.0-py_0.tar.bz2#76d764d8881719e305f6fa368dc2b65e
https://conda.anaconda.org/conda-forge/noarch/decorator-4.4.2-py_0.tar.bz2#d2eabb9cabd212e1ec6a9463bd846243
https://conda.anaconda.org/conda-forge/noarch/defusedxml-0.6.0-py_0.tar.bz2#37e1033daee0e2edaa5ff42584c52b21
https://conda.anaconda.org/conda-forge/noarch/fsspec-0.8.4-py_0.tar.bz2#9bc8332e90f8a54d38caf488f784bd85
https://conda.anaconda.org/conda-forge/noarch/heapdict-1.0.1-py_0.tar.bz2#77242bfb1e74a627fb06319b5a2d3b95
https://conda.anaconda.org/conda-forge/noarch/idna-2.10-pyh9f0ad1d_0.tar.bz2#f95a12b4f435aae6680fe55ae2eb1b06
https://conda.anaconda.org/conda-forge/noarch/ipython_genutils-0.2.0-py_1.tar.bz2#5071c982548b3a20caf70462f04f5287
https://conda.anaconda.org/conda-forge/noarch/json5-0.9.5-pyh9f0ad1d_0.tar.bz2#10759827a94e6b14996e81fb002c0bda
https://conda.anaconda.org/conda-forge/noarch/locket-0.2.0-py_2.tar.bz2#709e8671651c7ec3d1ad07800339ff1d
https://conda.anaconda.org/conda-forge/noarch/nest-asyncio-1.4.2-pyhd8ed1ab_0.tar.bz2#cad7ee75cdcfe5d5713a947c09a9afd6
https://conda.anaconda.org/conda-forge/noarch/olefile-0.46-pyh9f0ad1d_1.tar.bz2#0b2e68acc8c78c8cc392b90983481f58
https://conda.anaconda.org/conda-forge/noarch/pamela-1.0.0-py_0.tar.bz2#36f6f18d2f3ae0c93d77a9dbedad08c3
https://conda.anaconda.org/conda-forge/noarch/pandocfilters-1.4.2-py_1.tar.bz2#ba6f4a308f1ea22abe1d72e72544af76
https://conda.anaconda.org/conda-forge/noarch/parso-0.7.1-pyh9f0ad1d_0.tar.bz2#f66647d1ec805566d72ac26f62b19c01
https://conda.anaconda.org/conda-forge/noarch/prometheus_client-0.8.0-pyh9f0ad1d_0.tar.bz2#0409863e03d2abb75d9b91b903697ed0
https://conda.anaconda.org/conda-forge/noarch/ptyprocess-0.6.0-py_1001.tar.bz2#0c3a56f1ab48cfb002c69b48f9e1ddc6
https://conda.anaconda.org/conda-forge/noarch/pyasn1-0.4.8-py_0.tar.bz2#06d04c9f8f72ac77911db942eda24fb9
https://conda.anaconda.org/conda-forge/noarch/pycparser-2.20-pyh9f0ad1d_2.tar.bz2#aa798d50ffd182a0f6f31478c7f434f6
https://conda.anaconda.org/conda-forge/noarch/pyparsing-2.4.7-pyh9f0ad1d_0.tar.bz2#626c4f20d5bf06dcec9cf2eaa31725c7
https://conda.anaconda.org/conda-forge/noarch/python-editor-1.0.4-py_0.tar.bz2#eaaf29a0644f9407f98a4665f45880c4
https://conda.anaconda.org/conda-forge/noarch/python-json-logger-2.0.1-pyh9f0ad1d_0.tar.bz2#aed452f2f9f8bc8b2b0c412975051b5b
https://conda.anaconda.org/conda-forge/linux-64/python_abi-3.8-1_cp38.tar.bz2#8d05152d6fb3012b27a0e6fbcc14bea1
https://conda.anaconda.org/conda-forge/noarch/pytz-2020.4-pyhd8ed1ab_0.tar.bz2#14aefc827cbbd156cb1bd9e992210380
https://conda.anaconda.org/conda-forge/noarch/send2trash-1.5.0-py_0.tar.bz2#c3779037a635e1150f1c53c28b875949
https://conda.anaconda.org/conda-forge/noarch/simpervisor-0.3-py_1.tar.bz2#fe08b77a681a541161b2b42fbd78d117
https://conda.anaconda.org/conda-forge/noarch/six-1.15.0-pyh9f0ad1d_0.tar.bz2#1eec421f0f1f39e579e44e4a5ce646a2
https://conda.anaconda.org/conda-forge/noarch/sortedcontainers-2.2.2-pyh9f0ad1d_0.tar.bz2#966cf410576873c60089e242b9d2fcc6
https://conda.anaconda.org/conda-forge/noarch/tblib-1.6.0-py_0.tar.bz2#0e1562c39e804e0d7df8650626379caa
https://conda.anaconda.org/conda-forge/noarch/testpath-0.4.4-py_0.tar.bz2#3b98fff4d5342bebde2ecaa314f796f9
https://conda.anaconda.org/conda-forge/noarch/toolz-0.11.1-py_0.tar.bz2#d1e66b58cb00b3817ad9f05eec098c00
https://conda.anaconda.org/conda-forge/noarch/typing_extensions-3.7.4.3-py_0.tar.bz2#12b96e382730541a4b332420227055ae
https://conda.anaconda.org/conda-forge/noarch/webencodings-0.5.1-py_1.tar.bz2#3563be4c5611a44210d9ba0c16113136
https://conda.anaconda.org/conda-forge/noarch/wheel-0.35.1-pyh9f0ad1d_0.tar.bz2#126827869be32f21872a2b30ebe2b038
https://conda.anaconda.org/conda-forge/noarch/zipp-3.4.0-py_0.tar.bz2#0df927d2e46244cef8fd75d7ec2ba51c
https://conda.anaconda.org/conda-forge/linux-64/certifi-2020.6.20-py38h924ce5b_2.tar.bz2#eeddbd99f5487a7526cf6a2d7ba02ffe
https://conda.anaconda.org/conda-forge/linux-64/cffi-1.14.3-py38h1bdcb99_1.tar.bz2#22e396c05a90d7e30d822dc04f5d9f97
https://conda.anaconda.org/conda-forge/linux-64/chardet-3.0.4-py38h924ce5b_1008.tar.bz2#650d998422b4e70d0700f5c1d083e59d
https://conda.anaconda.org/conda-forge/linux-64/cytoolz-0.11.0-py38h1e0a361_1.tar.bz2#4134e4ac3284fd852d6aaca3a66d5ac5
https://conda.anaconda.org/conda-forge/linux-64/entrypoints-0.3-py38h32f6830_1002.tar.bz2#b76ac7f9e86b4169c3b3003dedd05e87
https://conda.anaconda.org/conda-forge/linux-64/importlib-metadata-2.0.0-py38h32f6830_0.tar.bz2#912f740e4ba8982a7a9f7a607a3ae03a
https://conda.anaconda.org/conda-forge/linux-64/jedi-0.17.2-py38h32f6830_1.tar.bz2#d70e4b635a1fed9326dcdf39e4c8baf8
https://conda.anaconda.org/conda-forge/linux-64/markupsafe-1.1.1-py38h8df0ef7_2.tar.bz2#74e818eb7b17fde40f9ae4d2a89caf1d
https://conda.anaconda.org/conda-forge/linux-64/mistune-0.8.4-py38h1e0a361_1002.tar.bz2#b859fc02535797f287feb01939e1f70b
https://conda.anaconda.org/conda-forge/linux-64/msgpack-python-1.0.0-py38hbf85e49_2.tar.bz2#8ca0ef1bfde30c514d7858901962e020
https://conda.anaconda.org/conda-forge/linux-64/multidict-4.7.5-py38h1e0a361_2.tar.bz2#d2d5b87a15a4022a7aa281063d50fd2b
https://conda.anaconda.org/conda-forge/linux-64/numpy-1.19.4-py38hf0fd68c_0.tar.bz2#9a76c72934c31afa73803128be429748
https://conda.anaconda.org/conda-forge/noarch/packaging-20.4-pyh9f0ad1d_0.tar.bz2#6d160f7346ac815500b5475d9a0f88a9
https://conda.anaconda.org/conda-forge/noarch/partd-1.1.0-py_0.tar.bz2#4afbf2cdf4e6ad279080d3adb5cefaae
https://conda.anaconda.org/conda-forge/linux-64/pexpect-4.8.0-py38h32f6830_1.tar.bz2#da53534fe197ed435275df2c59043083
https://conda.anaconda.org/conda-forge/linux-64/pickleshare-0.7.5-py38h32f6830_1002.tar.bz2#7488e0d321c607bbe87ae6555cbc0f18
https://conda.anaconda.org/conda-forge/linux-64/pillow-8.0.1-py38h9776b28_0.tar.bz2#69eeec725252f24f7ffe1a63ef39e295
https://conda.anaconda.org/conda-forge/linux-64/psutil-5.7.3-py38h8df0ef7_0.tar.bz2#69443f8f89333593a9df367ebd8c1a13
https://conda.anaconda.org/conda-forge/noarch/pyasn1-modules-0.2.7-py_0.tar.bz2#ad1e886d09700b2304975335f714bd9c
https://conda.anaconda.org/conda-forge/linux-64/pycurl-7.43.0.6-py38hd8bd627_0.tar.bz2#f8143c23f9f222c44c03fbc2733b7143
https://conda.anaconda.org/conda-forge/linux-64/pyrsistent-0.17.3-py38h1e0a361_1.tar.bz2#c2c1a75aa6e935fae3d2d359606833b7
https://conda.anaconda.org/conda-forge/linux-64/pysocks-1.7.1-py38h924ce5b_2.tar.bz2#b589d2f798c01ba2bfbc1afe2f95b639
https://conda.anaconda.org/conda-forge/noarch/python-dateutil-2.8.1-py_0.tar.bz2#0d0150ed9c2d25817f5324108d3f7571
https://conda.anaconda.org/conda-forge/linux-64/pyyaml-5.3.1-py38h8df0ef7_1.tar.bz2#8eaa66e391971ac0e9e329b91bc37003
https://conda.anaconda.org/conda-forge/linux-64/pyzmq-19.0.2-py38ha71036d_2.tar.bz2#8a1fd6a2ee30d1fc28cced25399236d1
https://conda.anaconda.org/conda-forge/noarch/rsa-4.6-pyh9f0ad1d_0.tar.bz2#2f9155f09b79ed1003a8ef87166cdb75
https://conda.anaconda.org/conda-forge/linux-64/ruamel.yaml.clib-0.2.2-py38h1e0a361_1.tar.bz2#eb2998a2e5bfb2471e53222c7c76b91f
https://conda.anaconda.org/conda-forge/linux-64/sqlalchemy-1.3.20-py38h1e0a361_0.tar.bz2#ee0678b923215e8e12528ff40582ede9
https://conda.anaconda.org/conda-forge/linux-64/tornado-6.1-py38h25fe258_0.tar.bz2#44f79ac64582a77cecbdca04c777ae30
https://conda.anaconda.org/conda-forge/noarch/traitlets-5.0.5-py_0.tar.bz2#99618ee9ab1323e40f231acdab92fe60
https://conda.anaconda.org/conda-forge/noarch/typing-extensions-3.7.4.3-0.tar.bz2#36bdcdb4c2bf1efb987f2e9e80f4c9a6
https://conda.anaconda.org/conda-forge/linux-64/websocket-client-0.57.0-py38h32f6830_3.tar.bz2#a9566927e284319ba6dc307d89c8a8d0
https://conda.anaconda.org/conda-forge/noarch/zict-2.0.0-py_0.tar.bz2#4750152be22f24d695b3004c5e1712d3
https://conda.anaconda.org/conda-forge/linux-64/argon2-cffi-20.1.0-py38h1e0a361_2.tar.bz2#8823850e0c5eb18f8b59b6141ef34a50
https://conda.anaconda.org/conda-forge/linux-64/brotlipy-0.7.0-py38h8df0ef7_1001.tar.bz2#1d928644b8bfd49b2e869609dd3e57a1
https://conda.anaconda.org/conda-forge/linux-64/cryptography-3.2.1-py38h7699a38_0.tar.bz2#7f46d842a1dccbcb03cedb53970b4c05
https://conda.anaconda.org/conda-forge/noarch/dask-core-2.30.0-py_0.tar.bz2#64d3972a069d9885b2fbfb2485934c30
https://conda.anaconda.org/conda-forge/noarch/importlib_metadata-2.0.0-1.tar.bz2#1e40de9b76f9eb789d302de58bfe7674
https://conda.anaconda.org/conda-forge/linux-64/jupyter_core-4.6.3-py38h32f6830_2.tar.bz2#d3927c434658439ac9b0981cede5088e
https://conda.anaconda.org/conda-forge/noarch/mako-1.1.3-pyh9f0ad1d_0.tar.bz2#7c87121b0244cf6a1f44a1df12a846ea
https://conda.anaconda.org/conda-forge/linux-64/pandas-1.1.4-py38h0ef3d22_0.tar.bz2#cdb8eb20f6fbb251980797444a0ee931
https://conda.anaconda.org/conda-forge/linux-64/setuptools-49.6.0-py38h924ce5b_2.tar.bz2#85f49978317e2f963ffd1d0989b16038
https://conda.anaconda.org/conda-forge/linux-64/terminado-0.9.1-py38h32f6830_1.tar.bz2#f74ca1717f8a752cf1ec0fd0a0131389
https://conda.anaconda.org/conda-forge/linux-64/yarl-1.6.2-py38h1e0a361_0.tar.bz2#f1f11f873392ada5f2f366e4d4067d7c
https://conda.anaconda.org/conda-forge/linux-64/aiohttp-3.7.2-py38h1e0a361_0.tar.bz2#c7ad80e711e524a512d7c32b3e2a579a
https://conda.anaconda.org/conda-forge/noarch/alembic-1.4.3-pyh9f0ad1d_0.tar.bz2#84c871138af479a1724d3c3634273dda
https://conda.anaconda.org/conda-forge/noarch/backports.functools_lru_cache-1.6.1-py_0.tar.bz2#d36df15eaef96549ce6231e3088fba54
https://conda.anaconda.org/conda-forge/noarch/bleach-3.2.1-pyh9f0ad1d_0.tar.bz2#d4506316b85679972c0b78d4d1c0b701
https://conda.anaconda.org/conda-forge/linux-64/distributed-2.30.0-py38h32f6830_1.tar.bz2#ecd13999222bfe6d38224707301018a2
https://conda.anaconda.org/conda-forge/noarch/jinja2-2.11.2-pyh9f0ad1d_0.tar.bz2#e8a5d614d1a27bdba00059ca062a0551
https://conda.anaconda.org/conda-forge/linux-64/jsonschema-3.2.0-py38h32f6830_1.tar.bz2#49dd43811f60b5ba18fb9d7663a451d5
https://conda.anaconda.org/conda-forge/noarch/jupyter_client-6.1.7-py_0.tar.bz2#bcaa486602c05413da0808b82898f60a
https://conda.anaconda.org/conda-forge/noarch/pip-20.2.4-py_0.tar.bz2#d2c0e7b7ca15440dc445e725f1e79ccf
https://conda.anaconda.org/conda-forge/noarch/pygments-2.7.2-py_0.tar.bz2#ed1bdce2d0c4353ad0bc22310e271723
https://conda.anaconda.org/conda-forge/noarch/pyjwt-1.7.1-py_0.tar.bz2#617ab4f8c5e481fdeabe55d7a1e14798
https://conda.anaconda.org/conda-forge/linux-64/pyopenssl-19.1.0-py38_0.tar.bz2#276e6f9f0e49d58ce18755bce754616a
https://conda.anaconda.org/conda-forge/linux-64/ruamel.yaml-0.16.12-py38h1e0a361_1.tar.bz2#748bf14403cafe83326597950214c238
https://conda.anaconda.org/conda-forge/linux-64/bokeh-2.2.3-py38h32f6830_0.tar.bz2#e284c04ec4d6eddc479649299570090f
https://conda.anaconda.org/conda-forge/noarch/certipy-0.1.3-py_0.tar.bz2#23486713ef5712923e7c57cae609b22e
https://conda.anaconda.org/conda-forge/noarch/google-auth-1.23.0-pyhd8ed1ab_0.tar.bz2#6d01e7a73141f71468d59a8724b71c58
https://conda.anaconda.org/conda-forge/noarch/jupyter_telemetry-0.0.5-py_0.tar.bz2#46d62a58c7dd1e6fcdaff59441285791
https://conda.anaconda.org/conda-forge/noarch/jupyterlab_pygments-0.1.2-pyh9f0ad1d_0.tar.bz2#2cbd910890bb328e8959246a1e16fac7
https://conda.anaconda.org/conda-forge/noarch/nbformat-5.0.8-py_0.tar.bz2#12aaf0d8795a5c375757b49a08e011a2
https://conda.anaconda.org/conda-forge/noarch/oauthlib-3.0.1-py_0.tar.bz2#faaf2a8fd1cddecbf1818fcf0ed3a3b6
https://conda.anaconda.org/conda-forge/noarch/urllib3-1.25.11-py_0.tar.bz2#4ce0599839b2b4418befe201e5f072fc
https://conda.anaconda.org/conda-forge/noarch/wcwidth-0.2.5-pyh9f0ad1d_2.tar.bz2#5266fcd697043c59621fda522b3d78ee
https://conda.anaconda.org/conda-forge/noarch/dask-2.30.0-py_0.tar.bz2#4c8b8bec2dfac1beec0159c1979d6666
https://conda.anaconda.org/conda-forge/noarch/kubernetes_asyncio-12.0.1-pyh9f0ad1d_0.tar.bz2#e5022855c95c58c504f0c46e603339b2
https://conda.anaconda.org/conda-forge/noarch/nbclient-0.5.1-py_0.tar.bz2#4efba375c50e6668cb5778e36d1f3a7e
https://conda.anaconda.org/conda-forge/noarch/prompt-toolkit-3.0.8-py_0.tar.bz2#868c0b50be18a23f25e3722303b0b51f
https://conda.anaconda.org/conda-forge/noarch/requests-2.24.0-pyh9f0ad1d_0.tar.bz2#786ef230ca5cf2536e9dee910fdf4f9f
https://conda.anaconda.org/conda-forge/noarch/adal-1.2.5-pyh9f0ad1d_0.tar.bz2#3955af8e21ce4815841c5f7bb0c956c0
https://conda.anaconda.org/conda-forge/linux-64/dask-gateway-0.8.0-py38h32f6830_0.tar.bz2#b73340a0204f94bfd5e2d2d36358f3f4
https://conda.anaconda.org/conda-forge/linux-64/ipython-7.19.0-py38h81c977d_0.tar.bz2#8205f1cc705120cc75eb3a7f21f9c9af
https://conda.anaconda.org/conda-forge/linux-64/jupyterhub-base-1.1.0-py38h32f6830_5.tar.bz2#90ece4e820ee4450227be2049dbeddb5
https://conda.anaconda.org/conda-forge/linux-64/nbconvert-6.0.7-py38h32f6830_2.tar.bz2#e0e9c704aee858ea8cbf248f64a67250
https://conda.anaconda.org/conda-forge/noarch/requests-oauthlib-1.3.0-pyh9f0ad1d_0.tar.bz2#acdcfb3267ef1a8e576e84480a5e259d
https://conda.anaconda.org/conda-forge/linux-64/ipykernel-5.3.4-py38h1cdfbd6_1.tar.bz2#2b31fc793aa78f0572bba6ee24e81358
https://conda.anaconda.org/conda-forge/noarch/python-kubernetes-12.0.0-pyh9f0ad1d_0.tar.bz2#29fbe952d848de74819fb012de2525ba
https://conda.anaconda.org/conda-forge/noarch/dask-kubernetes-0.11.0-py_0.tar.bz2#baa10ba2d60965936f774a38206efbb3
https://conda.anaconda.org/conda-forge/linux-64/notebook-6.1.4-py38h32f6830_1.tar.bz2#50204c44099cbab0d89efc3038be049e
https://conda.anaconda.org/conda-forge/noarch/jupyter-server-proxy-1.5.0-py_0.tar.bz2#a268439d8b60aac7c506dd170fa48f88
https://conda.anaconda.org/conda-forge/linux-64/jupyterhub-singleuser-1.1.0-py38h32f6830_5.tar.bz2#38631e0d4dbe373337ce40f127744fc2
https://conda.anaconda.org/conda-forge/noarch/jupyterlab_server-1.2.0-py_0.tar.bz2#77d654573f19a836b326fb77ffd86860
https://conda.anaconda.org/conda-forge/noarch/nbgitpuller-0.9.0-py_0.tar.bz2#ce05504b25f7e0234c99e7ef1f746cbd
https://conda.anaconda.org/conda-forge/noarch/pangeo-dask-2020.10.08-0.tar.bz2#ec930e435ac9e2dbe775a5575d1fafac
https://conda.anaconda.org/conda-forge/linux-64/widgetsnbextension-3.5.1-py38h32f6830_4.tar.bz2#e245eb272cde524651c1cc4a65ec85a9
https://conda.anaconda.org/conda-forge/noarch/dask-labextension-3.0.0-py_0.tar.bz2#3000bce49db43f8c5a20314b39071700
https://conda.anaconda.org/conda-forge/noarch/ipywidgets-7.5.1-pyh9f0ad1d_1.tar.bz2#a7211644e1cf6a262c675635a78181f4
https://conda.anaconda.org/conda-forge/noarch/jupyterlab-2.2.9-py_0.tar.bz2#df79e7a98be406acd32606d5bf7f8f52
https://conda.anaconda.org/conda-forge/noarch/pangeo-notebook-2020.10.08-0.tar.bz2#d70f61f0db379fe84e5ad2038f164748
