# Generated by conda-lock.
# platform: linux-64
# input_hash: b2b93dfc0d9a162626a45ae01b53d5f91dbb2a62edf33f500edfa2584624f7ed
@EXPLICIT
https://conda.anaconda.org/conda-forge/linux-64/_libgcc_mutex-0.1-conda_forge.tar.bz2#d7c89558ba9fa0495403155b64376d81
https://conda.anaconda.org/conda-forge/linux-64/ca-certificates-2021.10.8-ha878542_0.tar.bz2#575611b8a84f45960e87722eeb51fa26
https://conda.anaconda.org/conda-forge/linux-64/ld_impl_linux-64-2.36.1-hea4e1c9_2.tar.bz2#bd4f2e711b39af170e7ff15163fe87ee
https://conda.anaconda.org/conda-forge/linux-64/libgfortran5-11.2.0-h5c6108e_14.tar.bz2#f8b51fb7bccd48f959982973df578165
https://conda.anaconda.org/conda-forge/linux-64/libstdcxx-ng-11.2.0-he4da1e4_14.tar.bz2#c3b55849172e4bfa01d3349ea8e73a3a
https://conda.anaconda.org/conda-forge/linux-64/pandoc-2.17.1.1-ha770c72_0.tar.bz2#316431b0b4e25f384cfd3428a1a5dd8c
https://conda.anaconda.org/conda-forge/noarch/tzdata-2022a-h191b570_0.tar.bz2#84be5301069417a2221187d2f435e0f7
https://conda.anaconda.org/conda-forge/linux-64/libgfortran-ng-11.2.0-h69a702a_14.tar.bz2#67328431d4aeab35e5a2c6c22669c22b
https://conda.anaconda.org/conda-forge/linux-64/libgomp-11.2.0-h1d223b6_14.tar.bz2#a77fb1a92411cb8d979de1c2d81dd210
https://conda.anaconda.org/conda-forge/linux-64/_openmp_mutex-4.5-1_gnu.tar.bz2#561e277319a41d4f24f5c05a9ef63c04
https://conda.anaconda.org/conda-forge/linux-64/libgcc-ng-11.2.0-h1d223b6_14.tar.bz2#47e6c01d149b26090748d9d1ac32491b
https://conda.anaconda.org/conda-forge/linux-64/bzip2-1.0.8-h7f98852_4.tar.bz2#a1fd65c7ccbf10880423d82bca54eb54
https://conda.anaconda.org/conda-forge/linux-64/c-ares-1.18.1-h7f98852_0.tar.bz2#f26ef8098fab1f719c91eb760d63381a
https://conda.anaconda.org/conda-forge/linux-64/giflib-5.2.1-h36c2ea0_2.tar.bz2#626e68ae9cc5912d6adb79d318cf962d
https://conda.anaconda.org/conda-forge/linux-64/jbig-2.1-h7f98852_2003.tar.bz2#1aa0cee79792fa97b7ff4545110b60bf
https://conda.anaconda.org/conda-forge/linux-64/jpeg-9e-h7f98852_0.tar.bz2#5c214edc675a7fb7cbb34b1d854e5141
https://conda.anaconda.org/conda-forge/linux-64/keyutils-1.6.1-h166bdaf_0.tar.bz2#30186d27e2c9fa62b45fb1476b7200e3
https://conda.anaconda.org/conda-forge/linux-64/lerc-3.0-h9c3ff4c_0.tar.bz2#7fcefde484980d23f0ec24c11e314d2e
https://conda.anaconda.org/conda-forge/linux-64/libdeflate-1.10-h7f98852_0.tar.bz2#ffa3a757a97e851293909b49f49f28fb
https://conda.anaconda.org/conda-forge/linux-64/libev-4.33-h516909a_1.tar.bz2#6f8720dff19e17ce5d48cfe7f3d2f0a3
https://conda.anaconda.org/conda-forge/linux-64/libffi-3.4.2-h7f98852_5.tar.bz2#d645c6d2ac96843a2bfaccd2d62b3ac3
https://conda.anaconda.org/conda-forge/linux-64/libnsl-2.0.0-h7f98852_0.tar.bz2#39b1328babf85c7c3a61636d9cd50206
https://conda.anaconda.org/conda-forge/linux-64/libopenblas-0.3.18-pthreads_h8fe5266_0.tar.bz2#41532e4448c0cce086d6570f95e4e12e
https://conda.anaconda.org/conda-forge/linux-64/libsodium-1.0.18-h36c2ea0_1.tar.bz2#c3788462a6fbddafdb413a9f9053e58d
https://conda.anaconda.org/conda-forge/linux-64/libuuid-2.32.1-h7f98852_1000.tar.bz2#772d69f030955d9646d3d0eaf21d859d
https://conda.anaconda.org/conda-forge/linux-64/libwebp-base-1.2.2-h7f98852_1.tar.bz2#46cf26ecc8775a0aab300ea1821aaa3c
https://conda.anaconda.org/conda-forge/linux-64/libzlib-1.2.11-h166bdaf_1014.tar.bz2#757138ba3ddc6777b82e91d9ff62e7b9
https://conda.anaconda.org/conda-forge/linux-64/lz4-c-1.9.3-h9c3ff4c_1.tar.bz2#fbe97e8fa6f275d7c76a09e795adc3e6
https://conda.anaconda.org/conda-forge/linux-64/ncurses-6.3-h9c3ff4c_0.tar.bz2#fb31bcb7af058244479ca635d20f0f4a
https://conda.anaconda.org/conda-forge/linux-64/openssl-1.1.1n-h166bdaf_0.tar.bz2#cf0ddbd911fa547e6bc4291ca5e17379
https://conda.anaconda.org/conda-forge/linux-64/pthread-stubs-0.4-h36c2ea0_1001.tar.bz2#22dad4df6e8630e8dff2428f6f6a7036
https://conda.anaconda.org/conda-forge/linux-64/xorg-libxau-1.0.9-h7f98852_0.tar.bz2#bf6f803a544f26ebbdc3bfff272eb179
https://conda.anaconda.org/conda-forge/linux-64/xorg-libxdmcp-1.1.3-h7f98852_0.tar.bz2#be93aabceefa2fac576e971aef407908
https://conda.anaconda.org/conda-forge/linux-64/xz-5.2.5-h516909a_1.tar.bz2#33f601066901f3e1a85af3522a8113f9
https://conda.anaconda.org/conda-forge/linux-64/yaml-0.2.5-h7f98852_2.tar.bz2#4cb3ad778ec2d5a7acbdf254eb1c42ae
https://conda.anaconda.org/conda-forge/linux-64/libblas-3.9.0-13_linux64_openblas.tar.bz2#8a4038563ed92dfa622bd72c0d8f31d3
https://conda.anaconda.org/conda-forge/linux-64/libedit-3.1.20191231-he28a2e2_2.tar.bz2#4d331e44109e3f0e19b4cb8f9b82f3e1
https://conda.anaconda.org/conda-forge/linux-64/libxcb-1.13-h7f98852_1004.tar.bz2#b3653fdc58d03face9724f602218a904
https://conda.anaconda.org/conda-forge/linux-64/readline-8.1-h46c0cb4_0.tar.bz2#5788de3c8d7a7d64ac56c784c4ef48e6
https://conda.anaconda.org/conda-forge/linux-64/tk-8.6.12-h27826a3_0.tar.bz2#5b8c42eb62e9fc961af70bdd6a26e168
https://conda.anaconda.org/conda-forge/linux-64/zeromq-4.3.4-h9c3ff4c_1.tar.bz2#21743a8d2ea0c8cfbbf8fe489b0347df
https://conda.anaconda.org/conda-forge/linux-64/zlib-1.2.11-h166bdaf_1014.tar.bz2#def3b82d1a03aa695bb38ac1dd072ff2
https://conda.anaconda.org/conda-forge/linux-64/zstd-1.5.2-ha95c52a_0.tar.bz2#5222b231b1ef49a7f60d40b363469b70
https://conda.anaconda.org/conda-forge/linux-64/krb5-1.19.3-h3790be6_0.tar.bz2#7d862b05445123144bec92cb1acc8ef8
https://conda.anaconda.org/conda-forge/linux-64/libcblas-3.9.0-13_linux64_openblas.tar.bz2#b17676dbd6688396c3a3076259fb7907
https://conda.anaconda.org/conda-forge/linux-64/liblapack-3.9.0-13_linux64_openblas.tar.bz2#018b80e8f21d8560ae4961567e3e00c9
https://conda.anaconda.org/conda-forge/linux-64/libnghttp2-1.47.0-h727a467_0.tar.bz2#a22567abfea169ff8048506b1ca9b230
https://conda.anaconda.org/conda-forge/linux-64/libpng-1.6.37-h21135ba_2.tar.bz2#b6acf807307d033d4b7e758b4f44b036
https://conda.anaconda.org/conda-forge/linux-64/libssh2-1.10.0-ha56f1ee_2.tar.bz2#6ab4eaa11ff01801cffca0a27489dc04
https://conda.anaconda.org/conda-forge/linux-64/libtiff-4.3.0-h542a066_3.tar.bz2#1a0efb4dfd880b0376da8e1ba39fa838
https://conda.anaconda.org/conda-forge/linux-64/sqlite-3.37.1-h4ff8645_0.tar.bz2#8057ac02d6d10a162d7eb4b0ca7ed291
https://conda.anaconda.org/conda-forge/linux-64/freetype-2.10.4-h0708190_1.tar.bz2#4a06f2ac2e5bfae7b6b245171c3f07aa
https://conda.anaconda.org/conda-forge/linux-64/lcms2-2.12-hddcbb42_0.tar.bz2#797117394a4aa588de6d741b06fad80f
https://conda.anaconda.org/conda-forge/linux-64/libcurl-7.82.0-h7bff187_0.tar.bz2#fa26f833ca8796ad44f9561c5402013d
https://conda.anaconda.org/conda-forge/linux-64/libwebp-1.2.2-h3452ae3_0.tar.bz2#c363665b4aabe56aae4f8981cff5b153
https://conda.anaconda.org/conda-forge/linux-64/openjpeg-2.4.0-hb52868f_1.tar.bz2#b7ad78ad2e9ee155f59e6428406ee824
https://conda.anaconda.org/conda-forge/linux-64/python-3.9.12-h9a8a25e_1_cpython.tar.bz2#06dadf5df9d340439c2aa32e15099d31
https://conda.anaconda.org/conda-forge/noarch/async_generator-1.10-py_0.tar.bz2#d56c596e61b1c4952acf0a9920856c12
https://conda.anaconda.org/conda-forge/noarch/attrs-21.4.0-pyhd8ed1ab_0.tar.bz2#f70280205d7044c8b8358c8de3190e5d
https://conda.anaconda.org/conda-forge/noarch/backcall-0.2.0-pyh9f0ad1d_0.tar.bz2#6006a6d08a3fa99268a2681c7fb55213
https://conda.anaconda.org/conda-forge/noarch/backports-1.0-py_2.tar.bz2#0da16b293affa6ac31812376f8eb79dd
https://conda.anaconda.org/conda-forge/noarch/blinker-1.4-py_1.tar.bz2#fa509a09190583f869ae442bf4d17f5f
https://conda.anaconda.org/conda-forge/noarch/cachetools-5.0.0-pyhd8ed1ab_0.tar.bz2#fadf619797a005b4aacbfc3003d80545
https://conda.anaconda.org/conda-forge/noarch/charset-normalizer-2.0.12-pyhd8ed1ab_0.tar.bz2#1f5b32dabae0f1893ae3283dac7f799e
https://conda.anaconda.org/conda-forge/noarch/cloudpickle-2.0.0-pyhd8ed1ab_0.tar.bz2#3a8fc8b627d5fb6af827e126a10a86c6
https://conda.anaconda.org/conda-forge/noarch/decorator-5.1.1-pyhd8ed1ab_0.tar.bz2#43afe5ab04e35e17ba28649471dd7364
https://conda.anaconda.org/conda-forge/noarch/defusedxml-0.7.1-pyhd8ed1ab_0.tar.bz2#961b3a227b437d82ad7054484cfa71b2
https://conda.anaconda.org/conda-forge/noarch/entrypoints-0.4-pyhd8ed1ab_0.tar.bz2#3cf04868fee0a029769bd41f4b2fbf2d
https://conda.anaconda.org/conda-forge/noarch/executing-0.8.3-pyhd8ed1ab_0.tar.bz2#8d70f4543c1f701b946f85e9f9a00800
https://conda.anaconda.org/conda-forge/noarch/flit-core-3.7.1-pyhd8ed1ab_0.tar.bz2#f93822cba5c20161560661988a88f2c0
https://conda.anaconda.org/conda-forge/noarch/fsspec-2022.2.0-pyhd8ed1ab_0.tar.bz2#f31e31092035d427b05233ab924c7613
https://conda.anaconda.org/conda-forge/noarch/heapdict-1.0.1-py_0.tar.bz2#77242bfb1e74a627fb06319b5a2d3b95
https://conda.anaconda.org/conda-forge/noarch/idna-3.3-pyhd8ed1ab_0.tar.bz2#40b50b8b030f5f2f22085c062ed013dd
https://conda.anaconda.org/conda-forge/noarch/ipython_genutils-0.2.0-py_1.tar.bz2#5071c982548b3a20caf70462f04f5287
https://conda.anaconda.org/conda-forge/noarch/json5-0.9.5-pyh9f0ad1d_0.tar.bz2#10759827a94e6b14996e81fb002c0bda
https://conda.anaconda.org/conda-forge/noarch/jupyterlab_widgets-1.1.0-pyhd8ed1ab_0.tar.bz2#e963a4a39cf442dbe5503f66edda083d
https://conda.anaconda.org/conda-forge/noarch/locket-0.2.0-py_2.tar.bz2#709e8671651c7ec3d1ad07800339ff1d
https://conda.anaconda.org/conda-forge/noarch/nest-asyncio-1.5.4-pyhd8ed1ab_0.tar.bz2#0d86e4e6ac78912f3f47e0453b124aca
https://conda.anaconda.org/conda-forge/noarch/pamela-1.0.0-py_0.tar.bz2#36f6f18d2f3ae0c93d77a9dbedad08c3
https://conda.anaconda.org/conda-forge/noarch/pandocfilters-1.5.0-pyhd8ed1ab_0.tar.bz2#457c2c8c08e54905d6954e79cb5b5db9
https://conda.anaconda.org/conda-forge/noarch/parso-0.8.3-pyhd8ed1ab_0.tar.bz2#17a565a0c3899244e938cdf417e7b094
https://conda.anaconda.org/conda-forge/noarch/prometheus_client-0.13.1-pyhd8ed1ab_0.tar.bz2#9259acd5dd8746e7721474fa62e046d7
https://conda.anaconda.org/conda-forge/noarch/ptyprocess-0.7.0-pyhd3deb0d_0.tar.bz2#359eeb6536da0e687af562ed265ec263
https://conda.anaconda.org/conda-forge/noarch/pure_eval-0.2.2-pyhd8ed1ab_0.tar.bz2#6784285c7e55cb7212efabc79e4c2883
https://conda.anaconda.org/conda-forge/noarch/pyasn1-0.4.8-py_0.tar.bz2#06d04c9f8f72ac77911db942eda24fb9
https://conda.anaconda.org/conda-forge/noarch/pycparser-2.21-pyhd8ed1ab_0.tar.bz2#076becd9e05608f8dc72757d5f3a91ff
https://conda.anaconda.org/conda-forge/noarch/pyjwt-2.3.0-pyhd8ed1ab_1.tar.bz2#b7bc0de380f114658af5fe57cebdcd9e
https://conda.anaconda.org/conda-forge/noarch/pyparsing-3.0.7-pyhd8ed1ab_0.tar.bz2#727e2216d9c47455d8ddc060eb2caad9
https://conda.anaconda.org/conda-forge/noarch/python-json-logger-2.0.1-pyh9f0ad1d_0.tar.bz2#aed452f2f9f8bc8b2b0c412975051b5b
https://conda.anaconda.org/conda-forge/linux-64/python_abi-3.9-2_cp39.tar.bz2#39adde4247484de2bb4000122fdcf665
https://conda.anaconda.org/conda-forge/noarch/pytz-2022.1-pyhd8ed1ab_0.tar.bz2#b87d66d6d3991d988fb31510c95a9267
https://conda.anaconda.org/conda-forge/noarch/send2trash-1.8.0-pyhd8ed1ab_0.tar.bz2#edab14119efe85c3bf131ad747e9005c
https://conda.anaconda.org/conda-forge/noarch/simpervisor-0.4-pyhd8ed1ab_0.tar.bz2#12b5f0d11cc26bf386bd9a2f99099648
https://conda.anaconda.org/conda-forge/noarch/six-1.16.0-pyh6c4a22f_0.tar.bz2#e5f25f8dbc060e9a8d912e432202afc2
https://conda.anaconda.org/conda-forge/noarch/sortedcontainers-2.4.0-pyhd8ed1ab_0.tar.bz2#6d6552722448103793743dabfbda532d
https://conda.anaconda.org/conda-forge/noarch/soupsieve-2.3.1-pyhd8ed1ab_0.tar.bz2#d821b295c4bd18ad27e1e19543a5784a
https://conda.anaconda.org/conda-forge/noarch/tblib-1.7.0-pyhd8ed1ab_0.tar.bz2#3d4afc31302aa7be471feb6be048ed76
https://conda.anaconda.org/conda-forge/noarch/testpath-0.6.0-pyhd8ed1ab_0.tar.bz2#196b1f0165dbc9ea6f03c3b3419323fd
https://conda.anaconda.org/conda-forge/noarch/toolz-0.11.2-pyhd8ed1ab_0.tar.bz2#f348d1590550371edfac5ed3c1d44f7e
https://conda.anaconda.org/conda-forge/noarch/traitlets-5.1.1-pyhd8ed1ab_0.tar.bz2#a1bc9765ef9499760e88f568b3a6622c
https://conda.anaconda.org/conda-forge/noarch/typing_extensions-4.1.1-pyha770c72_0.tar.bz2#74761ba7bc682e9009520163a1031ace
https://conda.anaconda.org/conda-forge/noarch/webencodings-0.5.1-py_1.tar.bz2#3563be4c5611a44210d9ba0c16113136
https://conda.anaconda.org/conda-forge/noarch/websocket-client-1.3.1-pyhd8ed1ab_0.tar.bz2#0fa7710a18a1fa033b8337f6515c9de1
https://conda.anaconda.org/conda-forge/noarch/wheel-0.37.1-pyhd8ed1ab_0.tar.bz2#1ca02aaf78d9c70d9a81a3bed5752022
https://conda.anaconda.org/conda-forge/noarch/zipp-3.7.0-pyhd8ed1ab_1.tar.bz2#b689b2cbc8481b224777415e1a193170
https://conda.anaconda.org/conda-forge/noarch/asttokens-2.0.5-pyhd8ed1ab_0.tar.bz2#74badce16f060701fee55c39332f5253
https://conda.anaconda.org/conda-forge/noarch/babel-2.9.1-pyh44b312d_0.tar.bz2#74136ed39bfea0832d338df1e58d013e
https://conda.anaconda.org/conda-forge/noarch/beautifulsoup4-4.10.0-pyha770c72_0.tar.bz2#c29e0b4a2ff546cedbe6dc2921948a1d
https://conda.anaconda.org/conda-forge/linux-64/certifi-2021.10.8-py39hf3d152e_1.tar.bz2#67982d98030fde9139a64219dbe4db5e
https://conda.anaconda.org/conda-forge/linux-64/cffi-1.15.0-py39h4bc2ebd_0.tar.bz2#f6191bf565dee581e77549d63737751c
https://conda.anaconda.org/conda-forge/linux-64/click-8.0.4-py39hf3d152e_0.tar.bz2#71f7ea3cac40f84887e361f409996482
https://conda.anaconda.org/conda-forge/linux-64/cytoolz-0.11.2-py39h3811e60_1.tar.bz2#fca41893970eeb22f31e53c50c22dbbd
https://conda.anaconda.org/conda-forge/linux-64/debugpy-1.5.1-py39he80948d_0.tar.bz2#111c5b430676182de0f0f038233ba3a4
https://conda.anaconda.org/conda-forge/linux-64/frozenlist-1.3.0-py39h3811e60_0.tar.bz2#53b2b0b099149341f51ceb1a64556673
https://conda.anaconda.org/conda-forge/linux-64/greenlet-1.1.2-py39he80948d_1.tar.bz2#4b440bda7b4cca6303c6dd9c04cb9fc9
https://conda.anaconda.org/conda-forge/linux-64/importlib-metadata-4.11.3-py39hf3d152e_0.tar.bz2#79849a103402041a68aaf27bc4b58d98
https://conda.anaconda.org/conda-forge/noarch/importlib_resources-5.6.0-pyhd8ed1ab_0.tar.bz2#ffee77eddb96c584ed417d2f72670a02
https://conda.anaconda.org/conda-forge/linux-64/jedi-0.18.1-py39hf3d152e_0.tar.bz2#4a03392442a5ba884c186f25281ef8a1
https://conda.anaconda.org/conda-forge/linux-64/jupyter_core-4.9.2-py39hf3d152e_0.tar.bz2#f5b7cd7077a4aa49aa2615c50cf28e2c
https://conda.anaconda.org/conda-forge/linux-64/markupsafe-2.1.1-py39hb9d737c_0.tar.bz2#cc79f405f1a1a0d292342e667d6fc1f3
https://conda.anaconda.org/conda-forge/noarch/matplotlib-inline-0.1.3-pyhd8ed1ab_0.tar.bz2#be3bfd435802d2c768c6b2439f325f3d
https://conda.anaconda.org/conda-forge/linux-64/mistune-0.8.4-py39h3811e60_1005.tar.bz2#95eb8cbf40bccdcb34888c9e56371570
https://conda.anaconda.org/conda-forge/linux-64/msgpack-python-1.0.3-py39h1a9c180_0.tar.bz2#dcf9a3380163f6d2680bb7fa452fd0c9
https://conda.anaconda.org/conda-forge/linux-64/multidict-6.0.2-py39h3811e60_0.tar.bz2#ba39931af6099af33d51fb5cfa91edaa
https://conda.anaconda.org/conda-forge/linux-64/numpy-1.22.3-py39h18676bf_0.tar.bz2#58c2800b252e3519d855161057223df4
https://conda.anaconda.org/conda-forge/noarch/packaging-21.3-pyhd8ed1ab_0.tar.bz2#71f1ab2de48613876becddd496371c85
https://conda.anaconda.org/conda-forge/noarch/partd-1.2.0-pyhd8ed1ab_0.tar.bz2#0c32f563d7f22e3a34c95cad8cc95651
https://conda.anaconda.org/conda-forge/noarch/pexpect-4.8.0-pyh9f0ad1d_2.tar.bz2#5909e7b978141dd80d28dbf9de627827
https://conda.anaconda.org/conda-forge/linux-64/pickleshare-0.7.5-py39hde42818_1002.tar.bz2#2dc9995512c80256532250a6fd616b14
https://conda.anaconda.org/conda-forge/linux-64/pillow-9.0.1-py39hae2aec6_2.tar.bz2#577fe3fb3193bfefc3d5824b70b061a0
https://conda.anaconda.org/conda-forge/linux-64/psutil-5.9.0-py39h3811e60_0.tar.bz2#3eebabdf4f0bf1d94a97b67263196868
https://conda.anaconda.org/conda-forge/noarch/pyasn1-modules-0.2.7-py_0.tar.bz2#ad1e886d09700b2304975335f714bd9c
https://conda.anaconda.org/conda-forge/linux-64/pycurl-7.45.1-py39hd73adbb_0.tar.bz2#9e9d5c82dc69b83f3021d9bf0abf435e
https://conda.anaconda.org/conda-forge/linux-64/pyrsistent-0.18.1-py39h3811e60_0.tar.bz2#ed156d752c577f4e9b62159d5aac8557
https://conda.anaconda.org/conda-forge/linux-64/pysocks-1.7.1-py39hf3d152e_4.tar.bz2#eed9d381f391cad4e96f697e8c74e929
https://conda.anaconda.org/conda-forge/noarch/python-dateutil-2.8.2-pyhd8ed1ab_0.tar.bz2#dd999d1cc9f79e67dbb855c8924c7984
https://conda.anaconda.org/conda-forge/noarch/pyu2f-0.1.5-pyhd8ed1ab_0.tar.bz2#caabbeaa83928d0c3e3949261daa18eb
https://conda.anaconda.org/conda-forge/linux-64/pyyaml-6.0-py39h3811e60_3.tar.bz2#057928f10b3eaa98b088b7b57c6dabb8
https://conda.anaconda.org/conda-forge/linux-64/pyzmq-22.3.0-py39h37b5a0c_1.tar.bz2#90dbe11c01a89fc6fddb90cbe2672e68
https://conda.anaconda.org/conda-forge/noarch/rsa-4.8-pyhd8ed1ab_0.tar.bz2#0fdcca8ad4e0e66bde199c40f2d1019a
https://conda.anaconda.org/conda-forge/linux-64/ruamel.yaml.clib-0.2.6-py39h3811e60_0.tar.bz2#0f9bbd7b79db72e3bc9779432de26427
https://conda.anaconda.org/conda-forge/linux-64/setuptools-59.8.0-py39hf3d152e_0.tar.bz2#d1489d82a6827a2d97e326d317d5a2f1
https://conda.anaconda.org/conda-forge/linux-64/sniffio-1.2.0-py39hf3d152e_2.tar.bz2#591e48c37143ef758d6ba0da1cf10a6f
https://conda.anaconda.org/conda-forge/linux-64/tornado-6.1-py39h3811e60_2.tar.bz2#5a7bb7af2f3bcf31ee6cd817de1d5011
https://conda.anaconda.org/conda-forge/noarch/typing-extensions-4.1.1-hd8ed1ab_0.tar.bz2#9d1b5bbaa13bca480c80893a87a52c4f
https://conda.anaconda.org/conda-forge/noarch/zict-2.1.0-pyhd8ed1ab_0.tar.bz2#ff4e65768f39040f71cce422799d0f41
https://conda.anaconda.org/conda-forge/noarch/aiosignal-1.2.0-pyhd8ed1ab_0.tar.bz2#68c9a0ab410c72abd24cbaac57703519
https://conda.anaconda.org/conda-forge/linux-64/anyio-3.5.0-py39hf3d152e_0.tar.bz2#b0d75a9d3fd02ec079504aabb7cd7ec3
https://conda.anaconda.org/conda-forge/linux-64/argon2-cffi-bindings-21.2.0-py39h3811e60_1.tar.bz2#6770ac3b1842046fcb21c2178d67fa32
https://conda.anaconda.org/conda-forge/noarch/async-timeout-4.0.2-pyhd8ed1ab_0.tar.bz2#25e79f9a1133556671becbd65a170c78
https://conda.anaconda.org/conda-forge/noarch/backports.functools_lru_cache-1.6.4-pyhd8ed1ab_0.tar.bz2#c5b3edc62d6309088f4970b3eaaa65a6
https://conda.anaconda.org/conda-forge/noarch/bleach-4.1.0-pyhd8ed1ab_0.tar.bz2#4a2104c7b22c222bd0fe03aaef12862c
https://conda.anaconda.org/conda-forge/linux-64/brotlipy-0.7.0-py39h3811e60_1003.tar.bz2#9b1975f772d5d8a398c34e539a7ea1a1
https://conda.anaconda.org/conda-forge/linux-64/cryptography-36.0.2-py39hd97740a_0.tar.bz2#b594d113f0943fac762e25c23f3397d9
https://conda.anaconda.org/conda-forge/noarch/dask-core-2022.2.1-pyhd8ed1ab_0.tar.bz2#0cb751f07e68fda1d631a02faa66f0de
https://conda.anaconda.org/conda-forge/noarch/jinja2-3.1.1-pyhd8ed1ab_0.tar.bz2#40b3f446c61729cdd21ed9d85627df6e
https://conda.anaconda.org/conda-forge/noarch/jsonschema-4.4.0-pyhd8ed1ab_0.tar.bz2#17ec41acce882e5db4efdcc4c01ca7e0
https://conda.anaconda.org/conda-forge/noarch/jupyter_client-7.1.2-pyhd8ed1ab_0.tar.bz2#9a332b6f8f05629435ce59032df8cfa9
https://conda.anaconda.org/conda-forge/noarch/mako-1.2.0-pyhd8ed1ab_0.tar.bz2#dad91ed01090a2dd36689829156e749b
https://conda.anaconda.org/conda-forge/linux-64/pandas-1.4.1-py39hde0f152_0.tar.bz2#87da5b637fa7950494b1f73651752825
https://conda.anaconda.org/conda-forge/noarch/pip-22.0.4-pyhd8ed1ab_0.tar.bz2#b1239ce8ef2a1eec485c398a683c5bff
https://conda.anaconda.org/conda-forge/noarch/pygments-2.11.2-pyhd8ed1ab_0.tar.bz2#caef60540e2239e27bf62569a5015e3b
https://conda.anaconda.org/conda-forge/linux-64/ruamel.yaml-0.17.21-py39h3811e60_0.tar.bz2#3517c02a6f88865662418aae06b0160f
https://conda.anaconda.org/conda-forge/linux-64/sqlalchemy-1.4.32-py39hb9d737c_0.tar.bz2#8644da95c4d388d468b60f81b26e574d
https://conda.anaconda.org/conda-forge/noarch/stack_data-0.2.0-pyhd8ed1ab_0.tar.bz2#8c0ce3e6bf18a0c810125aef58a2a6f3
https://conda.anaconda.org/conda-forge/linux-64/terminado-0.13.3-py39hf3d152e_0.tar.bz2#449163136c4da4e2dddf3ece6d4d812b
https://conda.anaconda.org/conda-forge/linux-64/yarl-1.7.2-py39h3811e60_1.tar.bz2#7bc588bc3977eb67415ac6ff36b94535
https://conda.anaconda.org/conda-forge/linux-64/aiohttp-3.8.1-py39h3811e60_0.tar.bz2#bfff067db479e38f7e38de03716e4eac
https://conda.anaconda.org/conda-forge/noarch/alembic-1.7.7-pyhd8ed1ab_0.tar.bz2#9637550104fade18bc6f91aef1f4f02c
https://conda.anaconda.org/conda-forge/noarch/argon2-cffi-21.3.0-pyhd8ed1ab_0.tar.bz2#a0b402db58f73aaab8ee0ca1025a362e
https://conda.anaconda.org/conda-forge/linux-64/bokeh-2.4.2-py39hf3d152e_0.tar.bz2#939db7a92f45c9d2fed55abdd3aa8507
https://conda.anaconda.org/conda-forge/noarch/distributed-2022.2.1-pyhd8ed1ab_0.tar.bz2#6a8e226236e4753ef80e903570b57932
https://conda.anaconda.org/conda-forge/noarch/jupyter_telemetry-0.1.0-pyhd8ed1ab_1.tar.bz2#bb9ebdb6d5aa2622484aff1faceee181
https://conda.anaconda.org/conda-forge/noarch/jupyterlab_pygments-0.1.2-pyh9f0ad1d_0.tar.bz2#2cbd910890bb328e8959246a1e16fac7
https://conda.anaconda.org/conda-forge/noarch/nbformat-5.2.0-pyhd8ed1ab_0.tar.bz2#3ba9f8bf3c13a9995e9328aab9ed8403
https://conda.anaconda.org/conda-forge/noarch/oauthlib-3.2.0-pyhd8ed1ab_0.tar.bz2#ecc95c82c788737d6d33f5d564566d89
https://conda.anaconda.org/conda-forge/noarch/pyopenssl-22.0.0-pyhd8ed1ab_0.tar.bz2#1d7e241dfaf5475e893d4b824bb71b44
https://conda.anaconda.org/conda-forge/noarch/wcwidth-0.2.5-pyh9f0ad1d_2.tar.bz2#5266fcd697043c59621fda522b3d78ee
https://conda.anaconda.org/conda-forge/noarch/certipy-0.1.3-py_0.tar.bz2#23486713ef5712923e7c57cae609b22e
https://conda.anaconda.org/conda-forge/noarch/dask-2022.2.1-pyhd8ed1ab_0.tar.bz2#ff29b638e4729493933b3efd10805cda
https://conda.anaconda.org/conda-forge/noarch/nbclient-0.5.13-pyhd8ed1ab_0.tar.bz2#3edde88a191701cf052216c4ba353a83
https://conda.anaconda.org/conda-forge/noarch/prompt-toolkit-3.0.27-pyha770c72_0.tar.bz2#6c23d05d56ee3a82b57af972a8509888
https://conda.anaconda.org/conda-forge/noarch/urllib3-1.26.9-pyhd8ed1ab_0.tar.bz2#0ea179ee251aa7100807c35bc0252693
https://conda.anaconda.org/conda-forge/linux-64/dask-gateway-0.9.0-py39hf3d152e_2.tar.bz2#57f015b6de515b0d5fb7827a62de8fdd
https://conda.anaconda.org/conda-forge/linux-64/ipython-8.2.0-py39hf3d152e_0.tar.bz2#7d93f186edd49a74c7e7bde9757a895c
https://conda.anaconda.org/conda-forge/noarch/kubernetes_asyncio-22.6.1-pyhd8ed1ab_0.tar.bz2#871efee32b7a6faaaeb4583ce9ecffc5
https://conda.anaconda.org/conda-forge/linux-64/nbconvert-6.4.4-py39hf3d152e_0.tar.bz2#eb6249f42b599c91920f0ccd8c1bd4ea
https://conda.anaconda.org/conda-forge/noarch/requests-2.27.1-pyhd8ed1ab_0.tar.bz2#7c1c427246b057b8fa97200ecdb2ed62
https://conda.anaconda.org/conda-forge/noarch/google-auth-2.6.2-pyh6c4a22f_0.tar.bz2#7fdfa3670038e34c24f0d8929fec0999
https://conda.anaconda.org/conda-forge/linux-64/ipykernel-6.9.2-py39hef51801_0.tar.bz2#6aea21569b429c5653f24801077e96b2
https://conda.anaconda.org/conda-forge/noarch/jupyter_server-1.15.6-pyhd8ed1ab_1.tar.bz2#e89a7b2becf8b11a2b6ffe149b80137f
https://conda.anaconda.org/conda-forge/noarch/jupyterhub-base-2.2.0-pyhd8ed1ab_0.tar.bz2#0f2ac7ced1126b0e049649d9bdc19cfa
https://conda.anaconda.org/conda-forge/noarch/requests-oauthlib-1.3.1-pyhd8ed1ab_0.tar.bz2#61b279f051eef9c89d58f4d813e75e04
https://conda.anaconda.org/conda-forge/noarch/jupyter-server-proxy-3.2.1-pyhd8ed1ab_0.tar.bz2#8fdfe5edf206bbfef250c830b5a72aff
https://conda.anaconda.org/conda-forge/noarch/jupyterlab_server-2.11.0-pyhd8ed1ab_0.tar.bz2#fbafa0d6e187114e6df9c81156fb0cfe
https://conda.anaconda.org/conda-forge/noarch/notebook-6.4.10-pyha770c72_0.tar.bz2#7221a3cbd39e1a3101559e4508e54eae
https://conda.anaconda.org/conda-forge/noarch/notebook-shim-0.1.0-pyhd8ed1ab_0.tar.bz2#3a8e2c7dcc674f2cb0784f1faba57055
https://conda.anaconda.org/conda-forge/noarch/python-kubernetes-23.3.0-pyhd8ed1ab_0.tar.bz2#8e49c4eb009af0c15eba1e89dc082f8a
https://conda.anaconda.org/conda-forge/noarch/dask-kubernetes-2022.1.0-pyhd8ed1ab_0.tar.bz2#3d5b8c0dc8eccd8b2344baff8eafaf47
https://conda.anaconda.org/conda-forge/noarch/nbclassic-0.3.7-pyhd8ed1ab_0.tar.bz2#a8a7139140a7512c90514444444a4991
https://conda.anaconda.org/conda-forge/noarch/nbgitpuller-1.0.2-pyhd8ed1ab_0.tar.bz2#3a491de2b9260af7e4df2b9e0de2fc0a
https://conda.anaconda.org/conda-forge/linux-64/widgetsnbextension-3.5.2-py39hf3d152e_1.tar.bz2#26c83eb2efd87c9bbef958b9f7117559
https://conda.anaconda.org/conda-forge/noarch/ipywidgets-7.6.5-pyhd8ed1ab_0.tar.bz2#6f2ee1ec157104df141e2e5afeba98d4
https://conda.anaconda.org/conda-forge/noarch/jupyterlab-3.3.0-pyhd8ed1ab_0.tar.bz2#b8d7f996dc67c83a35040d234364e8e1
https://conda.anaconda.org/conda-forge/noarch/pangeo-dask-2022.03.07-hd8ed1ab_0.tar.bz2#839980a894dd73ea2741409505ccc1ab
https://conda.anaconda.org/conda-forge/noarch/dask-labextension-5.2.0-pyhd8ed1ab_0.tar.bz2#19afa0e936d64003215905c2c500a070
https://conda.anaconda.org/conda-forge/noarch/jupyterhub-singleuser-2.2.0-hd8ed1ab_0.tar.bz2#7e29a48090912751845eab35f071fec7
https://conda.anaconda.org/conda-forge/noarch/pangeo-notebook-2022.03.08-hd8ed1ab_0.tar.bz2#8a43ed3062272424493a7e18b0d36dca
