# platform: linux-64
# env_hash: 81bf498c493b943a6abe7a18184e7160675c919927545e7d678113919e416c78
@EXPLICIT
https://conda.anaconda.org/conda-forge/noarch/nomkl-1.0-h5ca1d4c_0.tar.bz2#9a66894dfd07c4510beb6b3f9672ccc0
https://conda.anaconda.org/conda-forge/linux-64/_libgcc_mutex-0.1-conda_forge.tar.bz2#d7c89558ba9fa0495403155b64376d81
https://conda.anaconda.org/conda-forge/linux-64/ca-certificates-2020.6.20-hecda079_0.tar.bz2#1b1cca86e95c416a8e7eb6062af6d503
https://conda.anaconda.org/conda-forge/linux-64/ld_impl_linux-64-2.34-hc38a660_9.tar.bz2#aa1e7603f8dd36f8d60026cda3f1fb2c
https://conda.anaconda.org/conda-forge/linux-64/libgfortran-ng-7.5.0-hdf63c60_14.tar.bz2#c7c52cb6d4d49b50c4fd23d419e1be31
https://conda.anaconda.org/conda-forge/linux-64/libstdcxx-ng-9.3.0-hdf63c60_14.tar.bz2#e1dd88e09cea773aef5053a44d601565
https://conda.anaconda.org/conda-forge/linux-64/pandoc-2.10.1-h516909a_0.tar.bz2#8101ef00bcd1e337b62807c3671a64ac
https://conda.anaconda.org/conda-forge/noarch/poppler-data-0.4.9-1.tar.bz2#1fef1ac4c55eec7cde779d89c8d20cc6
https://conda.anaconda.org/conda-forge/linux-64/libgomp-9.3.0-h24d8f2e_14.tar.bz2#f7963ba2ccc169be017d6b6926f49727
https://conda.anaconda.org/conda-forge/linux-64/_openmp_mutex-4.5-0_gnu.tar.bz2#3053d142226093f417abe884f2ab6620
https://conda.anaconda.org/conda-forge/linux-64/libgcc-ng-9.3.0-h24d8f2e_14.tar.bz2#68e816ab7a4b4954b475131a4819802d
https://conda.anaconda.org/conda-forge/linux-64/abseil-cpp-20200225.2-he1b5a44_2.tar.bz2#532c5b461f39a1331e1fff2515b9eb29
https://conda.anaconda.org/conda-forge/linux-64/blosc-1.20.0-he1b5a44_0.tar.bz2#3e3e8b4cbd7ce966d4b99aca7e73585a
https://conda.anaconda.org/conda-forge/linux-64/brotli-1.0.7-he1b5a44_1004.tar.bz2#d6bf3c3c13dcb39da2dbe3d6b9bceffb
https://conda.anaconda.org/conda-forge/linux-64/bzip2-1.0.8-h516909a_2.tar.bz2#b3a914cd2f2ba2dc18121e0194143c85
https://conda.anaconda.org/conda-forge/linux-64/c-ares-1.16.1-h516909a_0.tar.bz2#54d4cfc22de47fcf089de049635806a3
https://conda.anaconda.org/conda-forge/linux-64/charls-2.1.0-he1b5a44_2.tar.bz2#49ad87923a04dd756f259d3f9ee955cf
https://conda.anaconda.org/conda-forge/linux-64/expat-2.2.9-he1b5a44_2.tar.bz2#285f5b5ca3209d492224935affd00aab
https://conda.anaconda.org/conda-forge/linux-64/freexl-1.0.5-h516909a_1002.tar.bz2#c4226170e522c93f336dfe9c88437aeb
https://conda.anaconda.org/conda-forge/linux-64/geos-3.8.1-he1b5a44_0.tar.bz2#7282fbe0c036bacad959c03c05a7eb9a
https://conda.anaconda.org/conda-forge/linux-64/gflags-2.2.2-he1b5a44_1004.tar.bz2#cddaf2c63ea4a5901cf09524c490ecdc
https://conda.anaconda.org/conda-forge/linux-64/giflib-5.2.1-h516909a_2.tar.bz2#70d777f83639cc2c05334b59a6dc9159
https://conda.anaconda.org/conda-forge/linux-64/icu-64.2-he1b5a44_1.tar.bz2#8e881214a23508f1541eb7a3135d6fcb
https://conda.anaconda.org/conda-forge/linux-64/jpeg-9d-h516909a_0.tar.bz2#aa82d2e6e1fa196bf4addd7ebc71a807
https://conda.anaconda.org/conda-forge/linux-64/json-c-0.13.1-hbfbb72e_1002.tar.bz2#a620e3c958b36503fa21f690178180c6
https://conda.anaconda.org/conda-forge/linux-64/jxrlib-1.1-h516909a_2.tar.bz2#d999c4f5609fc17baf2caf61e9866d23
https://conda.anaconda.org/conda-forge/linux-64/lerc-2.2-he1b5a44_0.tar.bz2#16e2b6c40c90b14e03dd697996acfa80
https://conda.anaconda.org/conda-forge/linux-64/libaec-1.0.4-he1b5a44_1.tar.bz2#ef627970549f6ebd28e4f81d437280a5
https://conda.anaconda.org/conda-forge/linux-64/libev-4.33-h516909a_0.tar.bz2#36e6673f382c1597b66d24851957ce25
https://conda.anaconda.org/conda-forge/linux-64/libffi-3.2.1-he1b5a44_1007.tar.bz2#11389072d7d6036fd811c3d9460475cd
https://conda.anaconda.org/conda-forge/linux-64/libiconv-1.15-h516909a_1006.tar.bz2#a3e21981e79cc9de012bdbcb5b66e976
https://conda.anaconda.org/conda-forge/linux-64/libllvm8-8.0.1-hc9558a2_0.tar.bz2#bc743fdbfe8135350aa6d7a6de385626
https://conda.anaconda.org/conda-forge/linux-64/libopenblas-0.3.10-pthreads_hb3c22a3_4.tar.bz2#8e3914247353e97a184909dbee132bfb
https://conda.anaconda.org/conda-forge/linux-64/libsodium-1.0.18-h516909a_0.tar.bz2#3475e9e7c8c9ead7f75c70b7703cb100
https://conda.anaconda.org/conda-forge/linux-64/libspatialindex-1.9.3-he1b5a44_3.tar.bz2#b711318d56579be188d641eae1b9ca8e
https://conda.anaconda.org/conda-forge/linux-64/libutf8proc-2.5.0-h516909a_2.tar.bz2#d8f7a2899449724cf0833edaba0ba313
https://conda.anaconda.org/conda-forge/linux-64/libuuid-2.32.1-h14c3975_1000.tar.bz2#39c6326f6ee5297632c47db6520546fe
https://conda.anaconda.org/conda-forge/linux-64/libuv-1.34.0-h516909a_0.tar.bz2#3b08c4bc550d10f0d69300a33b0320ff
https://conda.anaconda.org/conda-forge/linux-64/libwebp-base-1.1.0-h516909a_3.tar.bz2#3d543511584978d6e22b6c194ae3b81e
https://conda.anaconda.org/conda-forge/linux-64/libzopfli-1.0.3-he1b5a44_0.tar.bz2#8728700e3541000fe61682f3869bf4a1
https://conda.anaconda.org/conda-forge/linux-64/lz4-c-1.9.2-he1b5a44_1.tar.bz2#dba523edf30a8585eeff41e26901724c
https://conda.anaconda.org/conda-forge/linux-64/ncurses-6.2-he1b5a44_1.tar.bz2#d3da4932f3d8e6b3c81fcf177d1e6eab
https://conda.anaconda.org/conda-forge/linux-64/openssl-1.1.1g-h516909a_1.tar.bz2#6fdcd20ec22aeffa10b6102bccc47e7f
https://conda.anaconda.org/conda-forge/linux-64/pcre-8.44-he1b5a44_0.tar.bz2#e647d89cd5cdf62760cf283a001841ff
https://conda.anaconda.org/conda-forge/linux-64/pixman-0.38.0-h516909a_1003.tar.bz2#7c0b1414e5af196415f7808fbd704143
https://conda.anaconda.org/conda-forge/linux-64/pthread-stubs-0.4-h14c3975_1001.tar.bz2#e0b9987b65bba8016d21f5bdbe0a7923
https://conda.anaconda.org/conda-forge/linux-64/re2-2020.08.01-he1b5a44_0.tar.bz2#e733e1f7de6bd985942247c2ce51f3f7
https://conda.anaconda.org/conda-forge/linux-64/snappy-1.1.8-he1b5a44_3.tar.bz2#83f1dc295c711bdbaf97e1f3bedf2f52
https://conda.anaconda.org/conda-forge/linux-64/tbb-2020.1-hc9558a2_0.tar.bz2#ca5543a3b0f8d62e38c5122a30f1aabd
https://conda.anaconda.org/conda-forge/linux-64/tzcode-2020a-h516909a_0.tar.bz2#20272a17cfb48266ac46e6e04ad8d21d
https://conda.anaconda.org/conda-forge/linux-64/xorg-kbproto-1.0.7-h14c3975_1002.tar.bz2#6dfe5dbe10d55266e4a5e89287eed578
https://conda.anaconda.org/conda-forge/linux-64/xorg-libice-1.0.10-h516909a_0.tar.bz2#4dfda1ccfd0cc90c4fe6786acece9a30
https://conda.anaconda.org/conda-forge/linux-64/xorg-libxau-1.0.9-h14c3975_0.tar.bz2#ffa7c2b7a2c7dc779ed9e38b10a93c3c
https://conda.anaconda.org/conda-forge/linux-64/xorg-libxdmcp-1.1.3-h516909a_0.tar.bz2#e95a160e60b2a327309a6d323a4d780e
https://conda.anaconda.org/conda-forge/linux-64/xorg-renderproto-0.11.1-h14c3975_1002.tar.bz2#fbcb7fa11dee1a5d3df4371cc55bb229
https://conda.anaconda.org/conda-forge/linux-64/xorg-xextproto-7.3.0-h14c3975_1002.tar.bz2#f08999859c405bad87c4bf9b6cdc7bbb
https://conda.anaconda.org/conda-forge/linux-64/xorg-xproto-7.0.31-h14c3975_1007.tar.bz2#a45d8cd411bdf8f08ced463f68986b62
https://conda.anaconda.org/conda-forge/linux-64/xz-5.2.5-h516909a_1.tar.bz2#33f601066901f3e1a85af3522a8113f9
https://conda.anaconda.org/conda-forge/linux-64/yaml-0.2.5-h516909a_0.tar.bz2#03a530e925414902547cf48da7756db8
https://conda.anaconda.org/conda-forge/linux-64/zfp-0.5.5-he1b5a44_1.tar.bz2#9fae22533ff72f2b0cca82e94346436a
https://conda.anaconda.org/conda-forge/linux-64/zlib-1.2.11-h516909a_1006.tar.bz2#eb59ca0a6123517e35bae003be4b4bfe
https://conda.anaconda.org/conda-forge/linux-64/boost-cpp-1.72.0-h8e57a91_0.tar.bz2#133a674da10caef4af883eaff85fd9a5
https://conda.anaconda.org/conda-forge/linux-64/brunsli-0.1-he1b5a44_0.tar.bz2#dfe90ac884239888c8c34b5017871387
https://conda.anaconda.org/conda-forge/linux-64/gettext-0.19.8.1-hc5be6a0_1002.tar.bz2#8c2f1de42f9eec059418f3083f03cabc
https://conda.anaconda.org/conda-forge/linux-64/glog-0.4.0-h49b9bf7_3.tar.bz2#d763c0076c32135a4fc8a5857d4fd2ba
https://conda.anaconda.org/conda-forge/linux-64/hdf4-4.2.13-hf30be14_1003.tar.bz2#7f3e92154c3397e085ae1c37eb4975c5
https://conda.anaconda.org/conda-forge/linux-64/hdf5-1.10.5-nompi_h3c11f04_1104.tar.bz2#4ab54adc3774e9da616905a0090affed
https://conda.anaconda.org/conda-forge/linux-64/libblas-3.8.0-17_openblas.tar.bz2#fdd1790e564778bf0c616e639badfe58
https://conda.anaconda.org/conda-forge/linux-64/libedit-3.1.20191231-h46ee950_1.tar.bz2#29e6a338b1ee3dff18dff516b5665caa
https://conda.anaconda.org/conda-forge/linux-64/libevent-2.1.10-hcdb4288_1.tar.bz2#58ac6fa91ffb7fdaf404fd99a7863a73
https://conda.anaconda.org/conda-forge/linux-64/libnghttp2-1.41.0-hab1572f_1.tar.bz2#58bc2ebb4845592a123d67691c2de607
https://conda.anaconda.org/conda-forge/linux-64/libpng-1.6.37-hed695b0_1.tar.bz2#af826c4343debc44688bde6394f76fe8
https://conda.anaconda.org/conda-forge/linux-64/libprotobuf-3.12.3-h8b12597_2.tar.bz2#7cfe8420e4ab865ada4779146bf0c752
https://conda.anaconda.org/conda-forge/linux-64/libssh2-1.9.0-hab1572f_5.tar.bz2#18aaa1bd2238ae2b5e89591046973123
https://conda.anaconda.org/conda-forge/linux-64/libxcb-1.13-h14c3975_1002.tar.bz2#ca4eb860b5528d5c6de8d97021d9ef78
https://conda.anaconda.org/conda-forge/linux-64/libxml2-2.9.10-hee79883_0.tar.bz2#0217b0926808b1adf93247bba489d733
https://conda.anaconda.org/conda-forge/linux-64/nodejs-13.13.0-hf5d1a2b_0.tar.bz2#cf25f8cee7aad7f417980872d34d8fd6
https://conda.anaconda.org/conda-forge/linux-64/readline-8.0-he28a2e2_2.tar.bz2#4d0ae8d473f863696088f76800ef9d38
https://conda.anaconda.org/conda-forge/linux-64/tk-8.6.10-hed695b0_0.tar.bz2#9a3e126468fa7fb6a54caad41b5a2d45
https://conda.anaconda.org/conda-forge/linux-64/xerces-c-3.2.2-h8412b87_1004.tar.bz2#ffe3dc512c8eab9b4a5a8c3d64c0d69a
https://conda.anaconda.org/conda-forge/linux-64/xorg-libsm-1.2.3-h84519dc_1000.tar.bz2#56cc238b81624db9e3e36b2b6a482cc1
https://conda.anaconda.org/conda-forge/linux-64/zeromq-4.3.2-he1b5a44_3.tar.bz2#d9e734dd2b3da4e4380c9c98e6a78b40
https://conda.anaconda.org/conda-forge/linux-64/zstd-1.4.5-h6597ccf_2.tar.bz2#d60d50f369d40f9787878cdd866fc9d3
https://conda.anaconda.org/conda-forge/linux-64/freetype-2.10.2-he06d7ca_0.tar.bz2#520fb55b5f6e29179499000b8107fe0a
https://conda.anaconda.org/conda-forge/linux-64/grpc-cpp-1.30.2-heedbac9_0.tar.bz2#c1268fe9a02d36e76a560ded61ee4e8a
https://conda.anaconda.org/conda-forge/linux-64/kealib-1.4.13-hec59c27_0.tar.bz2#b72884a415c3b6d694914fa069bf43c4
https://conda.anaconda.org/conda-forge/linux-64/krb5-1.17.1-hfafb76e_2.tar.bz2#c6933e0a4a7145b747064d0856880ed0
https://conda.anaconda.org/conda-forge/linux-64/libcblas-3.8.0-17_openblas.tar.bz2#28f6376d1c4ca5e0fc287fb0484e37a1
https://conda.anaconda.org/conda-forge/linux-64/libkml-1.3.0-hb574062_1011.tar.bz2#41192213fb45d65f1a5570acc9ddadcd
https://conda.anaconda.org/conda-forge/linux-64/liblapack-3.8.0-17_openblas.tar.bz2#09cfbcdb4888dc9010b4cbc60e55c6ad
https://conda.anaconda.org/conda-forge/linux-64/libtiff-4.1.0-hc7e4089_6.tar.bz2#fa73bbe576ceb0c200a232c7956d8661
https://conda.anaconda.org/conda-forge/linux-64/libxslt-1.1.33-h31b3aaa_0.tar.bz2#5118dae8fef84d2b6b2bbd242a0b26d1
https://conda.anaconda.org/conda-forge/linux-64/sqlite-3.32.3-hcee41ef_1.tar.bz2#eba59aaa700c4787661b55a8aa3541a7
https://conda.anaconda.org/conda-forge/linux-64/thrift-cpp-0.13.0-h62aa4f2_2.tar.bz2#a2ab5d44f4e18fe4308c8b8fdf856535
https://conda.anaconda.org/conda-forge/linux-64/xorg-libx11-1.6.10-h516909a_0.tar.bz2#91eba215b6bd6e391129294e5b63e916
https://conda.anaconda.org/conda-forge/linux-64/fontconfig-2.13.1-h86ecdb6_1001.tar.bz2#51b20857a0d8b2434696f3515a1098d6
https://conda.anaconda.org/conda-forge/linux-64/lcms2-2.11-hbd6801e_0.tar.bz2#92df66bf0087c1275e03edc8ab45a9b8
https://conda.anaconda.org/conda-forge/linux-64/libcurl-7.71.1-hcdd3856_4.tar.bz2#6feefe413c5b03f8953bd7dae1064e2e
https://conda.anaconda.org/conda-forge/linux-64/libpq-12.3-h5513abc_0.tar.bz2#c4aafb982a0419818ccb33ddb02d799b
https://conda.anaconda.org/conda-forge/linux-64/openjpeg-2.3.1-h981e76c_3.tar.bz2#4a4b5d04b3791ab848b47611def88c4f
https://conda.anaconda.org/conda-forge/linux-64/python-3.7.8-h6f2ec95_1_cpython.tar.bz2#c41fe2a0e510f35d342c3607de631091
https://conda.anaconda.org/conda-forge/linux-64/xorg-libxext-1.3.4-h516909a_0.tar.bz2#aba40ec20012e0a2641ced275a0abdca
https://conda.anaconda.org/conda-forge/linux-64/xorg-libxrender-0.9.10-h516909a_1002.tar.bz2#bf3514891c6743ed808602fa9f4f1508
https://conda.anaconda.org/conda-forge/noarch/affine-2.3.0-py_0.tar.bz2#5a9bfe23652d0ad9aa27e56cd75bfe33
https://conda.anaconda.org/conda-forge/noarch/aiofiles-0.5.0-py_0.tar.bz2#f91238035e1507d933a5d387d9aa2ee4
https://conda.anaconda.org/conda-forge/noarch/appdirs-1.4.3-py_1.tar.bz2#79ea201c0ff86b098d3e3e3fa45505cd
https://conda.anaconda.org/conda-forge/noarch/asciitree-0.3.3-py_2.tar.bz2#c0481c9de49f040272556e2cedf42816
https://conda.anaconda.org/conda-forge/noarch/asn1crypto-1.4.0-pyh9f0ad1d_0.tar.bz2#1c9706ddd11a4ce4fb6670fc424b4a46
https://conda.anaconda.org/conda-forge/noarch/async-timeout-3.0.1-py_1000.tar.bz2#8b11024b2762a07aaa07d2743231a41b
https://conda.anaconda.org/conda-forge/noarch/async_generator-1.10-py_0.tar.bz2#d56c596e61b1c4952acf0a9920856c12
https://conda.anaconda.org/conda-forge/noarch/attrs-19.3.0-py_0.tar.bz2#5ddf9ee0eb95aac1d3881a8e3df5a1fa
https://conda.anaconda.org/conda-forge/noarch/backcall-0.2.0-pyh9f0ad1d_0.tar.bz2#6006a6d08a3fa99268a2681c7fb55213
https://conda.anaconda.org/conda-forge/noarch/backports-1.0-py_2.tar.bz2#0da16b293affa6ac31812376f8eb79dd
https://conda.anaconda.org/conda-forge/noarch/blinker-1.4-py_1.tar.bz2#fa509a09190583f869ae442bf4d17f5f
https://conda.anaconda.org/conda-forge/noarch/cachetools-4.1.1-py_0.tar.bz2#d424f5ac67137e79906ba5cc63354876
https://conda.anaconda.org/conda-forge/linux-64/cfitsio-3.470-hce51eda_6.tar.bz2#822e0a41d39789139203aa337ee71a55
https://conda.anaconda.org/conda-forge/noarch/click-7.1.2-pyh9f0ad1d_0.tar.bz2#bd50a970ce07e660c319fdc4d730d3f1
https://conda.anaconda.org/conda-forge/noarch/cloudpickle-1.5.0-py_0.tar.bz2#3cd5052b821e380f5ade22f04988f82b
https://conda.anaconda.org/conda-forge/noarch/colorama-0.4.3-py_0.tar.bz2#9cf68a6826504feedbfd646bc4d1ca14
https://conda.anaconda.org/conda-forge/linux-64/curl-7.71.1-he644dc0_4.tar.bz2#f48a13b8ec1322a39fa14f0410611a98
https://conda.anaconda.org/conda-forge/noarch/decorator-4.4.2-py_0.tar.bz2#d2eabb9cabd212e1ec6a9463bd846243
https://conda.anaconda.org/conda-forge/noarch/defusedxml-0.6.0-py_0.tar.bz2#37e1033daee0e2edaa5ff42584c52b21
https://conda.anaconda.org/conda-forge/noarch/docopt-0.6.2-py_1.tar.bz2#a9ed63e45579cfef026a916af2bc27c9
https://conda.anaconda.org/conda-forge/linux-64/docutils-0.15.2-py37_0.tar.bz2#60f816a3310437ea02586876950064d4
https://conda.anaconda.org/conda-forge/noarch/fastprogress-0.2.4-py_0.tar.bz2#429edc66d89152b18c2c55bafe1aea4a
https://conda.anaconda.org/conda-forge/noarch/fsspec-0.8.0-py_0.tar.bz2#79c54eea80f5c4a95d675587b7ddadb4
https://conda.anaconda.org/conda-forge/linux-64/glib-2.65.0-h6f030ca_0.tar.bz2#b0de00a186a544e2bdaed9765d97868f
https://conda.anaconda.org/conda-forge/noarch/graphql-core-3.1.2-py_0.tar.bz2#3bceddb737d1b03c422842e8c80ab42c
https://conda.anaconda.org/conda-forge/noarch/h11-0.9.0-py_0.tar.bz2#2407e7e29cdea8d8912b13ff9e2cfabd
https://conda.anaconda.org/conda-forge/noarch/heapdict-1.0.1-py_0.tar.bz2#77242bfb1e74a627fb06319b5a2d3b95
https://conda.anaconda.org/conda-forge/linux-64/httptools-0.1.1-py37h516909a_0.tar.bz2#76c2093fe32c58a02abfc93df0334e4b
https://conda.anaconda.org/conda-forge/noarch/idna-2.10-pyh9f0ad1d_0.tar.bz2#f95a12b4f435aae6680fe55ae2eb1b06
https://conda.anaconda.org/conda-forge/noarch/iniconfig-1.0.1-pyh9f0ad1d_0.tar.bz2#b24cafcf37a962a001a237a6299f580d
https://conda.anaconda.org/conda-forge/noarch/ipython_genutils-0.2.0-py_1.tar.bz2#5071c982548b3a20caf70462f04f5287
https://conda.anaconda.org/conda-forge/noarch/itsdangerous-1.1.0-py_0.tar.bz2#8afda875561afffed1115fd247fdd61e
https://conda.anaconda.org/conda-forge/noarch/jmespath-0.10.0-pyh9f0ad1d_0.tar.bz2#5988f73e79824c7900954539fbfad3fa
https://conda.anaconda.org/conda-forge/noarch/json5-0.9.4-pyh9f0ad1d_0.tar.bz2#075494d3f4e4466f8dba14d68e100bef
https://conda.anaconda.org/conda-forge/noarch/locket-0.2.0-py_2.tar.bz2#709e8671651c7ec3d1ad07800339ff1d
https://conda.anaconda.org/conda-forge/noarch/marshmallow-3.7.1-py_0.tar.bz2#6a13a5c8df6157a53e5b3982ab24132c
https://conda.anaconda.org/conda-forge/noarch/monotonic-1.5-py_0.tar.bz2#0cc5fd0140497c3f1e2db2e7493b62b3
https://conda.anaconda.org/conda-forge/noarch/more-itertools-8.4.0-py_0.tar.bz2#945faf34e7c79f9ed0e1d705fb99a642
https://conda.anaconda.org/conda-forge/noarch/olefile-0.46-py_0.tar.bz2#8a6d3394763144710916ecf556c6287d
https://conda.anaconda.org/conda-forge/noarch/pamela-1.0.0-py_0.tar.bz2#36f6f18d2f3ae0c93d77a9dbedad08c3
https://conda.anaconda.org/conda-forge/noarch/pandocfilters-1.4.2-py_1.tar.bz2#ba6f4a308f1ea22abe1d72e72544af76
https://conda.anaconda.org/conda-forge/noarch/param-1.9.3-py_0.tar.bz2#7258dbe25d6f41d330ffb898932dcac2
https://conda.anaconda.org/conda-forge/noarch/parso-0.7.1-pyh9f0ad1d_0.tar.bz2#f66647d1ec805566d72ac26f62b19c01
https://conda.anaconda.org/conda-forge/linux-64/postgresql-12.3-h8573dbc_0.tar.bz2#9e49ce1788f90ff0d892391fb5bb3c42
https://conda.anaconda.org/conda-forge/linux-64/proj-7.0.0-h966b41f_5.tar.bz2#6c84860aef0eeb9a547dbbb849e964fe
https://conda.anaconda.org/conda-forge/noarch/prometheus_client-0.8.0-pyh9f0ad1d_0.tar.bz2#0409863e03d2abb75d9b91b903697ed0
https://conda.anaconda.org/conda-forge/noarch/ptyprocess-0.6.0-py_1001.tar.bz2#0c3a56f1ab48cfb002c69b48f9e1ddc6
https://conda.anaconda.org/conda-forge/noarch/py-1.9.0-pyh9f0ad1d_0.tar.bz2#82beb69c4e05d65702bbde3c63d6ef58
https://conda.anaconda.org/conda-forge/noarch/pyasn1-0.4.8-py_0.tar.bz2#06d04c9f8f72ac77911db942eda24fb9
https://conda.anaconda.org/conda-forge/noarch/pycparser-2.20-pyh9f0ad1d_2.tar.bz2#aa798d50ffd182a0f6f31478c7f434f6
https://conda.anaconda.org/conda-forge/noarch/pyparsing-2.4.7-pyh9f0ad1d_0.tar.bz2#626c4f20d5bf06dcec9cf2eaa31725c7
https://conda.anaconda.org/conda-forge/noarch/pyshp-2.1.0-py_0.tar.bz2#d33726eb4b6cc2c348ea4c8ad5e1915b
https://conda.anaconda.org/conda-forge/noarch/python-editor-1.0.4-py_0.tar.bz2#eaaf29a0644f9407f98a4665f45880c4
https://conda.anaconda.org/conda-forge/noarch/python-gnupg-0.4.6-pyh9f0ad1d_0.tar.bz2#c9e01c4d05688d691c5fb6f965593f2f
https://conda.anaconda.org/conda-forge/noarch/python-json-logger-0.1.11-py_0.tar.bz2#f4912fb7591c1deb9957beef3c18ad00
https://conda.anaconda.org/conda-forge/linux-64/python_abi-3.7-1_cp37m.tar.bz2#658a5c3d766bfc6574480204b10a6f20
https://conda.anaconda.org/conda-forge/noarch/pytz-2020.1-pyh9f0ad1d_0.tar.bz2#e52abc1f0fd70e05001c1ceb2696f625
https://conda.anaconda.org/conda-forge/noarch/pytzdata-2020.1-pyh9f0ad1d_0.tar.bz2#7dd824593f3a861130ac17c6571546e2
https://conda.anaconda.org/conda-forge/noarch/send2trash-1.5.0-py_0.tar.bz2#c3779037a635e1150f1c53c28b875949
https://conda.anaconda.org/conda-forge/noarch/simpervisor-0.3-py_1.tar.bz2#fe08b77a681a541161b2b42fbd78d117
https://conda.anaconda.org/conda-forge/noarch/six-1.15.0-pyh9f0ad1d_0.tar.bz2#1eec421f0f1f39e579e44e4a5ce646a2
https://conda.anaconda.org/conda-forge/noarch/sortedcontainers-2.2.2-pyh9f0ad1d_0.tar.bz2#966cf410576873c60089e242b9d2fcc6
https://conda.anaconda.org/conda-forge/noarch/tabulate-0.8.7-pyh9f0ad1d_0.tar.bz2#229780178ffe9121c873e00ba8de39bf
https://conda.anaconda.org/conda-forge/noarch/tblib-1.6.0-py_0.tar.bz2#0e1562c39e804e0d7df8650626379caa
https://conda.anaconda.org/conda-forge/noarch/testpath-0.4.4-py_0.tar.bz2#3b98fff4d5342bebde2ecaa314f796f9
https://conda.anaconda.org/conda-forge/noarch/text-unidecode-1.3-py_0.tar.bz2#afcf07cba949f797ac96c5e13e745cc7
https://conda.anaconda.org/conda-forge/noarch/threadpoolctl-2.1.0-pyh5ca1d4c_0.tar.bz2#9eb32b63458380aa3804de519b6e5749
https://conda.anaconda.org/conda-forge/noarch/toml-0.10.1-pyh9f0ad1d_0.tar.bz2#ca47d0ef822fd23b7ec9771a36645e5e
https://conda.anaconda.org/conda-forge/noarch/toolz-0.10.0-py_0.tar.bz2#9b38c091d24a308daf386f1e82d9d3a9
https://conda.anaconda.org/conda-forge/noarch/tqdm-4.48.0-pyh9f0ad1d_0.tar.bz2#d98c33b8c20f112769d24836f87f6d62
https://conda.anaconda.org/conda-forge/noarch/typing_extensions-3.7.4.2-py_0.tar.bz2#235133b5ac204ecadf84cd07bab4fbe3
https://conda.anaconda.org/conda-forge/noarch/unidecode-1.1.1-py_0.tar.bz2#cd27644666953a5e18a42f6817a3390f
https://conda.anaconda.org/conda-forge/noarch/webencodings-0.5.1-py_1.tar.bz2#3563be4c5611a44210d9ba0c16113136
https://conda.anaconda.org/conda-forge/noarch/webob-1.8.6-py_0.tar.bz2#526d6860bfbd57f3395b40ebb5818a12
https://conda.anaconda.org/conda-forge/noarch/zipp-3.1.0-py_0.tar.bz2#61948e426a3a3ec1fa7c90a44c2585d1
https://conda.anaconda.org/conda-forge/linux-64/aws-sdk-cpp-1.7.164-hc831370_1.tar.bz2#b07fcb4feac6a8274c9ac7f3346b602b
https://conda.anaconda.org/conda-forge/linux-64/cairo-1.16.0-hcf35c78_1003.tar.bz2#6b996a9e9337b64a7477942b84d3afe5
https://conda.anaconda.org/conda-forge/linux-64/certifi-2020.6.20-py37hc8dfbb8_0.tar.bz2#35be2a89562ec6297c5cf9a45b1ccf2d
https://conda.anaconda.org/conda-forge/linux-64/cffi-1.14.1-py37h2b28604_0.tar.bz2#0cff4c98934c47ee9c6ac0691e6a5394
https://conda.anaconda.org/conda-forge/linux-64/chardet-3.0.4-py37hc8dfbb8_1006.tar.bz2#9ac087b0b93ba7448ed20de438c23bc6
https://conda.anaconda.org/conda-forge/noarch/click-plugins-1.1.1-py_0.tar.bz2#4fd2c6b53934bd7d96d1f3fdaf99b79f
https://conda.anaconda.org/conda-forge/noarch/cligj-0.5.0-py_0.tar.bz2#a559037c0c463477b91a94a1b9fc5a6f
https://conda.anaconda.org/conda-forge/noarch/configobj-5.0.6-py_0.tar.bz2#e46ba874295e2eda5593650895777913
https://conda.anaconda.org/conda-forge/noarch/cycler-0.10.0-py_2.tar.bz2#f6d7c7e6d8f42cbbec7e07a8d879f91c
https://conda.anaconda.org/conda-forge/linux-64/cytoolz-0.10.1-py37h516909a_0.tar.bz2#33e7c516f5424054cd600b457c6dc73b
https://conda.anaconda.org/conda-forge/noarch/docker-pycreds-0.4.0-py_0.tar.bz2#c69f19038efee4eb534623610d0c2053
https://conda.anaconda.org/conda-forge/noarch/docrep-0.2.7-py_0.tar.bz2#7a8411a58c16dffe32424251e62e3149
https://conda.anaconda.org/conda-forge/linux-64/entrypoints-0.3-py37hc8dfbb8_1001.tar.bz2#d2022cd098dbc7806a845669e9f23621
https://conda.anaconda.org/conda-forge/noarch/fasteners-0.14.1-py_3.tar.bz2#8af0bf3cfe806fb001d9923b4fe1594b
https://conda.anaconda.org/conda-forge/linux-64/future-0.18.2-py37hc8dfbb8_1.tar.bz2#035a07820788119b9903bf568f0d5b7e
https://conda.anaconda.org/conda-forge/linux-64/geotiff-1.5.1-h05acad5_10.tar.bz2#0eaf16074e7b9876524156ca8b4cf25c
https://conda.anaconda.org/conda-forge/noarch/graphql-relay-3.0.0-py_0.tar.bz2#34ee85533bd837b9b016265215308e81
https://conda.anaconda.org/conda-forge/linux-64/importlib-metadata-1.7.0-py37hc8dfbb8_0.tar.bz2#c6b612afebd9dea4557d0281fa090ec5
https://conda.anaconda.org/conda-forge/linux-64/jedi-0.17.2-py37hc8dfbb8_0.tar.bz2#977e3d0e255c6805aa201aeea428fbc9
https://conda.anaconda.org/conda-forge/linux-64/kiwisolver-1.2.0-py37h99015e2_0.tar.bz2#ac7fc9ebc7d09372e933edd2b5b783ed
https://conda.anaconda.org/conda-forge/linux-64/libdap4-3.20.6-h1d1bd15_1.tar.bz2#4fd50fa8f799f2070f7f8f27cfc95ae5
https://conda.anaconda.org/conda-forge/linux-64/libnetcdf-4.7.4-nompi_h9f9fd6a_101.tar.bz2#add87f9ca69bac2671898657332f9ec4
https://conda.anaconda.org/conda-forge/linux-64/libspatialite-4.3.0a-h2482549_1038.tar.bz2#b2ee2d89c71b551d4ec13ac5149fd349
https://conda.anaconda.org/conda-forge/linux-64/llvmlite-0.31.0-py37h5202443_1.tar.bz2#25a968cbc80dfc4b87d1e6aa80cd841d
https://conda.anaconda.org/conda-forge/linux-64/lxml-4.5.2-py37he3881c9_0.tar.bz2#36cab057ef241d882aaead9ead0d40de
https://conda.anaconda.org/conda-forge/linux-64/lz4-3.1.0-py37h5a7ed16_0.tar.bz2#3d74c2bf9acb1c992d1920b010e8a9ef
https://conda.anaconda.org/conda-forge/linux-64/markupsafe-1.1.1-py37h8f50634_1.tar.bz2#3a1f9e93d5bed65a9875eb2e5805cf0d
https://conda.anaconda.org/conda-forge/noarch/marshmallow-oneofschema-2.0.1-py_0.tar.bz2#71aa651bcd1dd06ca7efc84853d5d825
https://conda.anaconda.org/conda-forge/linux-64/mistune-0.8.4-py37h8f50634_1001.tar.bz2#e84446dacc5977ffdd2eee48d1680ea7
https://conda.anaconda.org/conda-forge/linux-64/msgpack-python-1.0.0-py37h99015e2_1.tar.bz2#7fc501bc4c0604e1b98255d0b13959df
https://conda.anaconda.org/conda-forge/linux-64/multidict-4.7.5-py37h8f50634_1.tar.bz2#a2ce8958425719eac43739946bd930bb
https://conda.anaconda.org/conda-forge/noarch/multipledispatch-0.6.0-py_0.tar.bz2#1073dc92c8f247d94ac14dd79ca0bbec
https://conda.anaconda.org/conda-forge/linux-64/mypy_extensions-0.4.3-py37hc8dfbb8_1.tar.bz2#3770dbc2429c6fb508ce72034a898cfd
https://conda.anaconda.org/conda-forge/linux-64/numpy-1.19.1-py37h8960a57_0.tar.bz2#8be93d0e7e9d5a61ac8ee959b86ce28c
https://conda.anaconda.org/conda-forge/noarch/packaging-20.4-pyh9f0ad1d_0.tar.bz2#6d160f7346ac815500b5475d9a0f88a9
https://conda.anaconda.org/conda-forge/noarch/partd-1.1.0-py_0.tar.bz2#4afbf2cdf4e6ad279080d3adb5cefaae
https://conda.anaconda.org/conda-forge/linux-64/pexpect-4.8.0-py37hc8dfbb8_1.tar.bz2#fda2ad946f9f5b7ce3531cc34ab262e9
https://conda.anaconda.org/conda-forge/linux-64/pickleshare-0.7.5-py37hc8dfbb8_1001.tar.bz2#da9fda4a608e5de6990bf16f79c4ae1c
https://conda.anaconda.org/conda-forge/linux-64/pillow-7.2.0-py37h718be6c_1.tar.bz2#d90ae56970400e7f11a8f4d7030a08a1
https://conda.anaconda.org/conda-forge/linux-64/promise-2.3-py37hc8dfbb8_1.tar.bz2#21547a8b8f90c7824f81293d0b2e3520
https://conda.anaconda.org/conda-forge/linux-64/psutil-5.7.2-py37h8f50634_0.tar.bz2#63baa94d2f114c2c47b1893b897582b2
https://conda.anaconda.org/conda-forge/noarch/pyasn1-modules-0.2.7-py_0.tar.bz2#ad1e886d09700b2304975335f714bd9c
https://conda.anaconda.org/conda-forge/linux-64/pybind11-2.5.0-py37h99015e2_0.tar.bz2#895006eca6b335e6076c79250d0a231c
https://conda.anaconda.org/conda-forge/noarch/pyct-core-0.4.6-py_0.tar.bz2#55ec526f95e0959de3f68bc6289a20da
https://conda.anaconda.org/conda-forge/linux-64/pycurl-7.43.0.5-py37hce7685b_2.tar.bz2#ec73a00fa381b6d756e9918307b19733
https://conda.anaconda.org/conda-forge/linux-64/pydantic-1.6.1-py37h8f50634_0.tar.bz2#1fc487c944e999720ae6bd7951aa6b21
https://conda.anaconda.org/conda-forge/linux-64/pyproj-2.6.1.post1-py37h34dd122_0.tar.bz2#fef56b340a96bf052c8b96901b72e7c0
https://conda.anaconda.org/conda-forge/linux-64/pyrsistent-0.16.0-py37h8f50634_0.tar.bz2#0d30d9cd284a3b9797291e29ae9d8129
https://conda.anaconda.org/conda-forge/linux-64/pysocks-1.7.1-py37hc8dfbb8_1.tar.bz2#3e3574f5f72cfb377ea86c87ca4a4599
https://conda.anaconda.org/conda-forge/linux-64/python-blosc-1.9.1-py37h0da4684_0.tar.bz2#84ae6efdeeb026f400959917d7f17da3
https://conda.anaconda.org/conda-forge/noarch/python-dateutil-2.7.5-py_0.tar.bz2#c6b028f9d5b55c772fad91e3c017861d
https://conda.anaconda.org/conda-forge/noarch/python-multipart-0.0.5-py_0.tar.bz2#a422cf8aedde18e7037cad6496adcd4b
https://conda.anaconda.org/conda-forge/noarch/python-slugify-4.0.1-pyh9f0ad1d_0.tar.bz2#c97da61221ef1dce6a0cb5a1d36f0019
https://conda.anaconda.org/conda-forge/noarch/pyviz_comms-0.7.6-pyh9f0ad1d_0.tar.bz2#16fc2f91123d2b040c4e101ec47c8660
https://conda.anaconda.org/conda-forge/linux-64/pyyaml-5.3.1-py37h8f50634_0.tar.bz2#13495f8abe3fa4e8905439257d1132d4
https://conda.anaconda.org/conda-forge/linux-64/pyzmq-19.0.2-py37hac76be4_0.tar.bz2#883cee23f4d4037a74ba63334f3eb688
https://conda.anaconda.org/conda-forge/noarch/rsa-4.4.1-pyh9f0ad1d_0.tar.bz2#95a8ac0793247504504759b4426e8742
https://conda.anaconda.org/conda-forge/linux-64/rtree-0.9.4-py37h8526d28_1.tar.bz2#049ec210329f8ebd8bb5b32153ce0049
https://conda.anaconda.org/conda-forge/linux-64/ruamel.yaml.clib-0.2.0-py37h8f50634_1.tar.bz2#71717a66629f873f5283b5cdb0f995dc
https://conda.anaconda.org/conda-forge/linux-64/simplejson-3.17.2-py37h8f50634_0.tar.bz2#81d40f82c1701cccd5db0fb9b97c25c4
https://conda.anaconda.org/conda-forge/linux-64/soupsieve-2.0.1-py37hc8dfbb8_0.tar.bz2#2a7081d9ecc5ccd34af6739bb74512cc
https://conda.anaconda.org/conda-forge/linux-64/sqlalchemy-1.3.18-py37h8f50634_0.tar.bz2#4886a6377cc8b5118703b698c120abc1
https://conda.anaconda.org/conda-forge/linux-64/tiledb-2.0.8-h3effe38_0.tar.bz2#239263a51f73882a7d6fee67a368950d
https://conda.anaconda.org/conda-forge/linux-64/tornado-6.0.4-py37h8f50634_1.tar.bz2#fd1d04c8e4cf93219ffee974e36249ee
https://conda.anaconda.org/conda-forge/linux-64/traitlets-4.3.3-py37hc8dfbb8_1.tar.bz2#d565e0456c21e6aa521f79889a5da1ab
https://conda.anaconda.org/conda-forge/noarch/trollsift-0.3.4-py_1.tar.bz2#9fa458a65b7f1e59fdd6848fe286bf07
https://conda.anaconda.org/conda-forge/linux-64/ujson-3.1.0-py37h3340039_0.tar.bz2#94f1a3ac6199a659a14af874723accfa
https://conda.anaconda.org/conda-forge/linux-64/uvloop-0.14.0-py37h8f50634_1.tar.bz2#9b3924dcc8479fd6ba880acb98329cef
https://conda.anaconda.org/conda-forge/linux-64/websocket-client-0.57.0-py37hc8dfbb8_1.tar.bz2#4b5be51686f90af89772e2593d47e7a6
https://conda.anaconda.org/conda-forge/linux-64/websockets-8.1-py37h8f50634_1.tar.bz2#6c777f804f0b08e17e0983f23d691c43
https://conda.anaconda.org/conda-forge/noarch/wsproto-0.13.0-py_0.tar.bz2#16ec3e934d0d2febf005c0aa99ab7730
https://conda.anaconda.org/conda-forge/noarch/zict-2.0.0-py_0.tar.bz2#4750152be22f24d695b3004c5e1712d3
https://conda.anaconda.org/conda-forge/linux-64/argon2-cffi-20.1.0-py37h8f50634_0.tar.bz2#3f80704521ef98b8c4f853b659fcafa3
https://conda.anaconda.org/conda-forge/linux-64/arrow-cpp-1.0.0-py37h1234567_1_cpu.tar.bz2#ee6101b1acd4a0254c0ddbde7b86e883
https://conda.anaconda.org/conda-forge/linux-64/beautifulsoup4-4.9.1-py37hc8dfbb8_0.tar.bz2#aa68567528981eb71d172b50e88b2f8f
https://conda.anaconda.org/conda-forge/linux-64/bottleneck-1.3.2-py37h03ebfcd_1.tar.bz2#90a49dbd52fe55f8ed508ae5ad970a40
https://conda.anaconda.org/conda-forge/linux-64/brotlipy-0.7.0-py37h8f50634_1000.tar.bz2#32f5c3392501d6f5f20a24be76e03702
https://conda.anaconda.org/conda-forge/linux-64/cftime-1.2.1-py37h03ebfcd_0.tar.bz2#10b2ccbaf15523c568a6ad065411fd2a
https://conda.anaconda.org/conda-forge/linux-64/ciso-0.1.0-py37h03ebfcd_1.tar.bz2#d1610ba31965971ded665e72b7799913
https://conda.anaconda.org/conda-forge/noarch/croniter-0.3.30-py_0.tar.bz2#d28727780c479e3f3c73db211b25a857
https://conda.anaconda.org/conda-forge/linux-64/cryptography-3.0-py37hb09aad4_0.tar.bz2#f8361ea8fbebac7549f354b2eba98858
https://conda.anaconda.org/conda-forge/noarch/dask-core-2.22.0-py_0.tar.bz2#56a42c164454e6f2187c02803bb0440d
https://conda.anaconda.org/conda-forge/noarch/datashape-0.5.4-py_1.tar.bz2#50ddfce434ea596fc4497085f403a9d5
https://conda.anaconda.org/conda-forge/noarch/eofs-1.4.0-py_0.tar.bz2#6e166cd37cfeadefcfca1ffe00f222bb
https://conda.anaconda.org/conda-forge/noarch/graphene-1.4-py_0.tar.bz2#241bd7620dbbdabe1a1da30ed9d48de6
https://conda.anaconda.org/conda-forge/linux-64/gsw-3.3.1-py37h03ebfcd_2.tar.bz2#45aec32e097313d06c8495789cb9571d
https://conda.anaconda.org/conda-forge/linux-64/h5py-2.10.0-nompi_py37h513d04c_102.tar.bz2#9a9ca5e194dc9c06104d1cc15c81e6b8
https://conda.anaconda.org/conda-forge/linux-64/imagecodecs-2020.5.30-py37hda6ee5b_2.tar.bz2#0825c902e911a1b9ef167c11c24b8a81
https://conda.anaconda.org/conda-forge/noarch/imageio-2.9.0-py_0.tar.bz2#62ad9e579278e777d4abaa8c9312b6a7
https://conda.anaconda.org/conda-forge/noarch/importlib_metadata-1.7.0-0.tar.bz2#3e6503b25200f60149cce699a47cf09e
https://conda.anaconda.org/conda-forge/linux-64/jupyter_core-4.6.3-py37hc8dfbb8_1.tar.bz2#2169191b3df60024143e88aa047454ae
https://conda.anaconda.org/conda-forge/noarch/mako-1.1.3-pyh9f0ad1d_0.tar.bz2#7c87121b0244cf6a1f44a1df12a846ea
https://conda.anaconda.org/conda-forge/noarch/markdown-3.2.2-py_0.tar.bz2#f09d9ef8bd8db224f56d1442725249a0
https://conda.anaconda.org/conda-forge/linux-64/netcdf-fortran-4.5.2-nompi_h45d7149_104.tar.bz2#40c6c4a5505172e84e5b96e86650e670
https://conda.anaconda.org/conda-forge/linux-64/numcodecs-0.6.4-py37he1b5a44_0.tar.bz2#b3430e11d4184d1de418b389bd76a7b6
https://conda.anaconda.org/conda-forge/linux-64/pandas-1.1.0-py37h3340039_0.tar.bz2#92503d23241db01308065bf99a1ada90
https://conda.anaconda.org/conda-forge/linux-64/pendulum-2.1.2-py37hc8dfbb8_0.tar.bz2#82383de5773e8c44b0cf7e1f29cbf414
https://conda.anaconda.org/conda-forge/linux-64/poppler-0.67.0-h14e79db_8.tar.bz2#e20e05cc2efde07972b62414d02de883
https://conda.anaconda.org/conda-forge/linux-64/pykdtree-1.3.1-py37h03ebfcd_1003.tar.bz2#9cc8f6bb163559dea6c677b0f467571c
https://conda.anaconda.org/conda-forge/noarch/pyorbital-1.6.0-pyh9f0ad1d_0.tar.bz2#279247380d054a980565458462ec4140
https://conda.anaconda.org/conda-forge/noarch/pystac-0.4.0-pyh9f0ad1d_0.tar.bz2#60d374095c2099ce562bd2e5d7d477d5
https://conda.anaconda.org/conda-forge/linux-64/pywavelets-1.1.1-py37h03ebfcd_1.tar.bz2#ee0c89ac43ea424a4b38bca79cbd6cab
https://conda.anaconda.org/conda-forge/linux-64/scipy-1.5.2-py37hb14ef9d_0.tar.bz2#1fd2af7d7979bc724e98cc36814386c3
https://conda.anaconda.org/conda-forge/linux-64/setuptools-49.2.1-py37hc8dfbb8_0.tar.bz2#73747d54da108ba415ec0e380797e2d0
https://conda.anaconda.org/conda-forge/linux-64/shapely-1.7.0-py37hc88ce51_3.tar.bz2#576db782cc66a1627191503951a48183
https://conda.anaconda.org/conda-forge/noarch/snuggs-1.4.7-py_0.tar.bz2#cb83a3d6ecf73f50117635192414426a
https://conda.anaconda.org/conda-forge/linux-64/terminado-0.8.3-py37hc8dfbb8_1.tar.bz2#787037d7513630b8b94fe8848c8cabf2
https://conda.anaconda.org/conda-forge/noarch/traittypes-0.2.1-py_1.tar.bz2#b3a93e87b88b44fc7575234fba22a770
https://conda.anaconda.org/conda-forge/linux-64/yarl-1.3.0-py37h516909a_1000.tar.bz2#e8c9283008a914a4be78617fc2556c94
https://conda.anaconda.org/conda-forge/linux-64/aiohttp-3.6.2-py37h516909a_0.tar.bz2#005bd1048aea096cf153a50cbcd44b44
https://conda.anaconda.org/conda-forge/noarch/alembic-1.4.2-pyh9f0ad1d_0.tar.bz2#82990aff7b052d02029506e393f291b8
https://conda.anaconda.org/conda-forge/noarch/backports.functools_lru_cache-1.6.1-py_0.tar.bz2#d36df15eaef96549ce6231e3088fba54
https://conda.anaconda.org/conda-forge/noarch/bleach-3.1.5-pyh9f0ad1d_0.tar.bz2#fdd3428764b35bd251798db254a9bdea
https://conda.anaconda.org/conda-forge/linux-64/distributed-2.22.0-py37hc8dfbb8_0.tar.bz2#406fc9d52e475b827c978bcc158d7965
https://conda.anaconda.org/conda-forge/linux-64/esmf-8.0.0-nompi_hb0fcdcb_6.tar.bz2#377a8d2da9e7d41936831281a44615b2
https://conda.anaconda.org/conda-forge/noarch/google-auth-1.20.0-py_0.tar.bz2#a38be797a88eb639959ba6859d5602d4
https://conda.anaconda.org/conda-forge/linux-64/gunicorn-20.0.4-py37hc8dfbb8_1.tar.bz2#c4cfcb03f464b947de1dde55d153a167
https://conda.anaconda.org/conda-forge/noarch/h5netcdf-0.8.1-py_0.tar.bz2#0181638a03dbead1e8b2ff3bdb54d24e
https://conda.anaconda.org/conda-forge/noarch/jinja2-2.11.2-pyh9f0ad1d_0.tar.bz2#e8a5d614d1a27bdba00059ca062a0551
https://conda.anaconda.org/conda-forge/noarch/joblib-0.16.0-py_0.tar.bz2#101f7628023ff2d43479ab66c73c3f72
https://conda.anaconda.org/conda-forge/linux-64/jsonschema-3.2.0-py37hc8dfbb8_1.tar.bz2#3bbfbc1c12652fc35a225180d7aeff19
https://conda.anaconda.org/conda-forge/noarch/jupyter_client-6.1.6-py_0.tar.bz2#172993d8c770aff0934635bafaa62532
https://conda.anaconda.org/conda-forge/linux-64/libgdal-2.4.4-h5439ffd_1.tar.bz2#65c93e8b16bfdc081d275ccc8242d63a
https://conda.anaconda.org/conda-forge/linux-64/matplotlib-base-3.3.0-py37hd478181_1.tar.bz2#699f341b552d63d829ce440f555d08cd
https://conda.anaconda.org/conda-forge/noarch/mercantile-1.1.5-pyh9f0ad1d_0.tar.bz2#00faa2685f29e4f0b8b602c942b4b050
https://conda.anaconda.org/conda-forge/noarch/munch-2.5.0-py_0.tar.bz2#31d9e9be500e25ff0050bc9f57a6bcd7
https://conda.anaconda.org/conda-forge/linux-64/netcdf4-1.5.3-nompi_py37hec16513_103.tar.bz2#1274c6c94a897ee368fe64b1d5c41f98
https://conda.anaconda.org/conda-forge/noarch/networkx-2.4-py_1.tar.bz2#5aaf85a2001a7d818148794f3099eb5e
https://conda.anaconda.org/conda-forge/linux-64/numba-0.48.0-py37hb3f55d8_0.tar.bz2#2f5ebdbe82b91475079af2b431760a38
https://conda.anaconda.org/conda-forge/noarch/parquet-cpp-1.5.1-2.tar.bz2#79a5f78c42817594ae016a7896521a97
https://conda.anaconda.org/conda-forge/noarch/pint-0.14-py_0.tar.bz2#3010ea22c0b9f87d7e8b4b99e7ceb077
https://conda.anaconda.org/conda-forge/linux-64/pluggy-0.13.1-py37hc8dfbb8_2.tar.bz2#048300df018759ff82326a79c1c9a068
https://conda.anaconda.org/conda-forge/noarch/pygments-2.6.1-py_0.tar.bz2#37736a64e169c430eac98a46ddc1ac4a
https://conda.anaconda.org/conda-forge/noarch/pyjwt-1.7.1-py_0.tar.bz2#617ab4f8c5e481fdeabe55d7a1e14798
https://conda.anaconda.org/conda-forge/noarch/pyopenssl-19.1.0-py_1.tar.bz2#ef3d970a6de9bc902d233e59f746b7cd
https://conda.anaconda.org/conda-forge/linux-64/pyresample-1.16.0-py37h0da4684_0.tar.bz2#643866c01509f4f69185bce0d8312654
https://conda.anaconda.org/conda-forge/linux-64/python-geotiepoints-1.2.0-py37h03ebfcd_0.tar.bz2#5226f94de55d954bbbd3ccae466a76c3
https://conda.anaconda.org/conda-forge/linux-64/ruamel.yaml-0.16.6-py37h8f50634_1.tar.bz2#31438403fcff1a6a7dda790a430b3922
https://conda.anaconda.org/conda-forge/noarch/tifffile-2020.7.24-py_0.tar.bz2#a8fc3c7ce518a0ef636da1952f4a3a85
https://conda.anaconda.org/conda-forge/linux-64/tiledb-py-0.6.6-py37haae2426_0.tar.bz2#81dd6cc20422e2637859bfc8530605e9
https://conda.anaconda.org/conda-forge/noarch/wheel-0.34.2-py_1.tar.bz2#1a3f64dbee07e02a8f1de36b5b5e98ee
https://conda.anaconda.org/conda-forge/noarch/xarray-0.16.0-py_0.tar.bz2#a9d4fbd79e09a857acbce265a028dac7
https://conda.anaconda.org/conda-forge/noarch/zarr-2.4.0-py_0.tar.bz2#57d5031b1a07f73f6a671fba6eccbd2a
https://conda.anaconda.org/conda-forge/linux-64/bokeh-2.1.1-py37hc8dfbb8_0.tar.bz2#0927f1a093279ba797f014c5e484a58f
https://conda.anaconda.org/conda-forge/noarch/branca-0.3.1-py_0.tar.bz2#d578d9c8f065254757b9fd22b617fef0
https://conda.anaconda.org/conda-forge/noarch/certipy-0.1.3-py_0.tar.bz2#23486713ef5712923e7c57cae609b22e
https://conda.anaconda.org/conda-forge/noarch/descartes-1.1.0-py_4.tar.bz2#32fa3526c15250ccf353f1ce905f50b3
https://conda.anaconda.org/conda-forge/linux-64/esmpy-8.0.0-nompi_py37hf0e99fa_1.tar.bz2#c5582102897795a150c12f9cb43b06e5
https://conda.anaconda.org/conda-forge/noarch/fastjmd95-0.1-pyh9f0ad1d_0.tar.bz2#2fc5139d3de2bfadd6ed80fe89526f2d
https://conda.anaconda.org/conda-forge/linux-64/gdal-2.4.4-py37hf8c3989_1.tar.bz2#7f63601b59eba7c4082e4bfc1967db9d
https://conda.anaconda.org/conda-forge/noarch/jupyter_telemetry-0.0.5-py_0.tar.bz2#46d62a58c7dd1e6fcdaff59441285791
https://conda.anaconda.org/conda-forge/noarch/nbformat-5.0.7-py_0.tar.bz2#7f9984ee165126ac09d9eb678052783d
https://conda.anaconda.org/conda-forge/noarch/nc-time-axis-1.2.0-py_1.tar.bz2#f3158a5d335f0f44f09cf05d3fb4107e
https://conda.anaconda.org/conda-forge/noarch/oauthlib-3.0.1-py_0.tar.bz2#faaf2a8fd1cddecbf1818fcf0ed3a3b6
https://conda.anaconda.org/conda-forge/noarch/pip-20.2-py_0.tar.bz2#6f0adabf32ba2eec2a398054e5648346
https://conda.anaconda.org/conda-forge/linux-64/pyarrow-1.0.0-py37h1234567_1_cpu.tar.bz2#31783895a47edc9f686928425bfda7b1
https://conda.anaconda.org/conda-forge/linux-64/pytest-6.0.1-py37hc8dfbb8_0.tar.bz2#5361cccff2f12d67afe6251b15f24c93
https://conda.anaconda.org/conda-forge/linux-64/rasterio-1.1.5-py37hf4c872c_0.tar.bz2#576d5bb15396c47d73a3472c93d3b404
https://conda.anaconda.org/conda-forge/linux-64/scikit-image-0.17.2-py37h0da4684_1.tar.bz2#37279ee84bc3eb6bcaae0752d0001da4
https://conda.anaconda.org/conda-forge/linux-64/scikit-learn-0.23.1-py37h8a51577_0.tar.bz2#2874978913dbb836bb6abd4f982f55a0
https://conda.anaconda.org/conda-forge/noarch/sparse-0.9.1-py_0.tar.bz2#bfd3cd6640b1581ff64703a7048c487c
https://conda.anaconda.org/conda-forge/noarch/urllib3-1.25.10-py_0.tar.bz2#82cde2a532177697e42a090add881db8
https://conda.anaconda.org/conda-forge/linux-64/uvicorn-0.11.3-py37hc8dfbb8_1.tar.bz2#4ac1fa1ea1460003da3e70d25e25dba3
https://conda.anaconda.org/conda-forge/noarch/wcwidth-0.2.5-pyh9f0ad1d_1.tar.bz2#ac581f74f00d4d9f5acec2449f310e70
https://conda.anaconda.org/conda-forge/linux-64/xlayers-0.2.2-py37hf630d0d_0.tar.bz2#3c0eaf7a91335e54fb4160961da8ed34
https://conda.anaconda.org/conda-forge/noarch/botocore-1.17.33-pyh9f0ad1d_0.tar.bz2#dd53fb56743bf4e24ed9ebec6c43609d
https://conda.anaconda.org/conda-forge/noarch/dask-2.22.0-py_0.tar.bz2#a018fdec534461186d22bd812ece72b3
https://conda.anaconda.org/conda-forge/linux-64/fiona-1.8.9.post2-py37hdff7cfa_0.tar.bz2#5316d57699a8d12866a9dbf33d06e331
https://conda.anaconda.org/conda-forge/noarch/kubernetes_asyncio-11.3.0-pyh9f0ad1d_0.tar.bz2#c95a80c5b0bfb7b38a9726c5b0f873d8
https://conda.anaconda.org/conda-forge/linux-64/nbconvert-5.6.1-py37hc8dfbb8_1.tar.bz2#2f7e5d51e31ea55b21efcdc07d6b1cd2
https://conda.anaconda.org/conda-forge/noarch/nbstripout-0.3.9-pyh9f0ad1d_0.tar.bz2#8c3a853fabd60794a292fbd9ab052c4d
https://conda.anaconda.org/conda-forge/noarch/prompt-toolkit-3.0.5-py_1.tar.bz2#f7124bb807a423d8e1deaef3d71f3191
https://conda.anaconda.org/conda-forge/noarch/python-box-4.2.3-py_0.tar.bz2#6e99abc8d6e45e26f99e3aa1994c506e
https://conda.anaconda.org/conda-forge/noarch/requests-2.24.0-pyh9f0ad1d_0.tar.bz2#786ef230ca5cf2536e9dee910fdf4f9f
https://conda.anaconda.org/conda-forge/noarch/rioxarray-0.0.31-py_0.tar.bz2#e992dee8735947ab44ea24545a9a1d0d
https://conda.anaconda.org/conda-forge/noarch/supermercado-0.1.1-pyh9f0ad1d_0.tar.bz2#f5ef456907fa6a8064677722f0f07729
https://conda.anaconda.org/conda-forge/noarch/xesmf-0.3.0-py_0.tar.bz2#467fce81308d531483e8b8206d8f9f67
https://conda.anaconda.org/conda-forge/noarch/adal-1.2.4-pyh9f0ad1d_0.tar.bz2#6d2380a60f8f4ed1050999f9eebc9a84
https://conda.anaconda.org/conda-forge/linux-64/dask-gateway-0.8.0-py37hc8dfbb8_0.tar.bz2#ec047b425b9408bab186456299ecd910
https://conda.anaconda.org/conda-forge/noarch/dask-glm-0.2.0-py_1.tar.bz2#7c9c5295a0499bf56bbf084578618af5
https://conda.anaconda.org/conda-forge/linux-64/docker-py-4.2.2-py37hc8dfbb8_0.tar.bz2#c99eae88bd526747940472a52dee40f9
https://conda.anaconda.org/conda-forge/noarch/geopandas-0.8.1-py_0.tar.bz2#77401947aaa42c713c69cdf8817e1df0
https://conda.anaconda.org/conda-forge/noarch/intake-0.6.0-py_0.tar.bz2#1043778f4cd11dda4e7df45edfd12154
https://conda.anaconda.org/conda-forge/linux-64/ipython-7.17.0-py37hc6149b9_0.tar.bz2#dff6cb7799f7761bae8b5f3cbf496d58
https://conda.anaconda.org/conda-forge/linux-64/jupyterhub-base-1.1.0-py37hc8dfbb8_3.tar.bz2#bd982fb4ac514d59b972065ac9422bdc
https://conda.anaconda.org/conda-forge/noarch/mechanicalsoup-0.12.0-py_0.tar.bz2#c7b7572e25b5569898d7de99a4b135b5
https://conda.anaconda.org/conda-forge/noarch/owslib-0.20.0-py_0.tar.bz2#d9f1280ab8723862dd8b30f4f9c241e0
https://conda.anaconda.org/conda-forge/noarch/pooch-1.1.1-py_0.tar.bz2#8f03395636c174d5e85c2c37fec932d8
https://conda.anaconda.org/conda-forge/noarch/pyct-0.4.6-py_0.tar.bz2#42d91c89bc3993ec88681cffd3c0e326
https://conda.anaconda.org/conda-forge/noarch/pyepsg-0.4.0-py_0.tar.bz2#c3de0e5a1931c6732457300d2832f02f
https://conda.anaconda.org/conda-forge/noarch/pyspectral-0.10.0-pyh9f0ad1d_0.tar.bz2#e7225c607543ce40c3f1c4ffe8c63987
https://conda.anaconda.org/conda-forge/noarch/python-gist-0.9.2-pyh9f0ad1d_1.tar.bz2#832f7197560c896af85214a4bd98693b
https://conda.anaconda.org/conda-forge/noarch/requests-oauthlib-1.3.0-pyh9f0ad1d_0.tar.bz2#acdcfb3267ef1a8e576e84480a5e259d
https://conda.anaconda.org/conda-forge/noarch/rio-cogeo-1.1.10-py_0.tar.bz2#09f52b4c37ccbde875060db30ee9db3e
https://conda.anaconda.org/conda-forge/linux-64/s3transfer-0.3.3-py37hc8dfbb8_1.tar.bz2#29b6616964c8d33319d6749e8e87bd04
https://conda.anaconda.org/conda-forge/noarch/sat-stac-0.3.3-py_0.tar.bz2#844ffde5dd2870e57b5f664f233b7d33
https://conda.anaconda.org/conda-forge/noarch/starlette-0.13.4-py_0.tar.bz2#100bf9bf117e6f832727df8a75e3d9f2
https://conda.anaconda.org/conda-forge/noarch/trollimage-1.13.0-py_0.tar.bz2#71c52c81560fe1d53c03798af9dd2113
https://conda.anaconda.org/conda-forge/linux-64/xcape-0.1.1-py37hf630d0d_0.tar.bz2#81fa7e60d7b460e34232080151b01a74
https://conda.anaconda.org/conda-forge/noarch/xgcm-0.3.0-py_0.tar.bz2#1ff7cbc81bf03103035a4194e48e0fb0
https://conda.anaconda.org/conda-forge/noarch/xhistogram-0.1.1-py_0.tar.bz2#014c84ba10debba421f42ac55006bab8
https://conda.anaconda.org/conda-forge/noarch/xmitgcm-0.4.1-py_0.tar.bz2#af0a895f68c080a12e019162487b8aeb
https://conda.anaconda.org/conda-forge/noarch/xrft-0.2.0-py_0.tar.bz2#c6abd5881c4f4fa6eaa3497b9e812051
https://conda.anaconda.org/conda-forge/linux-64/awscli-1.18.110-py37hc8dfbb8_0.tar.bz2#a48d672f547bea9c50963342ff077c23
https://conda.anaconda.org/conda-forge/noarch/boto3-1.14.33-pyh9f0ad1d_0.tar.bz2#90133a6f72abd227c0a580a78e438352
https://conda.anaconda.org/conda-forge/linux-64/cartopy-0.17.0-py37h17ca249_1015.tar.bz2#4a66bbd06462adc0d02f0113b75b05d1
https://conda.anaconda.org/conda-forge/noarch/colorcet-2.0.1-py_0.tar.bz2#aa65c1760b4ccc79d3be1fb3a7060de8
https://conda.anaconda.org/conda-forge/noarch/dask-ml-1.6.0-py_0.tar.bz2#50c180dcf922eb1306202ad871975695
https://conda.anaconda.org/conda-forge/noarch/fastapi-0.60.0-py_0.tar.bz2#0a4edeb67da4eaf1199b12f64e9039f7
https://conda.anaconda.org/conda-forge/noarch/google-auth-oauthlib-0.4.1-py_2.tar.bz2#116611db5925f952312e4c1e799936e2
https://conda.anaconda.org/conda-forge/noarch/intake-esm-2020.6.11-py_0.tar.bz2#a696c88c672c307c20965be8fb9db5ce
https://conda.anaconda.org/conda-forge/noarch/intake-geopandas-0.2.3-py_0.tar.bz2#54343707274454ec1f9ecd1538cbe5a4
https://conda.anaconda.org/conda-forge/noarch/intake-xarray-0.3.1-py_0.tar.bz2#4005b688e1233803f8fda4056c0bb517
https://conda.anaconda.org/conda-forge/linux-64/ipykernel-5.3.4-py37h43977f1_0.tar.bz2#d5861cac30aa81a4cea45aa09dd23b7e
https://conda.anaconda.org/conda-forge/noarch/panel-0.9.7-py_0.tar.bz2#b5147a3905e3984233a7e29f690b50db
https://conda.anaconda.org/conda-forge/noarch/prefect-0.12.6-py_0.tar.bz2#575c071892309ce6ba13039cf2f1df1e
https://conda.anaconda.org/conda-forge/linux-64/pydap-3.2.2-py37_1000.tar.bz2#84818f1126993b2cb6b214ff0fd68495
https://conda.anaconda.org/conda-forge/linux-64/python-kubernetes-11.0.0-py37hc8dfbb8_0.tar.bz2#1599296dcc4a6cf403797b9f03ebdad2
https://conda.anaconda.org/conda-forge/noarch/sat-search-0.2.3-pyh9f0ad1d_0.tar.bz2#587285673e79693f7e4492f5eec83c31
https://conda.anaconda.org/conda-forge/noarch/satpy-0.22.0-py_0.tar.bz2#b3ede3fdda68f26d5525c1c96f5322eb
https://conda.anaconda.org/conda-forge/noarch/dask-kubernetes-0.10.1-py_0.tar.bz2#3ead262fc65b2bd0e2dc655baaa51921
https://conda.anaconda.org/conda-forge/noarch/datashader-0.11.0-pyh9f0ad1d_0.tar.bz2#0bcd712a0ed3e55f6dbae736db1e1fb4
https://conda.anaconda.org/conda-forge/noarch/gcsfs-0.6.2-py_0.tar.bz2#81a6175c99b293c491323f9b9a56f2d5
https://conda.anaconda.org/conda-forge/noarch/intake-stac-0.2.3-py_0.tar.bz2#2e74f8de67f010c60964aabdcd235030
https://conda.anaconda.org/conda-forge/noarch/metpy-0.12.1-py_0.tar.bz2#b494ef084f17361b909fa35319f1f4fd
https://conda.anaconda.org/conda-forge/linux-64/notebook-6.1.0-py37hc8dfbb8_0.tar.bz2#f3947cadc720af2a6576f4149e3a20b3
https://conda.anaconda.org/conda-forge/noarch/s3fs-0.4.2-py_0.tar.bz2#ead328eb12f01d88706126ba061e7a69
https://conda.anaconda.org/conda-forge/noarch/xpublish-0.0.2-py_0.tar.bz2#3438650e347b55c80114b55c082c29da
https://conda.anaconda.org/conda-forge/noarch/holoviews-1.13.3-pyh9f0ad1d_0.tar.bz2#5bb8a7d79d6ebf66fdbae13fa4ea1b6b
https://conda.anaconda.org/conda-forge/noarch/jupyter-server-proxy-1.5.0-py_0.tar.bz2#a268439d8b60aac7c506dd170fa48f88
https://conda.anaconda.org/conda-forge/linux-64/jupyterhub-singleuser-1.1.0-py37hc8dfbb8_3.tar.bz2#68e948fc4d9c2215510dc38723c227f2
https://conda.anaconda.org/conda-forge/noarch/jupyterlab_server-1.2.0-py_0.tar.bz2#77d654573f19a836b326fb77ffd86860
https://conda.anaconda.org/conda-forge/linux-64/nb_conda_kernels-2.2.3-py37_0.tar.bz2#6962d9c7d53668dd312c1e803a0fedb5
https://conda.anaconda.org/conda-forge/noarch/nbgitpuller-0.9.0-py_0.tar.bz2#ce05504b25f7e0234c99e7ef1f746cbd
https://conda.anaconda.org/conda-forge/noarch/pangeo-dask-2020.08.01-0.tar.bz2#0f1bea53fd1f69e0c851db59cf09031a
https://conda.anaconda.org/conda-forge/linux-64/widgetsnbextension-3.5.1-py37hc8dfbb8_1.tar.bz2#2e9175d4b19ca9233428bb81fe1fb6de
https://conda.anaconda.org/conda-forge/noarch/xarray-spatial-0.0.8-pyh9f0ad1d_0.tar.bz2#8d63911566d97662be215ebcdccdb419
https://conda.anaconda.org/conda-forge/noarch/dask-labextension-2.0.2-py_0.tar.bz2#f5cc0832f5064bad76509a280186c240
https://conda.anaconda.org/conda-forge/noarch/geoviews-core-1.8.1-py_0.tar.bz2#035a845a6d0faac84d33a63dcc84e428
https://conda.anaconda.org/conda-forge/noarch/hvplot-0.6.0-pyh9f0ad1d_0.tar.bz2#13035c34740bafdfc5f6b1a3c4d0e9fd
https://conda.anaconda.org/conda-forge/noarch/ipywidgets-7.5.1-py_0.tar.bz2#24c482846bffc5c5beca4f6719fc6244
https://conda.anaconda.org/conda-forge/noarch/jupyter-panel-proxy-0.1.0-py_0.tar.bz2#80c21feab6100e287707c371c752adea
https://conda.anaconda.org/conda-forge/noarch/jupyterlab-2.2.2-py_0.tar.bz2#db496ed5485a85d58d16ce4b43d1c32c
https://conda.anaconda.org/conda-forge/noarch/ipyleaflet-0.13.3-pyh9f0ad1d_0.tar.bz2#c2027768665cb9218048bdaa967e3302
https://conda.anaconda.org/conda-forge/noarch/pangeo-notebook-2020.08.02-0.tar.bz2#ef19f905d7daf4f1d29bd8873b709a23
